# Generated by conda-lock.
# platform: linux-64
# input_hash: 259eb3aab5d6af155cbfaeae4bae614404593dd4133bc8c3933701cc9380abfb
@EXPLICIT
https://conda.anaconda.org/conda-forge/linux-64/_libgcc_mutex-0.1-conda_forge.tar.bz2#d7c89558ba9fa0495403155b64376d81
https://conda.anaconda.org/conda-forge/linux-64/ca-certificates-2022.12.7-ha878542_0.conda#ff9f73d45c4a07d6f424495288a26080
https://conda.anaconda.org/nvidia/linux-64/cuda-cudart-11.8.89-0.tar.bz2#b68c7ef3eda01e95d5903fb508c5e440
https://conda.anaconda.org/nvidia/linux-64/cuda-cupti-11.8.87-0.tar.bz2#2f4b4933285400137cf029fef9a7daa6
https://conda.anaconda.org/nvidia/linux-64/cuda-nvrtc-11.8.89-0.tar.bz2#f4af75ee32661708c979630cdb8f4987
https://conda.anaconda.org/nvidia/linux-64/cuda-nvtx-11.8.86-0.tar.bz2#1825ffc3feb608f2752073935e90bb49
https://conda.anaconda.org/conda-forge/linux-64/ld_impl_linux-64-2.40-h41732ed_0.conda#7aca3059a1729aa76c597603f10b0dd3
https://conda.anaconda.org/nvidia/linux-64/libcublas-11.11.3.6-0.tar.bz2#7700a48c99151d2b77e7838aa0852da9
https://conda.anaconda.org/nvidia/linux-64/libcufft-10.9.0.58-0.tar.bz2#dbb21687334ce5f8e6a233cb18ee406b
https://conda.anaconda.org/nvidia/linux-64/libcufile-1.6.0.25-0.tar.bz2#3ed21496abc43118bb592e4f3126658e
https://conda.anaconda.org/nvidia/linux-64/libcurand-10.3.2.56-0.tar.bz2#b7f2c31cbf4f7fbe69584c36d9f02db4
https://conda.anaconda.org/nvidia/linux-64/libcusolver-11.4.1.48-0.tar.bz2#a497123295be4e0bd221da5bf215f8b8
https://conda.anaconda.org/nvidia/linux-64/libcusparse-11.7.5.86-0.tar.bz2#853c37fabd07b5b91d3007afc82c3ed4
https://conda.anaconda.org/conda-forge/linux-64/libgfortran5-12.2.0-h337968e_19.tar.bz2#164b4b1acaedc47ee7e658ae6b308ca3
https://conda.anaconda.org/nvidia/linux-64/libnpp-11.8.0.86-0.tar.bz2#03822c4b5dae5988ba9dcb7eae837345
https://conda.anaconda.org/nvidia/linux-64/libnvjpeg-11.9.0.86-0.tar.bz2#e42d6f0f20feb0cba0165d5cae33362f
https://conda.anaconda.org/conda-forge/linux-64/libstdcxx-ng-12.2.0-h46fd767_19.tar.bz2#1030b1f38c129f2634eae026f704fe60
https://conda.anaconda.org/conda-forge/linux-64/mkl-include-2022.1.0-h84fe81f_915.tar.bz2#2dcd1acca05c11410d4494d7fc7dfa2a
https://conda.anaconda.org/conda-forge/linux-64/python_abi-3.10-3_cp310.conda#4eb33d14d794b0f4be116443ffed3853
https://conda.anaconda.org/pytorch-nightly/noarch/pytorch-mutex-1.0-cpu.tar.bz2#49565ed726991fd28d08a39885caa88d
https://conda.anaconda.org/conda-forge/noarch/tzdata-2022g-h191b570_0.conda#51fc4fcfb19f5d95ffc8c339db5068e8
https://conda.anaconda.org/nvidia/linux-64/cuda-libraries-11.8.0-0.tar.bz2#3a43d100104e52ac8209a834c82ab231
https://conda.anaconda.org/conda-forge/linux-64/libgfortran-ng-12.2.0-h69a702a_19.tar.bz2#cd7a806282c16e1f2d39a7e80d3a3e0d
https://conda.anaconda.org/nvidia/linux-64/cuda-runtime-11.8.0-0.tar.bz2#3ca379d762f8d7bd727df9e2c9b30664
https://conda.anaconda.org/pytorch-nightly/linux-64/pytorch-cuda-11.8-h7e8668a_3.tar.bz2#e3ea1b73ccaf163c638d4a2b96d5db66
https://conda.anaconda.org/conda-forge/linux-64/_openmp_mutex-4.5-2_kmp_llvm.tar.bz2#562b26ba2e19059551a811e72ab7f793
https://conda.anaconda.org/conda-forge/linux-64/libgcc-ng-12.2.0-h65d4601_19.tar.bz2#e4c94f80aef025c17ab0828cd85ef535
https://conda.anaconda.org/conda-forge/linux-64/aws-c-common-0.8.12-h0b41bf4_0.conda#557c80fc2ac2794f614ffc3f9397f57a
https://conda.anaconda.org/conda-forge/linux-64/bzip2-1.0.8-h7f98852_4.tar.bz2#a1fd65c7ccbf10880423d82bca54eb54
https://conda.anaconda.org/conda-forge/linux-64/c-ares-1.18.1-h7f98852_0.tar.bz2#f26ef8098fab1f719c91eb760d63381a
https://conda.anaconda.org/conda-forge/linux-64/gflags-2.2.2-he1b5a44_1004.tar.bz2#cddaf2c63ea4a5901cf09524c490ecdc
https://conda.anaconda.org/conda-forge/linux-64/gmp-6.2.1-h58526e2_0.tar.bz2#b94cf2db16066b242ebd26db2facbd56
https://conda.anaconda.org/conda-forge/linux-64/icu-70.1-h27087fc_0.tar.bz2#87473a15119779e021c314249d4b4aed
https://conda.anaconda.org/conda-forge/linux-64/keyutils-1.6.1-h166bdaf_0.tar.bz2#30186d27e2c9fa62b45fb1476b7200e3
https://conda.anaconda.org/conda-forge/linux-64/libabseil-20230125.0-cxx17_hcb278e6_1.conda#a1c65f83198fd8d0328c0a6482c6f31b
https://conda.anaconda.org/conda-forge/linux-64/libbrotlicommon-1.0.9-h166bdaf_8.tar.bz2#9194c9bf9428035a05352d031462eae4
https://conda.anaconda.org/conda-forge/linux-64/libcrc32c-1.1.2-h9c3ff4c_0.tar.bz2#c965a5aa0d5c1c37ffc62dff36e28400
https://conda.anaconda.org/conda-forge/linux-64/libev-4.33-h516909a_1.tar.bz2#6f8720dff19e17ce5d48cfe7f3d2f0a3
https://conda.anaconda.org/conda-forge/linux-64/libffi-3.4.2-h7f98852_5.tar.bz2#d645c6d2ac96843a2bfaccd2d62b3ac3
https://conda.anaconda.org/conda-forge/linux-64/libiconv-1.17-h166bdaf_0.tar.bz2#b62b52da46c39ee2bc3c162ac7f1804d
https://conda.anaconda.org/conda-forge/linux-64/libnsl-2.0.0-h7f98852_0.tar.bz2#39b1328babf85c7c3a61636d9cd50206
https://conda.anaconda.org/conda-forge/linux-64/libutf8proc-2.8.0-h166bdaf_0.tar.bz2#ede4266dc02e875fe1ea77b25dd43747
https://conda.anaconda.org/conda-forge/linux-64/libuuid-2.32.1-h7f98852_1000.tar.bz2#772d69f030955d9646d3d0eaf21d859d
https://conda.anaconda.org/conda-forge/linux-64/libzlib-1.2.13-h166bdaf_4.tar.bz2#f3f9de449d32ca9b9c66a22863c96f41
https://conda.anaconda.org/conda-forge/linux-64/lz4-c-1.9.4-hcb278e6_0.conda#318b08df404f9c9be5712aaa5a6f0bb0
https://conda.anaconda.org/conda-forge/linux-64/ncurses-6.3-h27087fc_1.tar.bz2#4acfc691e64342b9dae57cf2adc63238
https://conda.anaconda.org/conda-forge/linux-64/openssl-3.0.8-h0b41bf4_0.conda#e043403cd18faf815bf7705ab6c1e092
https://conda.anaconda.org/conda-forge/linux-64/re2-2023.02.02-hcb278e6_0.conda#ecfc7890f1bd597ba55fbda1396f46fe
https://conda.anaconda.org/conda-forge/linux-64/snappy-1.1.9-hbd366e4_2.tar.bz2#48018e187dacc6002d3ede9c824238ac
https://conda.anaconda.org/conda-forge/linux-64/xxhash-0.8.1-h0b41bf4_0.conda#e9c3bcf0e0c719431abec8ca447eee27
https://conda.anaconda.org/conda-forge/linux-64/xz-5.2.6-h166bdaf_0.tar.bz2#2161070d867d1b1204ea749c8eec4ef0
https://conda.anaconda.org/conda-forge/linux-64/yaml-0.2.5-h7f98852_2.tar.bz2#4cb3ad778ec2d5a7acbdf254eb1c42ae
https://conda.anaconda.org/conda-forge/linux-64/aws-c-cal-0.5.21-hb6b25a1_1.conda#d48d7200eb2354de72964bd0bda7c1a2
https://conda.anaconda.org/conda-forge/linux-64/aws-c-compression-0.2.16-hea85486_4.conda#9c915c04059d68689e71d9b1376be8f8
https://conda.anaconda.org/conda-forge/linux-64/aws-c-sdkutils-0.1.7-hea85486_4.conda#eda25b4db3b997a26996fd70c0da8b58
https://conda.anaconda.org/conda-forge/linux-64/aws-checksums-0.1.14-hea85486_4.conda#e58994acb13259a4a6fada3f847eef29
https://conda.anaconda.org/conda-forge/linux-64/glog-0.6.0-h6f12383_0.tar.bz2#b31f3565cb84435407594e548a2fb7b2
https://conda.anaconda.org/conda-forge/linux-64/libbrotlidec-1.0.9-h166bdaf_8.tar.bz2#4ae4d7795d33e02bd20f6b23d91caf82
https://conda.anaconda.org/conda-forge/linux-64/libbrotlienc-1.0.9-h166bdaf_8.tar.bz2#04bac51ba35ea023dc48af73c1c88c25
https://conda.anaconda.org/conda-forge/linux-64/libedit-3.1.20191231-he28a2e2_2.tar.bz2#4d331e44109e3f0e19b4cb8f9b82f3e1
https://conda.anaconda.org/conda-forge/linux-64/libevent-2.1.10-h28343ad_4.tar.bz2#4a049fc560e00e43151dc51368915fdd
https://conda.anaconda.org/conda-forge/linux-64/libnghttp2-1.52.0-h61bc06f_0.conda#613955a50485812985c059e7b269f42e
https://conda.anaconda.org/conda-forge/linux-64/libprotobuf-3.21.12-h3eb15da_0.conda#4b36c68184c6c85d88c6e595a32a1ede
https://conda.anaconda.org/conda-forge/linux-64/libsqlite-3.40.0-h753d276_0.tar.bz2#2e5f9a37d487e1019fd4d8113adb2f9f
https://conda.anaconda.org/conda-forge/linux-64/libssh2-1.10.0-hf14f497_3.tar.bz2#d85acad4b47dff4e3def14a769a97906
https://conda.anaconda.org/conda-forge/linux-64/libxml2-2.10.3-h7463322_0.tar.bz2#3b933ea47ef8f330c4c068af25fcd6a8
https://conda.anaconda.org/conda-forge/linux-64/llvm-openmp-15.0.7-h0cdce71_0.conda#589c9a3575a050b583241c3d688ad9aa
https://conda.anaconda.org/conda-forge/linux-64/mpfr-4.1.0-h9202a9a_1.tar.bz2#ea9ebeddb066da8fad4a815e61b139be
https://conda.anaconda.org/conda-forge/linux-64/readline-8.1.2-h0f457ee_0.tar.bz2#db2ebbe2943aae81ed051a6a9af8e0fa
https://conda.anaconda.org/conda-forge/linux-64/s2n-1.3.38-h3358134_0.conda#89d9239ce9a967cf2d97c745a5ed2639
https://conda.anaconda.org/conda-forge/linux-64/tk-8.6.12-h27826a3_0.tar.bz2#5b8c42eb62e9fc961af70bdd6a26e168
https://conda.anaconda.org/conda-forge/linux-64/zlib-1.2.13-h166bdaf_4.tar.bz2#4b11e365c0275b808be78b30f904e295
https://conda.anaconda.org/conda-forge/linux-64/zstd-1.5.2-h3eb15da_6.conda#6b63daed8feeca47be78f323e793d555
https://conda.anaconda.org/conda-forge/linux-64/aws-c-io-0.13.18-hf4b7f4e_3.conda#e685ae7bdb15b81615fee6bceebba9ae
https://conda.anaconda.org/conda-forge/linux-64/krb5-1.20.1-h81ceb04_0.conda#89a41adce7106749573d883b2f657d78
https://conda.anaconda.org/conda-forge/linux-64/libgrpc-1.51.1-hcf146ea_3.conda#b6af9bf34136153eee4d5df0d768cd6d
https://conda.anaconda.org/conda-forge/linux-64/libhwloc-2.9.0-hd6dc26d_0.conda#ab9d052373c9376c0ebcff4dfef3d296
https://conda.anaconda.org/conda-forge/linux-64/libthrift-0.18.0-h5e4af38_0.conda#46afa134d938663fbc8e66bb8ede5abe
https://conda.anaconda.org/conda-forge/linux-64/mpc-1.3.1-hfe3b2da_0.conda#289c71e83dc0daa7d4c81f04180778ca
https://conda.anaconda.org/conda-forge/linux-64/orc-1.8.2-hfdbbad2_2.conda#3a7319406d88f6ad2242f29e835ac707
https://conda.anaconda.org/conda-forge/linux-64/python-3.10.9-he550d4f_0_cpython.conda#3cb3e91b3fe66baa68a12c85f39b9b40
https://conda.anaconda.org/conda-forge/noarch/appdirs-1.4.4-pyh9f0ad1d_0.tar.bz2#5f095bc6454094e96f146491fd03633b
https://conda.anaconda.org/conda-forge/noarch/attrs-22.2.0-pyh71513ae_0.conda#8b76db7818a4e401ed4486c4c1635cd9
https://conda.anaconda.org/conda-forge/linux-64/aws-c-event-stream-0.2.20-hddb6542_2.conda#7c5fc2642e2a49ac50574c972942480d
https://conda.anaconda.org/conda-forge/linux-64/aws-c-http-0.7.5-hdfd1699_3.conda#c40fda6b48dd8e10639020bd50a7a8d1
https://conda.anaconda.org/conda-forge/noarch/certifi-2022.12.7-pyhd8ed1ab_0.conda#fb9addc3db06e56abe03e0e9f21a63e6
https://conda.anaconda.org/conda-forge/noarch/charset-normalizer-2.1.1-pyhd8ed1ab_0.tar.bz2#c1d5b294fbf9a795dec349a6f4d8be8e
https://conda.anaconda.org/conda-forge/noarch/click-8.1.3-unix_pyhd8ed1ab_2.tar.bz2#20e4087407c7cb04a40817114b333dbf
https://conda.anaconda.org/conda-forge/noarch/colorama-0.4.6-pyhd8ed1ab_0.tar.bz2#3faab06a954c2a04039983f2c4a50d99
https://conda.anaconda.org/conda-forge/noarch/dargparser-1.0.0-pyhd8ed1ab_0.conda#27575b8cae01b515600ee429d62d8ae7
https://conda.anaconda.org/conda-forge/noarch/dataclasses-0.8-pyhc8e2a94_3.tar.bz2#a362b2124b06aad102e2ee4581acee7d
https://conda.anaconda.org/conda-forge/noarch/dill-0.3.6-pyhd8ed1ab_1.tar.bz2#88c82ca702197fff8a5e87619707556b
https://conda.anaconda.org/conda-forge/noarch/filelock-3.9.0-pyhd8ed1ab_0.conda#1addc115923d646ca19ed90edc413506
https://conda.anaconda.org/conda-forge/linux-64/frozenlist-1.3.3-py310h5764c6d_0.tar.bz2#25e1626333f9a0646579a162e7b174ee
https://conda.anaconda.org/conda-forge/noarch/fsspec-2023.3.0-pyhd8ed1ab_0.conda#aed37a29e9fb974f6514e3d589c447bb
https://conda.anaconda.org/conda-forge/linux-64/gmpy2-2.1.2-py310h3ec546c_1.tar.bz2#73f6fa50c32ddd985cf5fba7b890a75c
https://conda.anaconda.org/conda-forge/noarch/idna-3.4-pyhd8ed1ab_0.tar.bz2#34272b248891bddccc64479f9a7fffed
https://conda.anaconda.org/conda-forge/linux-64/libcurl-7.88.1-hdc1c0ab_0.conda#81eaeb3b35163c8e90e57532bc93754d
https://conda.anaconda.org/conda-forge/linux-64/loguru-0.6.0-py310hff52083_2.tar.bz2#63995a6d7323a83eb1c9cbde5a8435e6
https://conda.anaconda.org/conda-forge/noarch/mccabe-0.7.0-pyhd8ed1ab_0.tar.bz2#34fc335fc50eef0b5ea708f2b5f54e0c
https://conda.anaconda.org/conda-forge/noarch/mpmath-1.2.1-pyhd8ed1ab_0.tar.bz2#9b06ebbd24f7c60ba5a29117c528514e
https://conda.anaconda.org/conda-forge/linux-64/multidict-6.0.4-py310h1fa729e_0.conda#b33287be963a70f8fb4b143b4561ba62
https://conda.anaconda.org/conda-forge/noarch/mypy_extensions-1.0.0-pyha770c72_0.conda#4eccaeba205f0aed9ac3a9ea58568ca3
https://conda.anaconda.org/conda-forge/noarch/networkx-3.0-pyhd8ed1ab_0.conda#88e40007414ea9a13f8df20fcffa87e2
https://conda.anaconda.org/conda-forge/noarch/packaging-23.0-pyhd8ed1ab_0.conda#1ff2e3ca41f0ce16afec7190db28288b
https://conda.anaconda.org/conda-forge/noarch/pathspec-0.11.0-pyhd8ed1ab_0.conda#641ebf6fbbb8d5576c5280ba23ceaf76
https://conda.anaconda.org/conda-forge/noarch/pathtools-0.1.2-py_1.tar.bz2#7c9b5632c61951216374dbaa34659301
https://conda.anaconda.org/conda-forge/linux-64/psutil-5.9.4-py310h5764c6d_0.tar.bz2#c3c55664e9becc48e6a652e2b641961f
https://conda.anaconda.org/conda-forge/noarch/pycodestyle-2.10.0-pyhd8ed1ab_0.conda#89843e4cc99c6a3fe5f4c86994cc8410
https://conda.anaconda.org/conda-forge/noarch/pycparser-2.21-pyhd8ed1ab_0.tar.bz2#076becd9e05608f8dc72757d5f3a91ff
https://conda.anaconda.org/conda-forge/noarch/pyflakes-3.0.1-pyhd8ed1ab_0.conda#44b7d77d96560c93e0e11437a3c35254
https://conda.anaconda.org/conda-forge/noarch/pysocks-1.7.1-pyha2e5f31_6.tar.bz2#2a7de29fb590ca14b5243c4c812c8025
https://conda.anaconda.org/conda-forge/linux-64/python-xxhash-3.2.0-py310h1fa729e_0.conda#8d155ac95b1dfe585bcb6bec6a91c73b
https://conda.anaconda.org/conda-forge/noarch/pytz-2022.7.1-pyhd8ed1ab_0.conda#f59d49a7b464901cf714b9e7984d01a2
https://conda.anaconda.org/conda-forge/linux-64/pyyaml-6.0-py310h5764c6d_5.tar.bz2#9e68d2ff6d98737c855b65f48dd3c597
https://conda.anaconda.org/conda-forge/linux-64/regex-2022.10.31-py310h5764c6d_0.tar.bz2#8fad03b61d0e8a70f03115677cb55e61
https://conda.anaconda.org/conda-forge/linux-64/setproctitle-1.3.2-py310h5764c6d_1.tar.bz2#6e620355f64b5efdd1e5d0b79cbb6479
https://conda.anaconda.org/conda-forge/noarch/setuptools-67.5.0-pyhd8ed1ab_0.conda#876be0992aa26ef42929e50d13c235e2
https://conda.anaconda.org/conda-forge/noarch/six-1.16.0-pyh6c4a22f_0.tar.bz2#e5f25f8dbc060e9a8d912e432202afc2
https://conda.anaconda.org/conda-forge/noarch/smmap-3.0.5-pyh44b312d_0.tar.bz2#3a8dc70789709aa315325d5df06fb7e4
https://conda.anaconda.org/conda-forge/linux-64/tbb-2021.8.0-hf52228f_0.conda#b4188d0c54ead87b3c6bc9cb07281f40
https://conda.anaconda.org/conda-forge/linux-64/tokenizers-0.13.2-py310he1f1126_0.conda#97ff194abe044b49f70fddb058cfa478
https://conda.anaconda.org/conda-forge/noarch/tomli-2.0.1-pyhd8ed1ab_0.tar.bz2#5844808ffab9ebdb694585b50ba02a96
https://conda.anaconda.org/conda-forge/noarch/typing_extensions-4.4.0-pyha770c72_0.tar.bz2#2d93b130d148d7fc77e583677792fc6a
https://conda.anaconda.org/conda-forge/noarch/wheel-0.38.4-pyhd8ed1ab_0.tar.bz2#c829cfb8cb826acb9de0ac1a2df0a940
https://conda.anaconda.org/conda-forge/noarch/zipp-3.15.0-pyhd8ed1ab_0.conda#13018819ca8f5b7cc675a8faf1f5fedf
https://conda.anaconda.org/conda-forge/noarch/aiosignal-1.3.1-pyhd8ed1ab_0.tar.bz2#d1e1eb7e21a9e2c74279d87dafb68156
https://conda.anaconda.org/conda-forge/linux-64/aws-c-auth-0.6.25-haec726b_4.conda#d5adc19386c33b3761b4846a37cf07ed
https://conda.anaconda.org/conda-forge/linux-64/aws-c-mqtt-0.8.6-hfdaba90_9.conda#241e1320590c8192e52bbc827417b134
https://conda.anaconda.org/conda-forge/linux-64/cffi-1.15.1-py310h255011f_3.conda#800596144bb613cd7ac58b80900ce835
https://conda.anaconda.org/conda-forge/noarch/docker-pycreds-0.4.0-py_0.tar.bz2#c69f19038efee4eb534623610d0c2053
https://conda.anaconda.org/conda-forge/noarch/flake8-6.0.0-pyhd8ed1ab_0.conda#e9345ba05d71742412b8aa6992ad9457
https://conda.anaconda.org/conda-forge/noarch/gitdb-4.0.10-pyhd8ed1ab_0.conda#3706d2f3d7cb5dae600c833345a76132
https://conda.anaconda.org/conda-forge/noarch/importlib-metadata-6.0.0-pyha770c72_0.conda#691644becbcdca9f73243450b1c63e62
https://conda.anaconda.org/conda-forge/noarch/isort-5.12.0-pyhd8ed1ab_1.conda#07ed3421bad60867234c7a9282ea39d4
https://conda.anaconda.org/conda-forge/noarch/joblib-1.2.0-pyhd8ed1ab_0.tar.bz2#7583652522d71ad78ba536bba06940eb
https://conda.anaconda.org/conda-forge/linux-64/libgoogle-cloud-2.8.0-h3c06191_0.conda#2ce91cec9301ef6970355d078ee05666
https://conda.anaconda.org/conda-forge/noarch/lightning-utilities-0.7.0-pyhd8ed1ab_1.conda#66d1abc0470d97027d59dd1df8cd77c8
https://conda.anaconda.org/conda-forge/linux-64/mkl-2022.1.0-h84fe81f_915.tar.bz2#b9c8f925797a93dbff45e1626b025a6b
https://conda.anaconda.org/conda-forge/linux-64/multiprocess-0.70.14-py310h5764c6d_3.tar.bz2#ab8d434ecacc0150f1367576e09aa830
https://conda.anaconda.org/conda-forge/noarch/pip-23.0.1-pyhd8ed1ab_0.conda#8025ca83b8ba5430b640b83917c2a6f7
https://conda.anaconda.org/conda-forge/linux-64/protobuf-4.21.12-py310heca2aa9_0.conda#90bb7e1b729c4b50272cf78be97ab912
https://conda.anaconda.org/conda-forge/noarch/python-dateutil-2.8.2-pyhd8ed1ab_0.tar.bz2#dd999d1cc9f79e67dbb855c8924c7984
https://conda.anaconda.org/conda-forge/linux-64/sympy-1.11.1-py310hff52083_2.tar.bz2#7415e4e66b117946f142bb70dc44fbfe
https://conda.anaconda.org/conda-forge/noarch/tqdm-4.65.0-pyhd8ed1ab_1.conda#ed792aff3acb977d09c7013358097f83
https://conda.anaconda.org/conda-forge/noarch/typing-extensions-4.4.0-hd8ed1ab_0.tar.bz2#be969210b61b897775a0de63cd9e9026
https://conda.anaconda.org/conda-forge/linux-64/yarl-1.8.2-py310h5764c6d_0.conda#a88cda17074955bdb5e93b8e3be59e7d
https://conda.anaconda.org/conda-forge/noarch/async-timeout-4.0.2-pyhd8ed1ab_0.tar.bz2#25e79f9a1133556671becbd65a170c78
https://conda.anaconda.org/conda-forge/linux-64/aws-c-s3-0.2.5-hf4c50b5_5.conda#bf76e11520fc9136688b1421fd2d4a3b
https://conda.anaconda.org/conda-forge/linux-64/brotlipy-0.7.0-py310h5764c6d_1005.tar.bz2#87669c3468dff637bbd0363bc0f895cf
https://conda.anaconda.org/conda-forge/linux-64/cryptography-39.0.2-py310h34c0648_0.conda#99dc5a02a8b16cd88ca9a12354496e78
https://conda.anaconda.org/conda-forge/noarch/gitpython-3.1.31-pyhd8ed1ab_0.conda#f6e6b482110246a81c3f03e81c68752d
https://conda.anaconda.org/conda-forge/noarch/importlib_metadata-6.0.0-hd8ed1ab_0.conda#a67d43e1527a37199dd8db913366f68e
https://conda.anaconda.org/conda-forge/linux-64/libblas-3.9.0-16_linux64_mkl.tar.bz2#85f61af03fd291dae33150ffe89dc09a
https://conda.anaconda.org/conda-forge/linux-64/mkl-devel-2022.1.0-ha770c72_916.tar.bz2#69ba49e445f87aea2cba343a71a35ca2
https://conda.anaconda.org/conda-forge/noarch/platformdirs-3.1.0-pyhd8ed1ab_0.conda#0b8fbdfd52918bc2f1b76feccd95c919
https://conda.anaconda.org/conda-forge/noarch/sacremoses-0.0.53-pyhd8ed1ab_0.tar.bz2#76c3c384fe0941f1b08193736e8e277a
https://conda.anaconda.org/conda-forge/linux-64/aiohttp-3.8.4-py310h1fa729e_0.conda#ad96f1f4a5a53f6e474953539d0f73ea
https://conda.anaconda.org/conda-forge/linux-64/aws-crt-cpp-0.19.8-h30838a0_6.conda#948e58d06c8235bd9787ff1a40b5e219
https://conda.anaconda.org/conda-forge/linux-64/black-23.1.0-py310hff52083_0.conda#079d6366d57f7aff0e674620a8b68a33
https://conda.anaconda.org/conda-forge/linux-64/libcblas-3.9.0-16_linux64_mkl.tar.bz2#361bf757b95488de76c4f123805742d3
https://conda.anaconda.org/conda-forge/linux-64/liblapack-3.9.0-16_linux64_mkl.tar.bz2#a2f166748917d6d6e4707841ca1f519e
https://conda.anaconda.org/conda-forge/noarch/pyopenssl-23.0.0-pyhd8ed1ab_0.conda#d41957700e83bbb925928764cb7f8878
https://conda.anaconda.org/conda-forge/linux-64/aws-sdk-cpp-1.10.57-hd18c533_7.conda#70d5e26b7998d83b3191b76b232444d1
https://conda.anaconda.org/conda-forge/linux-64/liblapacke-3.9.0-16_linux64_mkl.tar.bz2#44ccc4d4dca6a8d57fa17442bc64b5a1
https://conda.anaconda.org/conda-forge/linux-64/numpy-1.24.2-py310h8deb116_0.conda#b7085457309e206174b8e234d90a7605
https://conda.anaconda.org/conda-forge/noarch/urllib3-1.26.14-pyhd8ed1ab_0.conda#01f33ad2e0aaf6b5ba4add50dad5ad29
https://conda.anaconda.org/conda-forge/linux-64/blas-devel-3.9.0-16_linux64_mkl.tar.bz2#3f92c1c9e1c0e183462c5071aa02cae1
https://conda.anaconda.org/conda-forge/linux-64/libarrow-11.0.0-h33598ff_9_cpu.conda#6e8519a3953416d79dddce116079988e
https://conda.anaconda.org/conda-forge/linux-64/pandas-1.5.3-py310h9b08913_0.conda#467244b0dbb7da40927ac6ee0e9491de
https://conda.anaconda.org/conda-forge/noarch/requests-2.28.2-pyhd8ed1ab_0.conda#11d178fc55199482ee48d6812ea83983
https://conda.anaconda.org/conda-forge/noarch/sentry-sdk-1.16.0-pyhd8ed1ab_0.conda#294a367fe15ebe67b5ad899371c4fb93
https://conda.anaconda.org/conda-forge/linux-64/arrow-cpp-11.0.0-ha770c72_9_cpu.conda#2e2dda7be2309fc36837ae9c46a4437f
https://conda.anaconda.org/conda-forge/linux-64/blas-2.116-mkl.tar.bz2#c196a26abf6b4f132c88828ab7c2231c
https://conda.anaconda.org/conda-forge/noarch/huggingface_hub-0.12.1-pyhd8ed1ab_0.conda#747011135c12142f3462fee77a8ee9db
https://conda.anaconda.org/conda-forge/noarch/responses-0.18.0-pyhd8ed1ab_0.tar.bz2#a10d30e613a2a1a78a89ceadf3832e7c
https://conda.anaconda.org/conda-forge/noarch/wandb-0.13.10-pyhd8ed1ab_0.conda#ee7c0d363e05f49f802e430c7782c567
https://conda.anaconda.org/conda-forge/noarch/parquet-cpp-1.5.1-2.tar.bz2#79a5f78c42817594ae016a7896521a97
https://conda.anaconda.org/pytorch-nightly/linux-64/pytorch-2.1.0.dev20230306-py3.10_cpu_0.tar.bz2#a888c65ac524b5ba13448dfd925ac6e3
https://conda.anaconda.org/conda-forge/linux-64/pyarrow-11.0.0-py310h633f555_9_cpu.conda#3c3675a223abfd3e643576b34e1753c3
https://conda.anaconda.org/conda-forge/noarch/torchmetrics-0.11.3-pyhd8ed1ab_0.conda#87ff1417a23e42f079349f416767ab4c
https://conda.anaconda.org/pytorch-nightly/linux-64/torchtriton-2.0.0+b8b470bc59-py310.tar.bz2#f8043b09a341cd0abdcf8e42c3b90482
https://conda.anaconda.org/conda-forge/noarch/datasets-2.10.1-pyhd8ed1ab_0.conda#279f92f66219ffa508a2b2746a7f107c
https://conda.anaconda.org/conda-forge/noarch/pytorch-lightning-1.9.4-pyhd8ed1ab_0.conda#5fa8abd58b63cb3b3f763b15050f8564
https://conda.anaconda.org/conda-forge/noarch/transformers-4.26.1-pyhd8ed1ab_0.conda#9ee93d77d1f590045d0d1da2b499d504
# pip warmup-scheduler @ https://files.pythonhosted.org/packages/00/39/f77fb5a7a572891c1f4df1d8e1373a1380cb6d861933886334553244d002/warmup_scheduler-0.3.tar.gz#sha256=63624cf5010772252c530ceb1a64e3fd60e3ee54264054da389f1b421089b714
