# Generated by conda-lock.
# platform: osx-arm64
# input_hash: e60f894b76b1c19123ff1842d6512d01ddc4386cd2fd08824a325270042452ac
@EXPLICIT
https://conda.anaconda.org/conda-forge/osx-arm64/aws-c-common-0.8.12-h1a8c8d9_0.conda#857969958552f20fdb797271e8d9923c
https://conda.anaconda.org/conda-forge/osx-arm64/bzip2-1.0.8-h3422bc3_4.tar.bz2#fc76ace7b94fb1f694988ab1b14dd248
https://conda.anaconda.org/conda-forge/osx-arm64/c-ares-1.18.1-h3422bc3_0.tar.bz2#5dd04dad345af4f1e8f3f0d5afc03b67
https://conda.anaconda.org/conda-forge/osx-arm64/ca-certificates-2022.12.7-h4653dfc_0.conda#7dc111916edc905957b7417a247583b6
https://conda.anaconda.org/conda-forge/osx-arm64/libbrotlicommon-1.0.9-h1a8c8d9_8.tar.bz2#84eb0c3c995a865079080d092e4a3c06
https://conda.anaconda.org/conda-forge/osx-arm64/libcxx-15.0.7-h75e25f2_0.conda#16d9581f4cdc3406a059a607dd2ed816
https://conda.anaconda.org/conda-forge/osx-arm64/libev-4.33-h642e427_1.tar.bz2#566dbf70fe79eacdb3c3d3d195a27f55
https://conda.anaconda.org/conda-forge/osx-arm64/libffi-3.4.2-h3422bc3_5.tar.bz2#086914b672be056eb70fd4285b6783b6
https://conda.anaconda.org/conda-forge/osx-arm64/libutf8proc-2.8.0-h1a8c8d9_0.tar.bz2#f8c9c41a122ab3abdf8943b13f4957ee
https://conda.anaconda.org/conda-forge/osx-arm64/libzlib-1.2.13-h03a7124_4.tar.bz2#780852dc54c4c07e64b276a97f89c162
https://conda.anaconda.org/conda-forge/osx-arm64/llvm-openmp-15.0.7-h7cfbb63_0.conda#358164e15a9320f11b84a53fb8d8e446
https://conda.anaconda.org/conda-forge/osx-arm64/ncurses-6.3-h07bb92c_1.tar.bz2#db86e5a978380a13f5559f97afdfe99d
https://conda.anaconda.org/conda-forge/osx-arm64/python_abi-3.10-3_cp310.conda#3f2b2974db21a33a2f45b0c9abbb7516
https://conda.anaconda.org/conda-forge/noarch/tzdata-2022g-h191b570_0.conda#51fc4fcfb19f5d95ffc8c339db5068e8
https://conda.anaconda.org/conda-forge/osx-arm64/xxhash-0.8.1-h1a8c8d9_0.conda#11535f573958b469db208bb69c9c8bbf
https://conda.anaconda.org/conda-forge/osx-arm64/xz-5.2.6-h57fd34a_0.tar.bz2#39c6b54e94014701dd157f4f576ed211
https://conda.anaconda.org/conda-forge/osx-arm64/yaml-0.2.5-h3422bc3_2.tar.bz2#4bb3f014845110883a3c5ee811fd84b4
https://conda.anaconda.org/conda-forge/osx-arm64/aws-c-compression-0.2.16-hab1c2c1_4.conda#295ec2e6ab46bc9d81fdf2ec683d43ef
https://conda.anaconda.org/conda-forge/osx-arm64/aws-c-sdkutils-0.1.7-hab1c2c1_4.conda#3c3b6acd2759c76e92ff085aa10dd9eb
https://conda.anaconda.org/conda-forge/osx-arm64/aws-checksums-0.1.14-hab1c2c1_4.conda#15ab39e1fc80ca0cab22fe99f4aacdfe
https://conda.anaconda.org/conda-forge/osx-arm64/gflags-2.2.2-hc88da5d_1004.tar.bz2#aab9ddfad863e9ef81229a1f8852211b
https://conda.anaconda.org/conda-forge/osx-arm64/gmp-6.2.1-h9f76cd9_0.tar.bz2#f8140773b6ca51bf32feec9b4290a8c5
https://conda.anaconda.org/conda-forge/osx-arm64/libabseil-20230125.0-cxx17_hb7217d7_1.conda#22a5254be25ace5abcd06468f58f08bc
https://conda.anaconda.org/conda-forge/osx-arm64/libbrotlidec-1.0.9-h1a8c8d9_8.tar.bz2#640ea7b788cdd0420409bd8479f023f9
https://conda.anaconda.org/conda-forge/osx-arm64/libbrotlienc-1.0.9-h1a8c8d9_8.tar.bz2#572907b78be867937c258421bc0807a8
https://conda.anaconda.org/conda-forge/osx-arm64/libcrc32c-1.1.2-hbdafb3b_0.tar.bz2#32bd82a6a625ea6ce090a81c3d34edeb
https://conda.anaconda.org/conda-forge/osx-arm64/libedit-3.1.20191231-hc8eb9b7_2.tar.bz2#30e4362988a2623e9eb34337b83e01f9
https://conda.anaconda.org/conda-forge/osx-arm64/libgfortran5-12.2.0-h0eea778_29.conda#726bc17c50d9d94ecac19a2466f51d0d
https://conda.anaconda.org/conda-forge/osx-arm64/libprotobuf-3.21.12-hb5ab8b9_0.conda#7adb342474af442e3842c422f07fbf68
https://conda.anaconda.org/conda-forge/osx-arm64/libsqlite-3.40.0-h76d750c_0.tar.bz2#d090fcec993f4ef0a90e6df7f231a273
https://conda.anaconda.org/conda-forge/osx-arm64/lz4-c-1.9.4-hb7217d7_0.conda#45505bec548634f7d05e02fb25262cb9
https://conda.anaconda.org/conda-forge/osx-arm64/openssl-3.0.8-h03a7124_0.conda#accdc6784b8ae5dd618a9e76f4c3af36
https://conda.anaconda.org/conda-forge/osx-arm64/re2-2023.02.02-hb7217d7_0.conda#407639ad13c9dc4d2510c5e2a99c2ada
https://conda.anaconda.org/conda-forge/osx-arm64/readline-8.1.2-h46ed386_0.tar.bz2#dc790f296d94409efb3f22af84ee968d
https://conda.anaconda.org/conda-forge/osx-arm64/snappy-1.1.9-h17c5cce_2.tar.bz2#a0735d35df2c7146f49705c286502cef
https://conda.anaconda.org/conda-forge/osx-arm64/tk-8.6.12-he1e0b03_0.tar.bz2#2cb3d18eac154109107f093860bd545f
https://conda.anaconda.org/conda-forge/osx-arm64/zlib-1.2.13-h03a7124_4.tar.bz2#34161cff4e29cc45e536abf2f13fd6b4
https://conda.anaconda.org/conda-forge/osx-arm64/zstd-1.5.2-hf913c23_6.conda#8f346953ef63bf5fb482488a659adcf3
https://conda.anaconda.org/conda-forge/osx-arm64/aws-c-cal-0.5.21-h4697971_1.conda#5971b57142f488a1edfb258235ba7460
https://conda.anaconda.org/conda-forge/osx-arm64/glog-0.6.0-h6da1cb0_0.tar.bz2#5a570729c7709399cf8511aeeda6f989
https://conda.anaconda.org/conda-forge/osx-arm64/krb5-1.20.1-h69eda48_0.conda#a85db53e45b1173f270fc998dd40ec03
https://conda.anaconda.org/conda-forge/osx-arm64/libevent-2.1.10-h7673551_4.tar.bz2#762bda55783500f923a559e21c1cd096
https://conda.anaconda.org/conda-forge/osx-arm64/libgfortran-5.0.0-12_2_0_hd922786_29.conda#56a7826578bcbbf69e9053ba72fee72a
https://conda.anaconda.org/conda-forge/osx-arm64/libgrpc-1.51.1-he98ff75_3.conda#c962175a877151aa188b887fbe57593d
https://conda.anaconda.org/conda-forge/osx-arm64/libnghttp2-1.52.0-hae82a92_0.conda#1d319e95a0216f801293626a00337712
https://conda.anaconda.org/conda-forge/osx-arm64/libssh2-1.10.0-h7a5bd25_3.tar.bz2#1ffa4340e73809db5a7516cb1a7425a7
https://conda.anaconda.org/conda-forge/osx-arm64/mpfr-4.1.0-h6d7a090_1.tar.bz2#c37f296f76cfb61d4f91613da93789e6
https://conda.anaconda.org/conda-forge/osx-arm64/orc-1.8.2-hef0d403_2.conda#58ca1778cb3df6bd153f94362a1fd3da
https://conda.anaconda.org/conda-forge/osx-arm64/python-3.10.9-h3ba56d0_0_cpython.conda#2db43ab1e618236b844efaf58aa151a2
https://conda.anaconda.org/conda-forge/noarch/appdirs-1.4.4-pyh9f0ad1d_0.tar.bz2#5f095bc6454094e96f146491fd03633b
https://conda.anaconda.org/conda-forge/noarch/attrs-22.2.0-pyh71513ae_0.conda#8b76db7818a4e401ed4486c4c1635cd9
https://conda.anaconda.org/conda-forge/osx-arm64/aws-c-io-0.13.18-hba8c4f8_3.conda#0b4b83d8881e689bebbb1ea2badf0ba1
https://conda.anaconda.org/conda-forge/noarch/certifi-2022.12.7-pyhd8ed1ab_0.conda#fb9addc3db06e56abe03e0e9f21a63e6
https://conda.anaconda.org/conda-forge/noarch/charset-normalizer-2.1.1-pyhd8ed1ab_0.tar.bz2#c1d5b294fbf9a795dec349a6f4d8be8e
https://conda.anaconda.org/conda-forge/noarch/click-8.1.3-unix_pyhd8ed1ab_2.tar.bz2#20e4087407c7cb04a40817114b333dbf
https://conda.anaconda.org/conda-forge/noarch/colorama-0.4.6-pyhd8ed1ab_0.tar.bz2#3faab06a954c2a04039983f2c4a50d99
https://conda.anaconda.org/conda-forge/noarch/dargparser-1.0.0-pyhd8ed1ab_0.conda#27575b8cae01b515600ee429d62d8ae7
https://conda.anaconda.org/conda-forge/noarch/dataclasses-0.8-pyhc8e2a94_3.tar.bz2#a362b2124b06aad102e2ee4581acee7d
https://conda.anaconda.org/conda-forge/noarch/dill-0.3.6-pyhd8ed1ab_1.tar.bz2#88c82ca702197fff8a5e87619707556b
https://conda.anaconda.org/conda-forge/noarch/filelock-3.9.0-pyhd8ed1ab_0.conda#1addc115923d646ca19ed90edc413506
https://conda.anaconda.org/conda-forge/osx-arm64/frozenlist-1.3.3-py310h8e9501a_0.tar.bz2#6ba62caccbd2e41946c02c95c4225ac2
https://conda.anaconda.org/conda-forge/noarch/fsspec-2023.3.0-pyhd8ed1ab_0.conda#aed37a29e9fb974f6514e3d589c447bb
https://conda.anaconda.org/conda-forge/noarch/idna-3.4-pyhd8ed1ab_0.tar.bz2#34272b248891bddccc64479f9a7fffed
https://conda.anaconda.org/conda-forge/osx-arm64/libcurl-7.88.1-h9049daf_0.conda#c86bbee944bb640609670ce722fba9a4
https://conda.anaconda.org/conda-forge/osx-arm64/libopenblas-0.3.21-openmp_hc731615_3.tar.bz2#2a980a5d8cc34ce70d339b983f9920de
https://conda.anaconda.org/conda-forge/osx-arm64/libthrift-0.18.0-h6635e49_0.conda#8ee1f9cd7e01633de42833d60787b6d3
https://conda.anaconda.org/conda-forge/osx-arm64/loguru-0.6.0-py310hbe9552e_2.tar.bz2#c83346d0286b782f9f0a3903624ad768
https://conda.anaconda.org/conda-forge/noarch/mccabe-0.7.0-pyhd8ed1ab_0.tar.bz2#34fc335fc50eef0b5ea708f2b5f54e0c
https://conda.anaconda.org/conda-forge/osx-arm64/mpc-1.3.1-h91ba8db_0.conda#362af269d860ae49580f8f032a68b0df
https://conda.anaconda.org/conda-forge/noarch/mpmath-1.2.1-pyhd8ed1ab_0.tar.bz2#9b06ebbd24f7c60ba5a29117c528514e
https://conda.anaconda.org/conda-forge/osx-arm64/multidict-6.0.4-py310h8e9501a_0.conda#0a2be8df4e1ed7556bef44a3cc05d5d0
https://conda.anaconda.org/conda-forge/noarch/mypy_extensions-1.0.0-pyha770c72_0.conda#4eccaeba205f0aed9ac3a9ea58568ca3
https://conda.anaconda.org/conda-forge/noarch/networkx-3.0-pyhd8ed1ab_0.conda#88e40007414ea9a13f8df20fcffa87e2
https://conda.anaconda.org/conda-forge/noarch/packaging-23.0-pyhd8ed1ab_0.conda#1ff2e3ca41f0ce16afec7190db28288b
https://conda.anaconda.org/conda-forge/noarch/pathspec-0.11.0-pyhd8ed1ab_0.conda#641ebf6fbbb8d5576c5280ba23ceaf76
https://conda.anaconda.org/conda-forge/noarch/pathtools-0.1.2-py_1.tar.bz2#7c9b5632c61951216374dbaa34659301
https://conda.anaconda.org/conda-forge/osx-arm64/psutil-5.9.4-py310h8e9501a_0.tar.bz2#52d937114e3f4bee66c78f04eaabeb77
https://conda.anaconda.org/conda-forge/noarch/pycodestyle-2.10.0-pyhd8ed1ab_0.conda#89843e4cc99c6a3fe5f4c86994cc8410
https://conda.anaconda.org/conda-forge/noarch/pycparser-2.21-pyhd8ed1ab_0.tar.bz2#076becd9e05608f8dc72757d5f3a91ff
https://conda.anaconda.org/conda-forge/noarch/pyflakes-3.0.1-pyhd8ed1ab_0.conda#44b7d77d96560c93e0e11437a3c35254
https://conda.anaconda.org/conda-forge/noarch/pysocks-1.7.1-pyha2e5f31_6.tar.bz2#2a7de29fb590ca14b5243c4c812c8025
https://conda.anaconda.org/conda-forge/osx-arm64/python-xxhash-3.2.0-py310h8e9501a_0.conda#25bde8c30d5b46c1dc9488ae18ddc6eb
https://conda.anaconda.org/conda-forge/noarch/pytz-2022.7.1-pyhd8ed1ab_0.conda#f59d49a7b464901cf714b9e7984d01a2
https://conda.anaconda.org/conda-forge/osx-arm64/pyyaml-6.0-py310h8e9501a_5.tar.bz2#51d03e61fad9a0703bece80e471e95d3
https://conda.anaconda.org/conda-forge/osx-arm64/regex-2022.10.31-py310h8e9501a_0.tar.bz2#84148e2e17915c6a071984bf3c408014
https://conda.anaconda.org/conda-forge/osx-arm64/setproctitle-1.3.2-py310h8e9501a_1.tar.bz2#ecc8cb00be68070e379685b1f1e805a8
https://conda.anaconda.org/conda-forge/noarch/setuptools-67.5.0-pyhd8ed1ab_0.conda#876be0992aa26ef42929e50d13c235e2
https://conda.anaconda.org/conda-forge/noarch/six-1.16.0-pyh6c4a22f_0.tar.bz2#e5f25f8dbc060e9a8d912e432202afc2
https://conda.anaconda.org/conda-forge/noarch/smmap-3.0.5-pyh44b312d_0.tar.bz2#3a8dc70789709aa315325d5df06fb7e4
https://conda.anaconda.org/conda-forge/osx-arm64/tokenizers-0.13.2-py310he8402e3_0.conda#352df49198c339579a3d73073037f024
https://conda.anaconda.org/conda-forge/noarch/tomli-2.0.1-pyhd8ed1ab_0.tar.bz2#5844808ffab9ebdb694585b50ba02a96
https://conda.anaconda.org/conda-forge/noarch/typing_extensions-4.4.0-pyha770c72_0.tar.bz2#2d93b130d148d7fc77e583677792fc6a
https://conda.anaconda.org/conda-forge/noarch/wheel-0.38.4-pyhd8ed1ab_0.tar.bz2#c829cfb8cb826acb9de0ac1a2df0a940
https://conda.anaconda.org/conda-forge/noarch/zipp-3.15.0-pyhd8ed1ab_0.conda#13018819ca8f5b7cc675a8faf1f5fedf
https://conda.anaconda.org/conda-forge/noarch/aiosignal-1.3.1-pyhd8ed1ab_0.tar.bz2#d1e1eb7e21a9e2c74279d87dafb68156
https://conda.anaconda.org/conda-forge/osx-arm64/aws-c-event-stream-0.2.20-h574306b_2.conda#d8a82b1371d10d821ab8fe6caf1e75d0
https://conda.anaconda.org/conda-forge/osx-arm64/aws-c-http-0.7.5-h736ca37_3.conda#46e5f8ce2dea32430515db1c2132f98d
https://conda.anaconda.org/conda-forge/osx-arm64/cffi-1.15.1-py310h2399d43_3.conda#d0ae0fd0363f0baef9d485c857d1d421
https://conda.anaconda.org/conda-forge/noarch/docker-pycreds-0.4.0-py_0.tar.bz2#c69f19038efee4eb534623610d0c2053
https://conda.anaconda.org/conda-forge/noarch/flake8-6.0.0-pyhd8ed1ab_0.conda#e9345ba05d71742412b8aa6992ad9457
https://conda.anaconda.org/conda-forge/noarch/gitdb-4.0.10-pyhd8ed1ab_0.conda#3706d2f3d7cb5dae600c833345a76132
https://conda.anaconda.org/conda-forge/osx-arm64/gmpy2-2.1.2-py310h2e6cad2_1.tar.bz2#27b520e4dc0b892707c35d0dfea2e583
https://conda.anaconda.org/conda-forge/noarch/importlib-metadata-6.0.0-pyha770c72_0.conda#691644becbcdca9f73243450b1c63e62
https://conda.anaconda.org/conda-forge/noarch/isort-5.12.0-pyhd8ed1ab_1.conda#07ed3421bad60867234c7a9282ea39d4
https://conda.anaconda.org/conda-forge/noarch/joblib-1.2.0-pyhd8ed1ab_0.tar.bz2#7583652522d71ad78ba536bba06940eb
https://conda.anaconda.org/conda-forge/osx-arm64/libblas-3.9.0-16_osxarm64_openblas.tar.bz2#53d6d5097f0d62e24db8c1979a21102e
https://conda.anaconda.org/conda-forge/osx-arm64/libgoogle-cloud-2.8.0-haa7394f_0.conda#f0eee46a63b9080b10ffee417ce2b3b0
https://conda.anaconda.org/conda-forge/noarch/lightning-utilities-0.7.0-pyhd8ed1ab_1.conda#66d1abc0470d97027d59dd1df8cd77c8
https://conda.anaconda.org/conda-forge/osx-arm64/multiprocess-0.70.14-py310h8e9501a_3.tar.bz2#a64b8f18eb9c1ec84bc9e0d1b89704d7
https://conda.anaconda.org/conda-forge/noarch/pip-23.0.1-pyhd8ed1ab_0.conda#8025ca83b8ba5430b640b83917c2a6f7
https://conda.anaconda.org/conda-forge/osx-arm64/protobuf-4.21.12-py310h0f1eb42_0.conda#3763b614e1858dd64732e00fe1204551
https://conda.anaconda.org/conda-forge/noarch/python-dateutil-2.8.2-pyhd8ed1ab_0.tar.bz2#dd999d1cc9f79e67dbb855c8924c7984
https://conda.anaconda.org/conda-forge/noarch/tqdm-4.65.0-pyhd8ed1ab_1.conda#ed792aff3acb977d09c7013358097f83
https://conda.anaconda.org/conda-forge/noarch/typing-extensions-4.4.0-hd8ed1ab_0.tar.bz2#be969210b61b897775a0de63cd9e9026
https://conda.anaconda.org/conda-forge/osx-arm64/yarl-1.8.2-py310h8e9501a_0.conda#69a97466e2aa86c9517931f5c814917d
https://conda.anaconda.org/conda-forge/noarch/async-timeout-4.0.2-pyhd8ed1ab_0.tar.bz2#25e79f9a1133556671becbd65a170c78
https://conda.anaconda.org/conda-forge/osx-arm64/aws-c-auth-0.6.25-hb5790db_4.conda#ac1596698c7a799ad3c1a4a0a0a71b90
https://conda.anaconda.org/conda-forge/osx-arm64/aws-c-mqtt-0.8.6-hb0ba32c_9.conda#2b511efa7cde2e17ec4268a1f974fe62
https://conda.anaconda.org/conda-forge/osx-arm64/brotlipy-0.7.0-py310h8e9501a_1005.tar.bz2#0dfdc1c2e2fa6d9a1cee4798a9e9454d
https://conda.anaconda.org/conda-forge/osx-arm64/cryptography-39.0.2-py310hfc83b78_0.conda#3de5c5cb6399129e7a48abcc75a272e0
https://conda.anaconda.org/conda-forge/noarch/gitpython-3.1.31-pyhd8ed1ab_0.conda#f6e6b482110246a81c3f03e81c68752d
https://conda.anaconda.org/conda-forge/noarch/importlib_metadata-6.0.0-hd8ed1ab_0.conda#a67d43e1527a37199dd8db913366f68e
https://conda.anaconda.org/conda-forge/osx-arm64/libcblas-3.9.0-16_osxarm64_openblas.tar.bz2#c7cfc18378f00d3faf7f8a9a2553be3c
https://conda.anaconda.org/conda-forge/osx-arm64/liblapack-3.9.0-16_osxarm64_openblas.tar.bz2#52d270c579bfca986d6cdd81eb5ed6e7
https://conda.anaconda.org/conda-forge/noarch/platformdirs-3.1.0-pyhd8ed1ab_0.conda#0b8fbdfd52918bc2f1b76feccd95c919
https://conda.anaconda.org/conda-forge/noarch/sacremoses-0.0.53-pyhd8ed1ab_0.tar.bz2#76c3c384fe0941f1b08193736e8e277a
https://conda.anaconda.org/conda-forge/osx-arm64/sympy-1.11.1-py310hbe9552e_2.tar.bz2#91cf0c893921087d23a84bd866e9a747
https://conda.anaconda.org/conda-forge/osx-arm64/aiohttp-3.8.4-py310h8e9501a_0.conda#b301ff0c427b1b7b6204c21507e6dc1e
https://conda.anaconda.org/conda-forge/osx-arm64/aws-c-s3-0.2.5-hb5c44dc_5.conda#eac3155d7b4827b424b6c879a8884585
https://conda.anaconda.org/conda-forge/osx-arm64/black-23.1.0-py310hbe9552e_0.conda#4add2984be82a936564fb3af1f3d3127
https://conda.anaconda.org/conda-forge/osx-arm64/numpy-1.24.2-py310h3d2048e_0.conda#447823b87d9c737f81f0a984ebec121b
https://conda.anaconda.org/conda-forge/noarch/pyopenssl-23.0.0-pyhd8ed1ab_0.conda#d41957700e83bbb925928764cb7f8878
https://conda.anaconda.org/pytorch-nightly/osx-arm64/pytorch-2.1.0.dev20230306-py3.10_0.tar.bz2#707a240c5f51857e7f674c4cd78aafe0
https://conda.anaconda.org/conda-forge/osx-arm64/aws-crt-cpp-0.19.8-h60e373a_6.conda#e09ec56dc22ce4173ba0972f7e52f333
https://conda.anaconda.org/conda-forge/osx-arm64/pandas-1.5.3-py310h2b830bf_0.conda#54585997632610e7024e5d8d722a3092
https://conda.anaconda.org/conda-forge/noarch/torchmetrics-0.11.3-pyhd8ed1ab_0.conda#87ff1417a23e42f079349f416767ab4c
https://conda.anaconda.org/conda-forge/noarch/urllib3-1.26.14-pyhd8ed1ab_0.conda#01f33ad2e0aaf6b5ba4add50dad5ad29
https://conda.anaconda.org/conda-forge/osx-arm64/aws-sdk-cpp-1.10.57-h14bed0f_7.conda#f0889f7c4f0944e8a984889f03eb2189
https://conda.anaconda.org/conda-forge/noarch/pytorch-lightning-1.9.4-pyhd8ed1ab_0.conda#5fa8abd58b63cb3b3f763b15050f8564
https://conda.anaconda.org/conda-forge/noarch/requests-2.28.2-pyhd8ed1ab_0.conda#11d178fc55199482ee48d6812ea83983
https://conda.anaconda.org/conda-forge/noarch/sentry-sdk-1.16.0-pyhd8ed1ab_0.conda#294a367fe15ebe67b5ad899371c4fb93
https://conda.anaconda.org/conda-forge/noarch/huggingface_hub-0.12.1-pyhd8ed1ab_0.conda#747011135c12142f3462fee77a8ee9db
https://conda.anaconda.org/conda-forge/osx-arm64/libarrow-11.0.0-h7d12132_9_cpu.conda#c54e6fc8f0623743182215a7d666d5f8
https://conda.anaconda.org/conda-forge/noarch/responses-0.18.0-pyhd8ed1ab_0.tar.bz2#a10d30e613a2a1a78a89ceadf3832e7c
https://conda.anaconda.org/conda-forge/noarch/wandb-0.13.10-pyhd8ed1ab_0.conda#ee7c0d363e05f49f802e430c7782c567
https://conda.anaconda.org/conda-forge/osx-arm64/arrow-cpp-11.0.0-hce30654_9_cpu.conda#593a1e1ce34078b04fe219211fdcb944
https://conda.anaconda.org/conda-forge/noarch/parquet-cpp-1.5.1-2.tar.bz2#79a5f78c42817594ae016a7896521a97
https://conda.anaconda.org/conda-forge/osx-arm64/pyarrow-11.0.0-py310h89f3c6b_9_cpu.conda#4ea7f6ae2beb6aab74e6183e181ba1ed
https://conda.anaconda.org/conda-forge/noarch/datasets-2.10.1-pyhd8ed1ab_0.conda#279f92f66219ffa508a2b2746a7f107c
https://conda.anaconda.org/conda-forge/noarch/transformers-4.26.1-pyhd8ed1ab_0.conda#9ee93d77d1f590045d0d1da2b499d504
# pip warmup-scheduler @ https://files.pythonhosted.org/packages/00/39/f77fb5a7a572891c1f4df1d8e1373a1380cb6d861933886334553244d002/warmup_scheduler-0.3.tar.gz#sha256=63624cf5010772252c530ceb1a64e3fd60e3ee54264054da389f1b421089b714
