# From OpenCE 1.8 with pytorch=1.13 and cudatoolkit=11.4
# Generated by conda-lock.
# platform: linux-ppc64le
# input_hash: 8b155ac7a6955cc68772daecc23b5ae9f9b89637214043c5682e3d5069ff8c1a
@EXPLICIT
https://conda.anaconda.org/conda-forge/linux-ppc64le/_libgcc_mutex-0.1-conda_forge.tar.bz2#e96f48755dc7c9f86c4aecf4cac40477
https://ftp.osuosl.org/pub/open-ce/current/linux-ppc64le/_pytorch_select-2.0-cuda_2.conda#8c15161c3f6739c7493d8a3896ed87f6
https://conda.anaconda.org/conda-forge/linux-ppc64le/ca-certificates-2022.12.7-h1084571_0.conda#e3becd49c6d0e94d1b67c9f9a4d50587
https://conda.anaconda.org/conda-forge/linux-ppc64le/ld_impl_linux-ppc64le-2.39-hea198f4_1.conda#c7db6cc5b9479df1ed884b6147601613
https://conda.anaconda.org/conda-forge/linux-ppc64le/libgfortran5-12.2.0-hda65b67_19.tar.bz2#62f0191db9d8e634ed676c0645aee79b
https://conda.anaconda.org/conda-forge/linux-ppc64le/libstdcxx-ng-12.2.0-h99369c6_19.tar.bz2#7fd9892955253a7e5f49ae0e94703dd7
https://conda.anaconda.org/conda-forge/linux-ppc64le/python_abi-3.10-3_cp310.conda#9e167fa41d70a58f7c988d156e462106
https://conda.anaconda.org/conda-forge/noarch/tzdata-2022g-h191b570_0.conda#51fc4fcfb19f5d95ffc8c339db5068e8
https://conda.anaconda.org/conda-forge/linux-ppc64le/libgfortran-ng-12.2.0-hfdc3801_19.tar.bz2#81d5153ea3ba783743ab08b859fc8e1f
https://conda.anaconda.org/conda-forge/linux-ppc64le/_openmp_mutex-4.5-2_kmp_llvm.tar.bz2#72a771a227f989b269ebca2d4573c292
https://conda.anaconda.org/conda-forge/linux-ppc64le/libgcc-ng-12.2.0-hbc1322c_19.tar.bz2#9ad34f95d6fb05300bbd0f553f3bece4
https://conda.anaconda.org/conda-forge/linux-ppc64le/abseil-cpp-20210324.2-h3b9df90_0.tar.bz2#8748dc4556f78dbc44656215eaa58f4e
https://conda.anaconda.org/conda-forge/linux-ppc64le/bzip2-1.0.8-h4e0d66e_4.tar.bz2#3cbc4e0eede8b25bc53b6a462815aceb
https://conda.anaconda.org/conda-forge/linux-ppc64le/c-ares-1.18.1-h4e0d66e_0.tar.bz2#382076920841fdfa5d2f9c7122c8f184
https://conda.anaconda.org/conda-forge/linux-ppc64le/cudatoolkit-11.4.2-hc8a087b_11.conda#dcca584138c2205fe50c97549880f12b
https://conda.anaconda.org/conda-forge/linux-ppc64le/gflags-2.2.2-hea85c5d_1004.tar.bz2#496a906fdfac4af06b6c40483b693f2a
https://conda.anaconda.org/conda-forge/linux-ppc64le/giflib-5.2.1-h339bb43_2.tar.bz2#99989dba899aff878c90590d0470cf17
https://conda.anaconda.org/conda-forge/linux-ppc64le/gmp-6.2.1-hea85c5d_0.tar.bz2#e92fc4f298e73b9f40a6102172f83636
https://conda.anaconda.org/conda-forge/linux-ppc64le/jpeg-9e-h4194056_3.conda#90cc27ac2032b05e4131bc62d33635dd
https://conda.anaconda.org/conda-forge/linux-ppc64le/lame-3.100-hb283c62_1003.tar.bz2#e317f98957deacea42a582aa82b61c93
https://conda.anaconda.org/conda-forge/linux-ppc64le/libbrotlicommon-1.0.9-hb283c62_8.tar.bz2#9981d8b1ed12d10234fa31973de47c10
https://conda.anaconda.org/conda-forge/linux-ppc64le/libffi-3.4.2-h4e0d66e_5.tar.bz2#79c37a0a50ef77fea4ee5f6d257b8b3c
https://conda.anaconda.org/conda-forge/linux-ppc64le/libiconv-1.17-hb283c62_0.tar.bz2#4c3d267837da62ef2b79d56729d3fe65
https://conda.anaconda.org/conda-forge/linux-ppc64le/libnsl-2.0.0-h4e0d66e_0.tar.bz2#e6c718cb0e01f2af330da0a8dbd55b68
https://conda.anaconda.org/conda-forge/linux-ppc64le/libnuma-2.0.16-h4194056_1.conda#ab9249d76631edff4dd9edb1f906abb5
https://conda.anaconda.org/conda-forge/linux-ppc64le/libopenblas-0.3.21-pthreads_h60f2977_3.tar.bz2#8d9a4d593fea2ccf376b5e459651dd87
https://conda.anaconda.org/conda-forge/linux-ppc64le/libutf8proc-2.8.0-hb283c62_0.tar.bz2#f7de3c1fe2db9e3276df4ec7d1a04c0b
https://conda.anaconda.org/conda-forge/linux-ppc64le/libuuid-2.32.1-h4e0d66e_1000.tar.bz2#ceb7466afcb5be47530ffe9aae8650ae
https://conda.anaconda.org/conda-forge/linux-ppc64le/libwebp-base-1.2.0-h4e0d66e_2.tar.bz2#c7b610394443511e9088cf571d90d026
https://conda.anaconda.org/conda-forge/linux-ppc64le/libzlib-1.2.13-hb283c62_4.tar.bz2#af99cdd23d3761a569840663bdf0dc0d
https://conda.anaconda.org/conda-forge/linux-ppc64le/lmdb-0.9.29-hb283c62_1.tar.bz2#5ab5e896e1b959a250e2d00c53411071
https://conda.anaconda.org/conda-forge/linux-ppc64le/lz4-c-1.9.4-h883269e_0.conda#26f7632050b79aacdb4fe3435a6b270a
https://conda.anaconda.org/conda-forge/linux-ppc64le/ncurses-6.3-hab78ccb_1.tar.bz2#775403ae6d617d309d874f9bff20e670
https://conda.anaconda.org/conda-forge/linux-ppc64le/nettle-3.6-ha07698b_0.tar.bz2#4c50c3262bbd54e0b2276d7a669a4fa4
https://conda.anaconda.org/conda-forge/linux-ppc64le/openssl-3.0.8-h4194056_0.conda#e952dfc7249a48558697f61b41859864
https://conda.anaconda.org/conda-forge/linux-ppc64le/re2-2022.04.01-hbbae597_0.tar.bz2#692903afba4c417d9aab35a017a8e7f8
https://conda.anaconda.org/conda-forge/linux-ppc64le/snappy-1.1.9-h1dd1344_2.tar.bz2#c63168b7739e34e118f337782398b21a
https://conda.anaconda.org/conda-forge/linux-ppc64le/x264-1!152.20180806-h14c3975_0.tar.bz2#384c119359c981bdce5920cb0092ffa4
https://conda.anaconda.org/conda-forge/linux-ppc64le/xxhash-0.8.1-h4194056_0.conda#96619a01a8deeb29c7a91f3ca751d829
https://conda.anaconda.org/conda-forge/linux-ppc64le/xz-5.2.6-hb283c62_0.tar.bz2#a411645e44054e333573ee5280fdb89b
https://conda.anaconda.org/conda-forge/linux-ppc64le/yaml-0.2.5-h4e0d66e_2.tar.bz2#e480df649632a5f96b7a24dfc213fd3d
https://ftp.osuosl.org/pub/open-ce/current/linux-ppc64le/cudnn-8.3.0_11.4-h5b181e6_1.conda#78ce8552427dd47bc589a443f95994f0
https://conda.anaconda.org/conda-forge/linux-ppc64le/glog-0.5.0-h4040248_0.tar.bz2#50ec2e1b8241891475d290c36d60264a
https://conda.anaconda.org/conda-forge/linux-ppc64le/gnutls-3.6.13-hb04485b_1.tar.bz2#3960b3c1038028511d4e5ed2cc577dc2
https://repo.anaconda.com/pkgs/main/linux-ppc64le/leveldb-1.20-hf484d3e_1.tar.bz2#f5459df211556d02b6a95f0a2b67a280
https://conda.anaconda.org/conda-forge/linux-ppc64le/libblas-3.9.0-16_linuxppc64le_openblas.tar.bz2#762b1dc9aab318ee9ba7386d2418e165
https://conda.anaconda.org/conda-forge/linux-ppc64le/libbrotlidec-1.0.9-hb283c62_8.tar.bz2#66fb01acc327a224248ab33d16e4b8c0
https://conda.anaconda.org/conda-forge/linux-ppc64le/libbrotlienc-1.0.9-hb283c62_8.tar.bz2#4c4ecee0aec784fe72e73935f5344676
https://conda.anaconda.org/conda-forge/linux-ppc64le/libevent-2.1.10-h19c23f1_4.tar.bz2#5973f3a3e97ee5abbc99a363a0455b96
https://conda.anaconda.org/conda-forge/linux-ppc64le/libpng-1.6.39-hcc10993_0.conda#bcd557c46d754ede06e9a1554eb0c68c
https://conda.anaconda.org/conda-forge/linux-ppc64le/libsqlite-3.39.4-hcc10993_0.tar.bz2#49799ec532f260e4264705336d01310b
https://conda.anaconda.org/conda-forge/linux-ppc64le/llvm-openmp-15.0.7-h96faf4b_0.conda#87c38ba23d6faf77dfd060380423e9c0
https://conda.anaconda.org/conda-forge/linux-ppc64le/nccl-2.12.7.1-hd84472c_0.tar.bz2#36a7cc5c018f93fa4cb5b6d661774ef2
https://conda.anaconda.org/conda-forge/linux-ppc64le/numactl-2.0.16-h4194056_1.conda#37d09cb0fcfaebc37b85f81b6b2e1662
https://conda.anaconda.org/conda-forge/linux-ppc64le/openblas-0.3.21-pthreads_h5960496_3.tar.bz2#cd3637b6090fb6415c0abd53feb35c71
https://conda.anaconda.org/conda-forge/linux-ppc64le/readline-8.1.2-h6828edc_0.tar.bz2#a8b0d567fd553734fc0fd0ab2447526a
https://conda.anaconda.org/conda-forge/linux-ppc64le/tk-8.6.12-h41c6715_0.tar.bz2#c0490995dc12b45388a01094f9959edd
https://conda.anaconda.org/conda-forge/linux-ppc64le/zlib-1.2.13-hb283c62_4.tar.bz2#322d33486a7b4c335943c2cca142a8a7
https://conda.anaconda.org/conda-forge/linux-ppc64le/freetype-2.12.1-h90753b0_1.conda#55076efce6db8419ba5b1b854f455c4a
https://conda.anaconda.org/conda-forge/linux-ppc64le/libcblas-3.9.0-16_linuxppc64le_openblas.tar.bz2#7c92b1e5f94e656d9d2f4c6164c3dd7d
https://conda.anaconda.org/conda-forge/linux-ppc64le/liblapack-3.9.0-16_linuxppc64le_openblas.tar.bz2#6078295a03db891bce81100c41283109
https://conda.anaconda.org/conda-forge/linux-ppc64le/libprotobuf-3.19.4-h690f14c_0.tar.bz2#dd60de024260aff726deb42997dc9d43
https://conda.anaconda.org/conda-forge/linux-ppc64le/libthrift-0.15.0-he34cf61_1.tar.bz2#ea45f22397776bbc1ac9014f6be87570
https://conda.anaconda.org/conda-forge/linux-ppc64le/openh264-2.1.1-h690f14c_0.tar.bz2#162ddb030ffd07667d4156830869324d
https://conda.anaconda.org/conda-forge/linux-ppc64le/python-3.10.9-h062392f_0_cpython.conda#f4e282da085c0504a5d9931d9f9949ac
https://repo.anaconda.com/pkgs/main/linux-ppc64le/zstd-1.4.9-hc52992f_0.conda#92a678ff19711946857f5c9759afd29e
https://conda.anaconda.org/conda-forge/noarch/appdirs-1.4.4-pyh9f0ad1d_0.tar.bz2#5f095bc6454094e96f146491fd03633b
https://conda.anaconda.org/conda-forge/noarch/attrs-22.2.0-pyh71513ae_0.conda#8b76db7818a4e401ed4486c4c1635cd9
https://conda.anaconda.org/conda-forge/noarch/certifi-2022.12.7-pyhd8ed1ab_0.conda#fb9addc3db06e56abe03e0e9f21a63e6
https://conda.anaconda.org/conda-forge/noarch/charset-normalizer-2.1.1-pyhd8ed1ab_0.tar.bz2#c1d5b294fbf9a795dec349a6f4d8be8e
https://conda.anaconda.org/conda-forge/noarch/click-8.1.3-unix_pyhd8ed1ab_2.tar.bz2#20e4087407c7cb04a40817114b333dbf
https://conda.anaconda.org/conda-forge/noarch/colorama-0.4.6-pyhd8ed1ab_0.tar.bz2#3faab06a954c2a04039983f2c4a50d99
https://conda.anaconda.org/conda-forge/noarch/dargparser-1.0.0-pyhd8ed1ab_0.conda#27575b8cae01b515600ee429d62d8ae7
https://conda.anaconda.org/conda-forge/noarch/dataclasses-0.8-pyhc8e2a94_3.tar.bz2#a362b2124b06aad102e2ee4581acee7d
https://conda.anaconda.org/conda-forge/noarch/dill-0.3.6-pyhd8ed1ab_1.tar.bz2#88c82ca702197fff8a5e87619707556b
https://conda.anaconda.org/conda-forge/linux-ppc64le/ffmpeg-4.2.3-h49b9dce_0.tar.bz2#17954bf19b30148ea84e34bc4b7b53e1
https://conda.anaconda.org/conda-forge/noarch/filelock-3.9.0-pyhd8ed1ab_0.conda#1addc115923d646ca19ed90edc413506
https://conda.anaconda.org/conda-forge/linux-ppc64le/frozenlist-1.3.3-py310h939259b_0.tar.bz2#c51039d889764ab0c1c502add109fb79
https://conda.anaconda.org/conda-forge/noarch/fsspec-2023.1.0-pyhd8ed1ab_0.conda#44f6828b8f7cc3433d68d1d1c0e9add2
https://conda.anaconda.org/conda-forge/noarch/future-0.18.3-pyhd8ed1ab_0.conda#fec8329fc739090f26a7d7803db254f1
https://ftp.osuosl.org/pub/open-ce/current/linux-ppc64le/grpc-cpp-1.41.0-h104fa0a_pb3.19_4.conda#2d8b1722a72def1aae4d7840ab221df9
https://conda.anaconda.org/conda-forge/noarch/idna-3.4-pyhd8ed1ab_0.tar.bz2#34272b248891bddccc64479f9a7fffed
https://conda.anaconda.org/conda-forge/linux-ppc64le/liblapacke-3.9.0-16_linuxppc64le_openblas.tar.bz2#9947d34498ff87ae55cc0c473c87c49d
https://conda.anaconda.org/conda-forge/linux-ppc64le/libtiff-4.2.0-ha6c7faf_2.tar.bz2#9bbbcacef0db9515bf98aed5ca5086e8
https://conda.anaconda.org/conda-forge/linux-ppc64le/loguru-0.6.0-py310hd032262_2.tar.bz2#e14cca141b38c2ed36b3e5ac5e585475
https://conda.anaconda.org/conda-forge/linux-ppc64le/multidict-6.0.4-py310h82c586f_0.conda#019a734ef099dee2bb727ff9be6d10ee
https://conda.anaconda.org/conda-forge/noarch/mypy_extensions-1.0.0-pyha770c72_0.conda#4eccaeba205f0aed9ac3a9ea58568ca3
https://conda.anaconda.org/conda-forge/noarch/networkx-2.8.8-pyhd8ed1ab_0.tar.bz2#bb45ff9deddb045331fd039949f39650
https://conda.anaconda.org/conda-forge/linux-ppc64le/numpy-1.23.4-py310h5cafce7_1.tar.bz2#0618ada9ed6b4ad306fb0ac50e01b144
https://ftp.osuosl.org/pub/open-ce/current/linux-ppc64le/orc-1.8.0-hbd9451c_1.conda#054f2f750bac06a3fcac0d6e996dcf18
https://conda.anaconda.org/conda-forge/noarch/packaging-23.0-pyhd8ed1ab_0.conda#1ff2e3ca41f0ce16afec7190db28288b
https://conda.anaconda.org/conda-forge/noarch/pathspec-0.11.0-pyhd8ed1ab_0.conda#641ebf6fbbb8d5576c5280ba23ceaf76
https://conda.anaconda.org/conda-forge/noarch/pathtools-0.1.2-py_1.tar.bz2#7c9b5632c61951216374dbaa34659301
https://conda.anaconda.org/conda-forge/linux-ppc64le/psutil-5.9.4-py310h939259b_0.tar.bz2#775f2ba35b0af0d5e576a4067304efac
https://conda.anaconda.org/conda-forge/noarch/pycparser-2.21-pyhd8ed1ab_0.tar.bz2#076becd9e05608f8dc72757d5f3a91ff
https://conda.anaconda.org/conda-forge/noarch/pysocks-1.7.1-pyha2e5f31_6.tar.bz2#2a7de29fb590ca14b5243c4c812c8025
https://conda.anaconda.org/conda-forge/linux-ppc64le/python-xxhash-3.2.0-py310h3854833_0.conda#712701dd67e9598150d2653d7b9dedf1
https://conda.anaconda.org/conda-forge/noarch/pytz-2022.7.1-pyhd8ed1ab_0.conda#f59d49a7b464901cf714b9e7984d01a2
https://conda.anaconda.org/conda-forge/linux-ppc64le/pyyaml-6.0-py310h939259b_5.tar.bz2#553b62c54ace7ccd35e76a7c2a659edc
https://conda.anaconda.org/conda-forge/linux-ppc64le/regex-2022.10.31-py310h939259b_0.tar.bz2#a77072024964778277cc5064b1bc6f72
https://conda.anaconda.org/conda-forge/linux-ppc64le/sentencepiece-0.1.96-py310h707d0b0_1.tar.bz2#9fe195e7655b9a65b18d8e7ba680af71
https://conda.anaconda.org/conda-forge/linux-ppc64le/setproctitle-1.3.2-py310h939259b_1.tar.bz2#6c4aa65782f9fd222358ac76a79b7c34
https://conda.anaconda.org/conda-forge/noarch/setuptools-67.4.0-pyhd8ed1ab_0.conda#c6f4b87020c72e2700e3e94c1fc93b70
https://conda.anaconda.org/conda-forge/noarch/six-1.16.0-pyh6c4a22f_0.tar.bz2#e5f25f8dbc060e9a8d912e432202afc2
https://conda.anaconda.org/conda-forge/noarch/smmap-3.0.5-pyh44b312d_0.tar.bz2#3a8dc70789709aa315325d5df06fb7e4
https://conda.anaconda.org/conda-forge/noarch/tabulate-0.8.10-pyhd8ed1ab_0.tar.bz2#1bbdd3235d1acaac7502cf55de71f839
https://conda.anaconda.org/conda-forge/linux-ppc64le/tokenizers-0.13.2-py310h3a617b6_0.conda#f59ca51799760633de74d60ba34ba046
https://conda.anaconda.org/conda-forge/noarch/tomli-2.0.1-pyhd8ed1ab_0.tar.bz2#5844808ffab9ebdb694585b50ba02a96
https://conda.anaconda.org/conda-forge/noarch/typing_extensions-4.4.0-pyha770c72_0.tar.bz2#2d93b130d148d7fc77e583677792fc6a
https://conda.anaconda.org/conda-forge/noarch/wheel-0.38.4-pyhd8ed1ab_0.tar.bz2#c829cfb8cb826acb9de0ac1a2df0a940
https://conda.anaconda.org/conda-forge/noarch/zipp-3.15.0-pyhd8ed1ab_0.conda#13018819ca8f5b7cc675a8faf1f5fedf
https://conda.anaconda.org/conda-forge/noarch/aiosignal-1.3.1-pyhd8ed1ab_0.tar.bz2#d1e1eb7e21a9e2c74279d87dafb68156
https://ftp.osuosl.org/pub/open-ce/current/linux-ppc64le/arrow-cpp-10.0.0-py310h9d07697_1_cpu.conda#633e5455ea2d179cbf449d529010a83c
https://conda.anaconda.org/conda-forge/linux-ppc64le/blas-devel-3.9.0-16_linuxppc64le_openblas.tar.bz2#3df26df8378c00d46f531be997ab0ff7
https://conda.anaconda.org/conda-forge/linux-ppc64le/cffi-1.15.1-py310h8b509f7_3.conda#b59136bc5f9ba195462585da67705bc1
https://conda.anaconda.org/conda-forge/noarch/docker-pycreds-0.4.0-py_0.tar.bz2#c69f19038efee4eb534623610d0c2053
https://conda.anaconda.org/conda-forge/noarch/gitdb-4.0.10-pyhd8ed1ab_0.conda#3706d2f3d7cb5dae600c833345a76132
https://conda.anaconda.org/conda-forge/noarch/importlib-metadata-6.0.0-pyha770c72_0.conda#691644becbcdca9f73243450b1c63e62
https://conda.anaconda.org/conda-forge/noarch/isort-5.12.0-pyhd8ed1ab_1.conda#07ed3421bad60867234c7a9282ea39d4
https://conda.anaconda.org/conda-forge/noarch/joblib-1.2.0-pyhd8ed1ab_0.tar.bz2#7583652522d71ad78ba536bba06940eb
https://repo.anaconda.com/pkgs/main/linux-ppc64le/lcms2-2.12-h2045e0b_0.conda#440e456b8d6c602dc3638d4f6afcecdb
https://conda.anaconda.org/conda-forge/linux-ppc64le/libwebp-1.2.0-h740ddc3_0.tar.bz2#90c32fba721fe33dc887602395818f2e
https://conda.anaconda.org/conda-forge/noarch/lightning-utilities-0.7.0-pyhd8ed1ab_1.conda#66d1abc0470d97027d59dd1df8cd77c8
https://conda.anaconda.org/conda-forge/linux-ppc64le/multiprocess-0.70.14-py310h939259b_3.tar.bz2#3cdd93a8b7b0e93396bf245ba111df58
https://conda.anaconda.org/conda-forge/noarch/pip-23.0.1-pyhd8ed1ab_0.conda#8025ca83b8ba5430b640b83917c2a6f7
https://conda.anaconda.org/conda-forge/linux-ppc64le/protobuf-3.19.4-py310hd1748a8_0.tar.bz2#338a6fc73070dd3d7ec75eb156592897
https://conda.anaconda.org/conda-forge/noarch/python-dateutil-2.8.2-pyhd8ed1ab_0.tar.bz2#dd999d1cc9f79e67dbb855c8924c7984
https://conda.anaconda.org/conda-forge/noarch/tqdm-4.64.1-pyhd8ed1ab_0.tar.bz2#5526ff3f88f9db87bb0924b9ce575345
https://conda.anaconda.org/conda-forge/noarch/typing-extensions-4.4.0-hd8ed1ab_0.tar.bz2#be969210b61b897775a0de63cd9e9026
https://conda.anaconda.org/conda-forge/linux-ppc64le/yarl-1.8.2-py310h939259b_0.conda#c6c74439ccb80c41b60049ce66b1db2e
https://conda.anaconda.org/conda-forge/noarch/async-timeout-4.0.2-pyhd8ed1ab_0.tar.bz2#25e79f9a1133556671becbd65a170c78
https://conda.anaconda.org/conda-forge/linux-ppc64le/blas-2.116-openblas.tar.bz2#4342f0d3ea2ba5f468e831100865272f
https://conda.anaconda.org/conda-forge/linux-ppc64le/brotlipy-0.7.0-py310h939259b_1005.tar.bz2#c3629642054b668fb575551af6f69e67
https://conda.anaconda.org/conda-forge/linux-ppc64le/cryptography-39.0.1-py310hcae36c2_0.conda#23fcdf09cc12fc65c0993ff70eea32c6
https://conda.anaconda.org/conda-forge/noarch/gitpython-3.1.31-pyhd8ed1ab_0.conda#f6e6b482110246a81c3f03e81c68752d
https://conda.anaconda.org/conda-forge/noarch/importlib_metadata-6.0.0-hd8ed1ab_0.conda#a67d43e1527a37199dd8db913366f68e
https://conda.anaconda.org/conda-forge/linux-ppc64le/pandas-1.5.3-py310hc75b01a_0.conda#da563268600998641a8a5362ec5d813c
https://repo.anaconda.com/pkgs/main/linux-ppc64le/pillow-9.4.0-py310h4a02239_0.conda#b712d2b0ffc940d51205aceb50afe871
https://conda.anaconda.org/conda-forge/noarch/platformdirs-3.0.0-pyhd8ed1ab_0.conda#c34694044915d7f291ef257029f2e2af
https://ftp.osuosl.org/pub/open-ce/current/linux-ppc64le/pyarrow-10.0.0-py310hce581e1_1_cpu.conda#e1c374b9f9d58610972d5290570b004b
https://conda.anaconda.org/conda-forge/noarch/sacremoses-0.0.53-pyhd8ed1ab_0.tar.bz2#76c3c384fe0941f1b08193736e8e277a
https://conda.anaconda.org/conda-forge/linux-ppc64le/aiohttp-3.8.4-py310h3854833_0.conda#0cd7b1a2e1c2e02f31bbc521360562b8
https://ftp.osuosl.org/pub/open-ce/current/linux-ppc64le/av-10.0.0-py310h65a8404_1.conda#b20d66b84a2dbc58ef4eba6935e4e8df
https://conda.anaconda.org/conda-forge/linux-ppc64le/black-23.1.0-py310h194a6c8_0.conda#a58007b2e06f0d17c707dffaafd53efb
https://conda.anaconda.org/conda-forge/noarch/pyopenssl-23.0.0-pyhd8ed1ab_0.conda#d41957700e83bbb925928764cb7f8878
https://conda.anaconda.org/conda-forge/noarch/urllib3-1.26.14-pyhd8ed1ab_0.conda#01f33ad2e0aaf6b5ba4add50dad5ad29
https://conda.anaconda.org/conda-forge/noarch/requests-2.28.2-pyhd8ed1ab_0.conda#11d178fc55199482ee48d6812ea83983
https://conda.anaconda.org/conda-forge/noarch/sentry-sdk-1.16.0-pyhd8ed1ab_0.conda#294a367fe15ebe67b5ad899371c4fb93
https://conda.anaconda.org/conda-forge/noarch/huggingface_hub-0.12.1-pyhd8ed1ab_0.conda#747011135c12142f3462fee77a8ee9db
https://conda.anaconda.org/conda-forge/noarch/pooch-1.7.0-pyhd8ed1ab_0.conda#eb2e0fc33ad0d04b51f9280360c13c1e
https://conda.anaconda.org/conda-forge/noarch/responses-0.18.0-pyhd8ed1ab_0.tar.bz2#a10d30e613a2a1a78a89ceadf3832e7c
https://conda.anaconda.org/conda-forge/noarch/wandb-0.13.10-pyhd8ed1ab_0.conda#ee7c0d363e05f49f802e430c7782c567
https://conda.anaconda.org/conda-forge/noarch/datasets-2.10.0-pyhd8ed1ab_0.conda#7e6748e81b5e1cc10a1c3ca229a2e1a5
https://conda.anaconda.org/conda-forge/linux-ppc64le/scipy-1.10.1-py310h2693956_0.conda#95d79206e32f69a990e22507fbf4bbdf
https://ftp.osuosl.org/pub/open-ce/current/linux-ppc64le/pytorch-base-1.13.0-cuda11.4_py310_pb3.19_2.conda#a747a6b6709e01037f5e95c7a96787bf
https://ftp.osuosl.org/pub/open-ce/current/linux-ppc64le/torchtext-base-0.14.0-cuda11.4_py310_1.conda#27e99fa068c425f3a9399779aa74d494
https://ftp.osuosl.org/pub/open-ce/current/linux-ppc64le/torchvision-base-0.14.0-cuda11.4_py310_1.conda#603d7c0c860e3616352d1925e2d48219
https://ftp.osuosl.org/pub/open-ce/current/linux-ppc64le/pytorch-1.13.0-cuda11.4_py310_1.conda#21a5231bb5660ff1efe15ba373a1ac71
https://conda.anaconda.org/conda-forge/noarch/torchmetrics-0.11.3-pyhd8ed1ab_0.conda#87ff1417a23e42f079349f416767ab4c
https://conda.anaconda.org/conda-forge/noarch/transformers-4.26.1-pyhd8ed1ab_0.conda#9ee93d77d1f590045d0d1da2b499d504
https://conda.anaconda.org/conda-forge/noarch/pytorch-lightning-1.9.3-pyhd8ed1ab_0.conda#f9db3fc3889947e18c9556602c5b38c0
# pip warmup-scheduler @ https://files.pythonhosted.org/packages/00/39/f77fb5a7a572891c1f4df1d8e1373a1380cb6d861933886334553244d002/warmup_scheduler-0.3.tar.gz#sha256=63624cf5010772252c530ceb1a64e3fd60e3ee54264054da389f1b421089b714
