# Generated by conda-lock.
# platform: win-64
# input_hash: 4aebfe7b1218256a6ebe2ef79efc2b25241410351e0ff497778b79805c7e479c
@EXPLICIT
https://conda.anaconda.org/conda-forge/win-64/ca-certificates-2022.12.7-h5b45459_0.conda#31de4d9887dc8eaed9e6230a5dfbb9d6
https://conda.anaconda.org/nvidia/win-64/cuda-cccl-12.1.55-0.tar.bz2#150dc3ab601500b9b55723f0093a43ef
https://conda.anaconda.org/nvidia/win-64/cuda-cudart-11.8.89-0.tar.bz2#cd0f6ab42e0ccba5f6899c531ea193c1
https://conda.anaconda.org/nvidia/win-64/cuda-cupti-11.8.87-0.tar.bz2#f18f6268a222d476c804d4adadd4926a
https://conda.anaconda.org/nvidia/win-64/cuda-nvrtc-11.8.89-0.tar.bz2#d692bd090a4a9638ac15709cde2400da
https://conda.anaconda.org/nvidia/win-64/cuda-nvtx-11.8.86-0.tar.bz2#7874207353c834d34217555785859dba
https://conda.anaconda.org/nvidia/win-64/cuda-profiler-api-12.1.55-0.tar.bz2#4af5a3cff74094be6c69eba29a177e77
https://conda.anaconda.org/conda-forge/win-64/intel-openmp-2023.0.0-h57928b3_25922.conda#8ecf3a448f5a35bd30cb39ddc2a19058
https://conda.anaconda.org/nvidia/win-64/libcublas-11.11.3.6-0.tar.bz2#750e01875ed59059ae043d09d262968d
https://conda.anaconda.org/nvidia/win-64/libcufft-10.9.0.58-0.tar.bz2#df178db30b5abcaa0a5f3a369a1fe19c
https://conda.anaconda.org/nvidia/win-64/libcurand-10.3.2.56-0.tar.bz2#19faeb9f624e8106f2c804d5d08ebfae
https://conda.anaconda.org/nvidia/win-64/libcusolver-11.4.1.48-0.tar.bz2#43cd3c2bcbdfac91708e96fe6b554676
https://conda.anaconda.org/nvidia/win-64/libcusparse-11.7.5.86-0.tar.bz2#b2cbca2503fdb48486228f97265fc4dd
https://conda.anaconda.org/nvidia/win-64/libnpp-11.8.0.86-0.tar.bz2#84696e7fac0af2c9fe57eec5e2ca56f5
https://conda.anaconda.org/nvidia/win-64/libnvjpeg-11.9.0.86-0.tar.bz2#9ddfe10567159ae9380d4b10d8cf1670
https://conda.anaconda.org/conda-forge/win-64/mkl-include-2022.1.0-h6a75c08_874.tar.bz2#414f6ab96ad71e7a95bd00d990fa3473
https://conda.anaconda.org/conda-forge/win-64/msys2-conda-epoch-20160418-1.tar.bz2#b0309b72560df66f71a9d5e34a5efdfa
https://conda.anaconda.org/conda-forge/win-64/python_abi-3.10-3_cp310.conda#f4cfd883c0d91bb17164d8e34f4900d5
https://conda.anaconda.org/pytorch-nightly/noarch/pytorch-mutex-1.0-cuda.tar.bz2#a948316e36fb5b11223b3fcfa93f8358
https://conda.anaconda.org/conda-forge/noarch/tzdata-2022g-h191b570_0.conda#51fc4fcfb19f5d95ffc8c339db5068e8
https://conda.anaconda.org/conda-forge/win-64/ucrt-10.0.22621.0-h57928b3_0.tar.bz2#72608f6cd3e5898229c3ea16deb1ac43
https://conda.anaconda.org/nvidia/win-64/cuda-cudart-dev-11.8.89-0.tar.bz2#a4b0b3a1b7aa79ff39f6d3b1e7c62de3
https://conda.anaconda.org/nvidia/win-64/cuda-libraries-11.8.0-0.tar.bz2#4a0d16015f1480c6b6845a4d17b9563b
https://conda.anaconda.org/nvidia/win-64/cuda-nvrtc-dev-11.8.89-0.tar.bz2#18132d5744a60ec64ab62e35a7a4d618
https://conda.anaconda.org/nvidia/win-64/libcublas-dev-11.11.3.6-0.tar.bz2#ec868c016e21a206980c57cacc2d8fbc
https://conda.anaconda.org/nvidia/win-64/libcufft-dev-10.9.0.58-0.tar.bz2#3324bab83e7415785abdcc80ebceda72
https://conda.anaconda.org/nvidia/win-64/libcurand-dev-10.3.2.56-0.tar.bz2#1ef8924a4928d6aec58ea2f73da69da4
https://conda.anaconda.org/nvidia/win-64/libcusolver-dev-11.4.1.48-0.tar.bz2#5be85962afcb4326fc6e80294d2b15e5
https://conda.anaconda.org/nvidia/win-64/libcusparse-dev-11.7.5.86-0.tar.bz2#e2fe98ab4b1442f85024c2fe96bc7a61
https://conda.anaconda.org/nvidia/win-64/libnpp-dev-11.8.0.86-0.tar.bz2#b7a4f974dec24d055e46217db1b263a6
https://conda.anaconda.org/nvidia/win-64/libnvjpeg-dev-11.9.0.86-0.tar.bz2#f116753a5673e7b113f5e06081059f6d
https://conda.anaconda.org/conda-forge/win-64/m2w64-gmp-6.1.0-2.tar.bz2#53a1c73e1e3d185516d7e3af177596d9
https://conda.anaconda.org/conda-forge/win-64/m2w64-libwinpthread-git-5.0.0.4634.697f757-2.tar.bz2#774130a326dee16f1ceb05cc687ee4f0
https://conda.anaconda.org/conda-forge/win-64/vs2015_runtime-14.34.31931-h4c5c07a_10.conda#25640086ba777e79e5d233d079d7c5fc
https://conda.anaconda.org/nvidia/win-64/cuda-libraries-dev-11.8.0-0.tar.bz2#4dceddb905013e47bee99757d42dfdd4
https://conda.anaconda.org/nvidia/win-64/cuda-runtime-11.8.0-0.tar.bz2#9782ebd2dc96d2fd463c0d4a99254da6
https://conda.anaconda.org/conda-forge/win-64/m2w64-gcc-libs-core-5.3.0-7.tar.bz2#4289d80fb4d272f1f3b56cfe87ac90bd
https://conda.anaconda.org/conda-forge/win-64/vc-14.3-hb6edc58_10.conda#52d246d8d14b83c516229be5bb03a163
https://conda.anaconda.org/conda-forge/win-64/aws-c-common-0.8.12-hcfcfb64_0.conda#18fff0161eeb217ed805068c80f984a6
https://conda.anaconda.org/conda-forge/win-64/bzip2-1.0.8-h8ffe710_4.tar.bz2#7c03c66026944073040cb19a4f3ec3c9
https://conda.anaconda.org/conda-forge/win-64/c-ares-1.18.1-h8ffe710_0.tar.bz2#6aa55bbdfe054ea36c1c99d3adace8d9
https://conda.anaconda.org/conda-forge/win-64/gflags-2.2.2-ha925a31_1004.tar.bz2#e9442160f56fa442d4ff3eb2e4cf0f22
https://conda.anaconda.org/conda-forge/win-64/libabseil-20230125.0-cxx17_h63175ca_1.conda#768d0974049a1146ff45579a05b112ca
https://conda.anaconda.org/conda-forge/win-64/libbrotlicommon-1.0.9-hcfcfb64_8.tar.bz2#e8078e37208cd7d3e1eb5053f370ded8
https://conda.anaconda.org/conda-forge/win-64/libcrc32c-1.1.2-h0e60522_0.tar.bz2#cd4cc2d0c610c8cb5419ccc979f2d6ce
https://conda.anaconda.org/conda-forge/win-64/libffi-3.4.2-h8ffe710_5.tar.bz2#2c96d1b6915b408893f9472569dee135
https://conda.anaconda.org/conda-forge/win-64/libiconv-1.17-h8ffe710_0.tar.bz2#050119977a86e4856f0416e2edcf81bb
https://conda.anaconda.org/conda-forge/win-64/libsqlite-3.40.0-hcfcfb64_0.tar.bz2#5e5a97795de72f8cc3baf3d9ea6327a2
https://conda.anaconda.org/conda-forge/win-64/libutf8proc-2.8.0-h82a8f57_0.tar.bz2#076894846fe9f068f91c57d158c90cba
https://conda.anaconda.org/conda-forge/win-64/libuv-1.44.2-h8ffe710_0.tar.bz2#0d45ae978c33ff0b5f95ea24c717d5cf
https://conda.anaconda.org/conda-forge/win-64/libzlib-1.2.13-hcfcfb64_4.tar.bz2#0cc5c5cc64ee1637f37f8540a175854c
https://conda.anaconda.org/conda-forge/win-64/lz4-c-1.9.4-hcfcfb64_0.conda#e34720eb20a33fc3bfb8451dd837ab7a
https://conda.anaconda.org/conda-forge/win-64/m2w64-gcc-libgfortran-5.3.0-6.tar.bz2#066552ac6b907ec6d72c0ddab29050dc
https://conda.anaconda.org/conda-forge/win-64/openssl-3.0.8-hcfcfb64_0.conda#46cd47b2c18522b98c34e5101e583137
https://conda.anaconda.org/conda-forge/win-64/pthreads-win32-2.9.1-hfa6e2cd_3.tar.bz2#e2da8758d7d51ff6aa78a14dfb9dbed4
https://conda.anaconda.org/pytorch-nightly/win-64/pytorch-cuda-11.8-h24eeafa_3.tar.bz2#6ee51fc21565141ac3fc1c1cfcd63888
https://conda.anaconda.org/conda-forge/win-64/re2-2023.02.02-h63175ca_0.conda#586130698a48cd88f76e3fba5f091243
https://conda.anaconda.org/conda-forge/win-64/snappy-1.1.9-hfb803bf_2.tar.bz2#073b08c65807f205d990ace14ccacdb2
https://conda.anaconda.org/conda-forge/win-64/tk-8.6.12-h8ffe710_0.tar.bz2#c69a5047cc9291ae40afd4a1ad6f0c0f
https://conda.anaconda.org/conda-forge/win-64/xxhash-0.8.1-hcfcfb64_0.conda#32fa865ad5509c7184f7a1efcc1f2df9
https://conda.anaconda.org/conda-forge/win-64/xz-5.2.6-h8d14728_0.tar.bz2#515d77642eaa3639413c6b1bc3f94219
https://conda.anaconda.org/conda-forge/win-64/yaml-0.2.5-h8ffe710_2.tar.bz2#adbfb9f45d1004a26763652246a33764
https://conda.anaconda.org/conda-forge/win-64/aws-c-cal-0.5.21-h85b6bf8_1.conda#8a1162e3051161dfb26c0982b2ac211f
https://conda.anaconda.org/conda-forge/win-64/aws-c-compression-0.2.16-hf8831c8_4.conda#8b3e1e25e7b664f73c1c3014c3bfb633
https://conda.anaconda.org/conda-forge/win-64/aws-c-sdkutils-0.1.7-hf8831c8_4.conda#78ddd133b77f0ef791385b16ae4e9d76
https://conda.anaconda.org/conda-forge/win-64/aws-checksums-0.1.14-hf8831c8_4.conda#cda5ff64e35c02a1ca21eaae5d1b5043
https://conda.anaconda.org/conda-forge/win-64/glog-0.6.0-h4797de2_0.tar.bz2#fdc11ab9a621f009995e89f52bea3004
https://conda.anaconda.org/conda-forge/win-64/krb5-1.20.1-heb0366b_0.conda#a07b05ee8f451ab15698397185efe989
https://conda.anaconda.org/conda-forge/win-64/libbrotlidec-1.0.9-hcfcfb64_8.tar.bz2#99839d9d81f33afa173c0fa82a702038
https://conda.anaconda.org/conda-forge/win-64/libbrotlienc-1.0.9-hcfcfb64_8.tar.bz2#88e62627120c20289bf8982b15e0a6a1
https://conda.anaconda.org/conda-forge/win-64/libprotobuf-3.21.12-h12be248_0.conda#065644957b64030c520c732a0b7eb43d
https://conda.anaconda.org/conda-forge/win-64/libssh2-1.10.0-h9a1e1f7_3.tar.bz2#c2b344e960a173c777bb3ed172c38cd8
https://conda.anaconda.org/conda-forge/win-64/libthrift-0.18.0-h9ce19ad_0.conda#9e407424204e8a73b02421bbe1af726f
https://conda.anaconda.org/conda-forge/win-64/libxml2-2.10.3-hc3477c8_0.tar.bz2#6dcf17bf780618ddb559d992ea3b6961
https://conda.anaconda.org/conda-forge/win-64/m2w64-gcc-libs-5.3.0-7.tar.bz2#fe759119b8b3bfa720b8762c6fdc35de
https://conda.anaconda.org/conda-forge/win-64/python-3.10.9-h4de0772_0_cpython.conda#cc5b9e6942bf857abb0bebb8b8f4a858
https://conda.anaconda.org/conda-forge/win-64/zlib-1.2.13-hcfcfb64_4.tar.bz2#eed9fec3e6d2e8865135b09d24ca040c
https://conda.anaconda.org/conda-forge/win-64/zstd-1.5.2-h12be248_6.conda#62826565682d013b3e2346aaf7bded0e
https://conda.anaconda.org/conda-forge/noarch/appdirs-1.4.4-pyh9f0ad1d_0.tar.bz2#5f095bc6454094e96f146491fd03633b
https://conda.anaconda.org/conda-forge/noarch/attrs-22.2.0-pyh71513ae_0.conda#8b76db7818a4e401ed4486c4c1635cd9
https://conda.anaconda.org/conda-forge/win-64/aws-c-io-0.13.18-h7ae7922_3.conda#23484fdbee611b791b69bdff4e679502
https://conda.anaconda.org/conda-forge/noarch/certifi-2022.12.7-pyhd8ed1ab_0.conda#fb9addc3db06e56abe03e0e9f21a63e6
https://conda.anaconda.org/conda-forge/noarch/charset-normalizer-2.1.1-pyhd8ed1ab_0.tar.bz2#c1d5b294fbf9a795dec349a6f4d8be8e
https://conda.anaconda.org/conda-forge/noarch/colorama-0.4.6-pyhd8ed1ab_0.tar.bz2#3faab06a954c2a04039983f2c4a50d99
https://conda.anaconda.org/conda-forge/noarch/dargparser-1.0.0-pyhd8ed1ab_0.conda#27575b8cae01b515600ee429d62d8ae7
https://conda.anaconda.org/conda-forge/noarch/dataclasses-0.8-pyhc8e2a94_3.tar.bz2#a362b2124b06aad102e2ee4581acee7d
https://conda.anaconda.org/conda-forge/noarch/dill-0.3.6-pyhd8ed1ab_1.tar.bz2#88c82ca702197fff8a5e87619707556b
https://conda.anaconda.org/conda-forge/noarch/filelock-3.9.0-pyhd8ed1ab_0.conda#1addc115923d646ca19ed90edc413506
https://conda.anaconda.org/conda-forge/win-64/frozenlist-1.3.3-py310h8d17308_0.tar.bz2#550271ca005a4c805cd7391cef008dc6
https://conda.anaconda.org/conda-forge/noarch/fsspec-2023.3.0-pyhd8ed1ab_0.conda#aed37a29e9fb974f6514e3d589c447bb
https://conda.anaconda.org/conda-forge/noarch/idna-3.4-pyhd8ed1ab_0.tar.bz2#34272b248891bddccc64479f9a7fffed
https://conda.anaconda.org/conda-forge/win-64/libcurl-7.88.1-h68f0423_0.conda#382f59d4d1e98d89b32402c07e7c5017
https://conda.anaconda.org/conda-forge/win-64/libgrpc-1.51.1-h32da247_3.conda#8a3437df9d33d77a59b82b2984cbe233
https://conda.anaconda.org/conda-forge/win-64/libhwloc-2.9.0-h51c2c0f_0.conda#6cbde93c514acb846762631c15c5d3c2
https://conda.anaconda.org/conda-forge/noarch/mccabe-0.7.0-pyhd8ed1ab_0.tar.bz2#34fc335fc50eef0b5ea708f2b5f54e0c
https://conda.anaconda.org/conda-forge/noarch/mpmath-1.2.1-pyhd8ed1ab_0.tar.bz2#9b06ebbd24f7c60ba5a29117c528514e
https://conda.anaconda.org/conda-forge/win-64/multidict-6.0.4-py310h8d17308_0.conda#23a55d74d8f91c7667555b81030034bf
https://conda.anaconda.org/conda-forge/noarch/mypy_extensions-1.0.0-pyha770c72_0.conda#4eccaeba205f0aed9ac3a9ea58568ca3
https://conda.anaconda.org/conda-forge/noarch/networkx-3.0-pyhd8ed1ab_0.conda#88e40007414ea9a13f8df20fcffa87e2
https://conda.anaconda.org/conda-forge/win-64/orc-1.8.2-hada7b9e_2.conda#a0117239a8b92153126937b6a6312bdd
https://conda.anaconda.org/conda-forge/noarch/packaging-23.0-pyhd8ed1ab_0.conda#1ff2e3ca41f0ce16afec7190db28288b
https://conda.anaconda.org/conda-forge/noarch/pathspec-0.11.0-pyhd8ed1ab_0.conda#641ebf6fbbb8d5576c5280ba23ceaf76
https://conda.anaconda.org/conda-forge/noarch/pathtools-0.1.2-py_1.tar.bz2#7c9b5632c61951216374dbaa34659301
https://conda.anaconda.org/conda-forge/win-64/psutil-5.9.4-py310h8d17308_0.tar.bz2#88bc28b36cb3ede7866f569c65f8a691
https://conda.anaconda.org/conda-forge/noarch/pycodestyle-2.10.0-pyhd8ed1ab_0.conda#89843e4cc99c6a3fe5f4c86994cc8410
https://conda.anaconda.org/conda-forge/noarch/pycparser-2.21-pyhd8ed1ab_0.tar.bz2#076becd9e05608f8dc72757d5f3a91ff
https://conda.anaconda.org/conda-forge/noarch/pyflakes-3.0.1-pyhd8ed1ab_0.conda#44b7d77d96560c93e0e11437a3c35254
https://conda.anaconda.org/conda-forge/win-64/python-xxhash-3.2.0-py310h8d17308_0.conda#612c258489f7d29c69e1bf08e23849eb
https://conda.anaconda.org/conda-forge/noarch/pytz-2022.7.1-pyhd8ed1ab_0.conda#f59d49a7b464901cf714b9e7984d01a2
https://conda.anaconda.org/conda-forge/win-64/pyyaml-6.0-py310h8d17308_5.tar.bz2#d0daf3eed98dd2bf4337ed08d8011eb8
https://conda.anaconda.org/conda-forge/win-64/regex-2022.10.31-py310h8d17308_0.tar.bz2#2170efa2fade1a873918245fc1f7e454
https://conda.anaconda.org/conda-forge/win-64/setproctitle-1.3.2-py310h8d17308_1.tar.bz2#1017614e4cf837f40096823240417cf4
https://conda.anaconda.org/conda-forge/noarch/setuptools-67.5.0-pyhd8ed1ab_0.conda#876be0992aa26ef42929e50d13c235e2
https://conda.anaconda.org/conda-forge/noarch/six-1.16.0-pyh6c4a22f_0.tar.bz2#e5f25f8dbc060e9a8d912e432202afc2
https://conda.anaconda.org/conda-forge/noarch/smmap-3.0.5-pyh44b312d_0.tar.bz2#3a8dc70789709aa315325d5df06fb7e4
https://conda.anaconda.org/conda-forge/win-64/tokenizers-0.13.2-py310h2790ac9_0.conda#1e8b72decc63101598b44c8af622f11b
https://conda.anaconda.org/conda-forge/noarch/tomli-2.0.1-pyhd8ed1ab_0.tar.bz2#5844808ffab9ebdb694585b50ba02a96
https://conda.anaconda.org/conda-forge/noarch/typing_extensions-4.4.0-pyha770c72_0.tar.bz2#2d93b130d148d7fc77e583677792fc6a
https://conda.anaconda.org/conda-forge/noarch/wheel-0.38.4-pyhd8ed1ab_0.tar.bz2#c829cfb8cb826acb9de0ac1a2df0a940
https://conda.anaconda.org/conda-forge/noarch/win32_setctime-1.1.0-pyhd8ed1ab_0.tar.bz2#dc80c0c2b01f7d6d6d5df4b63ef54f17
https://conda.anaconda.org/conda-forge/noarch/win_inet_pton-1.1.0-pyhd8ed1ab_6.tar.bz2#30878ecc4bd36e8deeea1e3c151b2e0b
https://conda.anaconda.org/conda-forge/noarch/zipp-3.15.0-pyhd8ed1ab_0.conda#13018819ca8f5b7cc675a8faf1f5fedf
https://conda.anaconda.org/conda-forge/noarch/aiosignal-1.3.1-pyhd8ed1ab_0.tar.bz2#d1e1eb7e21a9e2c74279d87dafb68156
https://conda.anaconda.org/conda-forge/win-64/aws-c-event-stream-0.2.20-h2d3f8d5_2.conda#f984bb942414e4791c6f5e0f1128599d
https://conda.anaconda.org/conda-forge/win-64/aws-c-http-0.7.5-h4b9a195_3.conda#c0d75373d008b9b6f156af52c16cf24d
https://conda.anaconda.org/conda-forge/win-64/cffi-1.15.1-py310h628cb3f_3.conda#b7ca236d34501eb6a70691c1e29a0234
https://conda.anaconda.org/conda-forge/noarch/click-8.1.3-win_pyhd8ed1ab_2.tar.bz2#6b58680207b526c42dcff68b543803dd
https://conda.anaconda.org/conda-forge/noarch/docker-pycreds-0.4.0-py_0.tar.bz2#c69f19038efee4eb534623610d0c2053
https://conda.anaconda.org/conda-forge/noarch/flake8-6.0.0-pyhd8ed1ab_0.conda#e9345ba05d71742412b8aa6992ad9457
https://conda.anaconda.org/conda-forge/noarch/gitdb-4.0.10-pyhd8ed1ab_0.conda#3706d2f3d7cb5dae600c833345a76132
https://conda.anaconda.org/conda-forge/noarch/importlib-metadata-6.0.0-pyha770c72_0.conda#691644becbcdca9f73243450b1c63e62
https://conda.anaconda.org/conda-forge/noarch/isort-5.12.0-pyhd8ed1ab_1.conda#07ed3421bad60867234c7a9282ea39d4
https://conda.anaconda.org/conda-forge/noarch/joblib-1.2.0-pyhd8ed1ab_0.tar.bz2#7583652522d71ad78ba536bba06940eb
https://conda.anaconda.org/conda-forge/win-64/libgoogle-cloud-2.8.0-hb21f050_0.conda#215cc00c30a423a030ec1ec7a5deaea1
https://conda.anaconda.org/conda-forge/noarch/lightning-utilities-0.7.0-pyhd8ed1ab_1.conda#66d1abc0470d97027d59dd1df8cd77c8
https://conda.anaconda.org/conda-forge/win-64/loguru-0.6.0-py310h5588dad_2.tar.bz2#2082abb28ee725fd153833b6dbd0af38
https://conda.anaconda.org/conda-forge/win-64/multiprocess-0.70.14-py310h8d17308_3.tar.bz2#207b8e345a70a0a7e8669f402d2641db
https://conda.anaconda.org/conda-forge/noarch/pip-23.0.1-pyhd8ed1ab_0.conda#8025ca83b8ba5430b640b83917c2a6f7
https://conda.anaconda.org/conda-forge/win-64/protobuf-4.21.12-py310h00ffb61_0.conda#bc7af38de2d06a42df22de09b94eea75
https://conda.anaconda.org/conda-forge/noarch/pysocks-1.7.1-pyh0701188_6.tar.bz2#56cd9fe388baac0e90c7149cfac95b60
https://conda.anaconda.org/conda-forge/noarch/python-dateutil-2.8.2-pyhd8ed1ab_0.tar.bz2#dd999d1cc9f79e67dbb855c8924c7984
https://conda.anaconda.org/conda-forge/win-64/sympy-1.11.1-py310h5588dad_2.tar.bz2#2d4113acab5fe35a9ab4131218c800a3
https://conda.anaconda.org/conda-forge/win-64/tbb-2021.8.0-h91493d7_0.conda#e155410da447d8e37302a561b911dcb8
https://conda.anaconda.org/conda-forge/noarch/tqdm-4.65.0-pyhd8ed1ab_1.conda#ed792aff3acb977d09c7013358097f83
https://conda.anaconda.org/conda-forge/noarch/typing-extensions-4.4.0-hd8ed1ab_0.tar.bz2#be969210b61b897775a0de63cd9e9026
https://conda.anaconda.org/conda-forge/win-64/yarl-1.8.2-py310h8d17308_0.conda#ca778392f9e76350e1bd0914823baeb5
https://conda.anaconda.org/conda-forge/noarch/async-timeout-4.0.2-pyhd8ed1ab_0.tar.bz2#25e79f9a1133556671becbd65a170c78
https://conda.anaconda.org/conda-forge/win-64/aws-c-auth-0.6.25-he7784bb_4.conda#3361965d4eb4a5db33e28738b5595c05
https://conda.anaconda.org/conda-forge/win-64/aws-c-mqtt-0.8.6-hbdca61f_9.conda#7a6fff77eb44b71f332daf307c1eafcf
https://conda.anaconda.org/conda-forge/win-64/brotlipy-0.7.0-py310h8d17308_1005.tar.bz2#6cb010e0fa21d7b606a13038a89ccbc2
https://conda.anaconda.org/conda-forge/win-64/cryptography-39.0.2-py310h6e82f81_0.conda#2d0cf9188cc0da3b37ee3286ef2d74ca
https://conda.anaconda.org/conda-forge/noarch/gitpython-3.1.31-pyhd8ed1ab_0.conda#f6e6b482110246a81c3f03e81c68752d
https://conda.anaconda.org/conda-forge/noarch/importlib_metadata-6.0.0-hd8ed1ab_0.conda#a67d43e1527a37199dd8db913366f68e
https://conda.anaconda.org/conda-forge/win-64/mkl-2022.1.0-h6a75c08_874.tar.bz2#2ff89a7337a9636029b4db9466e9f8e3
https://conda.anaconda.org/conda-forge/noarch/platformdirs-3.1.0-pyhd8ed1ab_0.conda#0b8fbdfd52918bc2f1b76feccd95c919
https://conda.anaconda.org/conda-forge/noarch/sacremoses-0.0.53-pyhd8ed1ab_0.tar.bz2#76c3c384fe0941f1b08193736e8e277a
https://conda.anaconda.org/conda-forge/win-64/aiohttp-3.8.4-py310h8d17308_0.conda#1b9c65dd95d828865f4b7d0dbb3d501b
https://conda.anaconda.org/conda-forge/win-64/aws-c-s3-0.2.5-hf99a3b4_5.conda#aa90ba5b788e9810005a779e2d7a2584
https://conda.anaconda.org/conda-forge/win-64/black-23.1.0-py310h5588dad_0.conda#e376fe05d9f4feaed353cdeeffc171d8
https://conda.anaconda.org/conda-forge/win-64/libblas-3.9.0-16_win64_mkl.tar.bz2#d2e6f4e86cee2b4e8c27ff6884ccdc61
https://conda.anaconda.org/conda-forge/win-64/mkl-devel-2022.1.0-h57928b3_875.tar.bz2#6319a06307af296c1dfae93687c283b2
https://conda.anaconda.org/conda-forge/noarch/pyopenssl-23.0.0-pyhd8ed1ab_0.conda#d41957700e83bbb925928764cb7f8878
https://conda.anaconda.org/conda-forge/win-64/aws-crt-cpp-0.19.8-haaea762_6.conda#7de856b6ceb576af380bf7d2f38dbfaa
https://conda.anaconda.org/conda-forge/win-64/libcblas-3.9.0-16_win64_mkl.tar.bz2#14c2fb03b2bb14dfa3806186ca91d557
https://conda.anaconda.org/conda-forge/win-64/liblapack-3.9.0-16_win64_mkl.tar.bz2#be2f9d5712a5bb05cd900005ee752a05
https://conda.anaconda.org/conda-forge/noarch/urllib3-1.26.14-pyhd8ed1ab_0.conda#01f33ad2e0aaf6b5ba4add50dad5ad29
https://conda.anaconda.org/conda-forge/win-64/aws-sdk-cpp-1.10.57-hd5bd07e_7.conda#b7dc632751beafa796ecc12d7e73ba18
https://conda.anaconda.org/conda-forge/win-64/liblapacke-3.9.0-16_win64_mkl.tar.bz2#983e827b7c9562075c2e74d596d056c1
https://conda.anaconda.org/conda-forge/win-64/numpy-1.24.2-py310hd02465a_0.conda#bf67b852c970df4ea3e41313bcf09fc2
https://conda.anaconda.org/conda-forge/noarch/requests-2.28.2-pyhd8ed1ab_0.conda#11d178fc55199482ee48d6812ea83983
https://conda.anaconda.org/conda-forge/noarch/sentry-sdk-1.16.0-pyhd8ed1ab_0.conda#294a367fe15ebe67b5ad899371c4fb93
https://conda.anaconda.org/conda-forge/win-64/blas-devel-3.9.0-16_win64_mkl.tar.bz2#dc89c75a7dd26c88ac77d64bf313973e
https://conda.anaconda.org/conda-forge/noarch/huggingface_hub-0.12.1-pyhd8ed1ab_0.conda#747011135c12142f3462fee77a8ee9db
https://conda.anaconda.org/conda-forge/win-64/libarrow-11.0.0-hf268bf0_9_cpu.conda#e5ba0501b75b323573283ccde3dbdc54
https://conda.anaconda.org/conda-forge/win-64/pandas-1.5.3-py310h1c4a608_0.conda#9804d59dd8ea7d363ac2ccbba29c950c
https://conda.anaconda.org/conda-forge/noarch/responses-0.18.0-pyhd8ed1ab_0.tar.bz2#a10d30e613a2a1a78a89ceadf3832e7c
https://conda.anaconda.org/conda-forge/noarch/wandb-0.13.10-pyhd8ed1ab_0.conda#ee7c0d363e05f49f802e430c7782c567
https://conda.anaconda.org/conda-forge/win-64/arrow-cpp-11.0.0-h57928b3_9_cpu.conda#0dd3e38f2c07990c18ed692147259e2f
https://conda.anaconda.org/conda-forge/win-64/blas-2.116-mkl.tar.bz2#7529860b43278247a278c6f56a191d2e
https://conda.anaconda.org/conda-forge/noarch/parquet-cpp-1.5.1-2.tar.bz2#79a5f78c42817594ae016a7896521a97
https://conda.anaconda.org/pytorch-nightly/win-64/pytorch-2.1.0.dev20230305-py3.10_cuda11.8_cudnn8_0.tar.bz2#dfdc314c21d748502d860e9d410e4683
https://conda.anaconda.org/conda-forge/win-64/pyarrow-11.0.0-py310hd1a9178_9_cpu.conda#5c9fb67fc11f7444e72fcb8b495b1dd9
https://conda.anaconda.org/conda-forge/noarch/torchmetrics-0.11.3-pyhd8ed1ab_0.conda#87ff1417a23e42f079349f416767ab4c
https://conda.anaconda.org/conda-forge/noarch/datasets-2.10.1-pyhd8ed1ab_0.conda#279f92f66219ffa508a2b2746a7f107c
https://conda.anaconda.org/conda-forge/noarch/pytorch-lightning-1.9.4-pyhd8ed1ab_0.conda#5fa8abd58b63cb3b3f763b15050f8564
https://conda.anaconda.org/conda-forge/noarch/transformers-4.26.1-pyhd8ed1ab_0.conda#9ee93d77d1f590045d0d1da2b499d504
# pip warmup-scheduler @ https://files.pythonhosted.org/packages/00/39/f77fb5a7a572891c1f4df1d8e1373a1380cb6d861933886334553244d002/warmup_scheduler-0.3.tar.gz#sha256=63624cf5010772252c530ceb1a64e3fd60e3ee54264054da389f1b421089b714
