# Generated by conda-lock.
# platform: osx-arm64
# input_hash: e43caecc89157491050414e5a41253ecd6c834d96ffa86c42e82dd0c11d74b8e
@EXPLICIT
https://conda.anaconda.org/conda-forge/osx-arm64/aws-c-common-0.8.11-h1a8c8d9_0.conda#09d93d41b84a58fd93b2e3a57b29d938
https://conda.anaconda.org/conda-forge/osx-arm64/bzip2-1.0.8-h3422bc3_4.tar.bz2#fc76ace7b94fb1f694988ab1b14dd248
https://conda.anaconda.org/conda-forge/osx-arm64/c-ares-1.18.1-h3422bc3_0.tar.bz2#5dd04dad345af4f1e8f3f0d5afc03b67
https://conda.anaconda.org/conda-forge/osx-arm64/ca-certificates-2022.12.7-h4653dfc_0.conda#7dc111916edc905957b7417a247583b6
https://conda.anaconda.org/conda-forge/osx-arm64/libbrotlicommon-1.0.9-h1a8c8d9_8.tar.bz2#84eb0c3c995a865079080d092e4a3c06
https://conda.anaconda.org/conda-forge/osx-arm64/libcxx-15.0.7-h75e25f2_0.conda#16d9581f4cdc3406a059a607dd2ed816
https://conda.anaconda.org/conda-forge/osx-arm64/libev-4.33-h642e427_1.tar.bz2#566dbf70fe79eacdb3c3d3d195a27f55
https://conda.anaconda.org/conda-forge/osx-arm64/libffi-3.4.2-h3422bc3_5.tar.bz2#086914b672be056eb70fd4285b6783b6
https://conda.anaconda.org/conda-forge/osx-arm64/libiconv-1.17-he4db4b2_0.tar.bz2#686f9c755574aa221f29fbcf36a67265
https://conda.anaconda.org/conda-forge/osx-arm64/libutf8proc-2.8.0-h1a8c8d9_0.tar.bz2#f8c9c41a122ab3abdf8943b13f4957ee
https://conda.anaconda.org/conda-forge/osx-arm64/libzlib-1.2.13-h03a7124_4.tar.bz2#780852dc54c4c07e64b276a97f89c162
https://conda.anaconda.org/conda-forge/osx-arm64/llvm-openmp-15.0.7-h7cfbb63_0.conda#358164e15a9320f11b84a53fb8d8e446
https://conda.anaconda.org/conda-forge/osx-arm64/lzo-2.10-h642e427_1000.tar.bz2#ddab5f96f5573a9bd5e24f9994fd6ec9
https://conda.anaconda.org/conda-forge/osx-arm64/ncurses-6.3-h07bb92c_1.tar.bz2#db86e5a978380a13f5559f97afdfe99d
https://conda.anaconda.org/conda-forge/noarch/pybind11-abi-4-hd8ed1ab_3.tar.bz2#878f923dd6acc8aeb47a75da6c4098be
https://conda.anaconda.org/conda-forge/osx-arm64/python_abi-3.11-3_cp311.conda#e1586496f8acd1c9293019ab14dbde9d
https://conda.anaconda.org/conda-forge/osx-arm64/reproc-14.2.4-h1a8c8d9_0.conda#2926452d62f061150e61a244557ab6a9
https://conda.anaconda.org/conda-forge/noarch/tzdata-2022g-h191b570_0.conda#51fc4fcfb19f5d95ffc8c339db5068e8
https://conda.anaconda.org/conda-forge/osx-arm64/xxhash-0.8.1-h1a8c8d9_0.conda#11535f573958b469db208bb69c9c8bbf
https://conda.anaconda.org/conda-forge/osx-arm64/xz-5.2.6-h57fd34a_0.tar.bz2#39c6b54e94014701dd157f4f576ed211
https://conda.anaconda.org/conda-forge/osx-arm64/yaml-0.2.5-h3422bc3_2.tar.bz2#4bb3f014845110883a3c5ee811fd84b4
https://conda.anaconda.org/conda-forge/osx-arm64/aws-c-compression-0.2.16-h7334ab6_3.conda#4a81cbf3fdc3b32cc9d45cbbba7dffbd
https://conda.anaconda.org/conda-forge/osx-arm64/aws-c-sdkutils-0.1.7-h7334ab6_3.conda#e6bad411589ea808d5870383e4e51efc
https://conda.anaconda.org/conda-forge/osx-arm64/aws-checksums-0.1.14-h7334ab6_3.conda#3b2945b7f8610e64a9dcfd0e34136600
https://conda.anaconda.org/conda-forge/osx-arm64/fmt-9.1.0-hffc8910_0.tar.bz2#78c11e6b1e971d49e9610d856a845d2f
https://conda.anaconda.org/conda-forge/osx-arm64/gflags-2.2.2-hc88da5d_1004.tar.bz2#aab9ddfad863e9ef81229a1f8852211b
https://conda.anaconda.org/conda-forge/osx-arm64/icu-70.1-h6b3803e_0.tar.bz2#5fbe318a6be2e8d0f9b0b0c730a62748
https://conda.anaconda.org/conda-forge/osx-arm64/libabseil-20220623.0-cxx17_h28b99d4_6.conda#0d3775e19ec3fe5257dd84cdd333cfcc
https://conda.anaconda.org/conda-forge/osx-arm64/libbrotlidec-1.0.9-h1a8c8d9_8.tar.bz2#640ea7b788cdd0420409bd8479f023f9
https://conda.anaconda.org/conda-forge/osx-arm64/libbrotlienc-1.0.9-h1a8c8d9_8.tar.bz2#572907b78be867937c258421bc0807a8
https://conda.anaconda.org/conda-forge/osx-arm64/libcrc32c-1.1.2-hbdafb3b_0.tar.bz2#32bd82a6a625ea6ce090a81c3d34edeb
https://conda.anaconda.org/conda-forge/osx-arm64/libedit-3.1.20191231-hc8eb9b7_2.tar.bz2#30e4362988a2623e9eb34337b83e01f9
https://conda.anaconda.org/conda-forge/osx-arm64/libgfortran5-11.3.0-hdaf2cc0_28.conda#21e620d9f8e17c55dc47dfc687de5185
https://conda.anaconda.org/conda-forge/osx-arm64/libprotobuf-3.21.12-hb5ab8b9_0.conda#7adb342474af442e3842c422f07fbf68
https://conda.anaconda.org/conda-forge/osx-arm64/libsolv-0.7.23-hb5ab8b9_0.conda#5969086c3e60b8be805f1878816330d1
https://conda.anaconda.org/conda-forge/osx-arm64/libsqlite-3.40.0-h76d750c_0.tar.bz2#d090fcec993f4ef0a90e6df7f231a273
https://conda.anaconda.org/conda-forge/osx-arm64/lz4-c-1.9.4-hb7217d7_0.conda#45505bec548634f7d05e02fb25262cb9
https://conda.anaconda.org/conda-forge/osx-arm64/openssl-3.0.8-h03a7124_0.conda#accdc6784b8ae5dd618a9e76f4c3af36
https://conda.anaconda.org/conda-forge/osx-arm64/re2-2023.02.01-hb7217d7_0.conda#dfed16a8c388ca9b6963a81d6e6bc2df
https://conda.anaconda.org/conda-forge/osx-arm64/readline-8.1.2-h46ed386_0.tar.bz2#dc790f296d94409efb3f22af84ee968d
https://conda.anaconda.org/conda-forge/osx-arm64/reproc-cpp-14.2.4-hb7217d7_0.conda#49f41035f14412b5b27d1e2382d00f02
https://conda.anaconda.org/conda-forge/osx-arm64/sleef-3.5.1-h156473d_2.tar.bz2#bd159e7f04dbf79b06ed2bd37e112458
https://conda.anaconda.org/conda-forge/osx-arm64/snappy-1.1.9-h17c5cce_2.tar.bz2#a0735d35df2c7146f49705c286502cef
https://conda.anaconda.org/conda-forge/osx-arm64/tk-8.6.12-he1e0b03_0.tar.bz2#2cb3d18eac154109107f093860bd545f
https://conda.anaconda.org/conda-forge/osx-arm64/yaml-cpp-0.7.0-hb7217d7_2.tar.bz2#1ba3d7af8b182ae33d49e4bb567076d3
https://conda.anaconda.org/conda-forge/osx-arm64/zlib-1.2.13-h03a7124_4.tar.bz2#34161cff4e29cc45e536abf2f13fd6b4
https://conda.anaconda.org/conda-forge/osx-arm64/zstd-1.5.2-hf913c23_6.conda#8f346953ef63bf5fb482488a659adcf3
https://conda.anaconda.org/conda-forge/osx-arm64/aws-c-cal-0.5.20-h9571af1_6.conda#9b5e514704c6076a1362e40969d42176
https://conda.anaconda.org/conda-forge/osx-arm64/glog-0.6.0-h6da1cb0_0.tar.bz2#5a570729c7709399cf8511aeeda6f989
https://conda.anaconda.org/conda-forge/osx-arm64/krb5-1.20.1-h69eda48_0.conda#a85db53e45b1173f270fc998dd40ec03
https://conda.anaconda.org/conda-forge/osx-arm64/libevent-2.1.10-h7673551_4.tar.bz2#762bda55783500f923a559e21c1cd096
https://conda.anaconda.org/conda-forge/osx-arm64/libgfortran-5.0.0-11_3_0_hd922786_28.conda#d91a6e1915d3f47dc65180859b75203f
https://conda.anaconda.org/conda-forge/osx-arm64/libgrpc-1.51.1-hb15be72_1.conda#21f18ef5399a56060e8746bd980566fe
https://conda.anaconda.org/conda-forge/osx-arm64/libnghttp2-1.52.0-hae82a92_0.conda#1d319e95a0216f801293626a00337712
https://conda.anaconda.org/conda-forge/osx-arm64/libssh2-1.10.0-h7a5bd25_3.tar.bz2#1ffa4340e73809db5a7516cb1a7425a7
https://conda.anaconda.org/conda-forge/osx-arm64/libxml2-2.10.3-h87b0503_0.tar.bz2#35980b9d069648c553d9322bc89ecfbf
https://conda.anaconda.org/conda-forge/osx-arm64/orc-1.8.2-hef0d403_2.conda#58ca1778cb3df6bd153f94362a1fd3da
https://conda.anaconda.org/conda-forge/osx-arm64/python-3.11.0-h3ba56d0_1_cpython.conda#2aa7ca3702d9afd323ca34a9d98879d1
https://conda.anaconda.org/conda-forge/noarch/absl-py-1.4.0-pyhd8ed1ab_0.conda#dd5eed01874c75bebef810a2faec673e
https://conda.anaconda.org/conda-forge/noarch/appdirs-1.4.4-pyh9f0ad1d_0.tar.bz2#5f095bc6454094e96f146491fd03633b
https://conda.anaconda.org/conda-forge/noarch/attrs-22.2.0-pyh71513ae_0.conda#8b76db7818a4e401ed4486c4c1635cd9
https://conda.anaconda.org/conda-forge/osx-arm64/aws-c-io-0.13.17-h323b671_2.conda#83e3b66d6522daa04d9a6df8f81482a8
https://conda.anaconda.org/conda-forge/noarch/blinker-1.5-pyhd8ed1ab_0.tar.bz2#f473c4e32d8180733ba5594d122cb637
https://conda.anaconda.org/conda-forge/noarch/cachetools-5.3.0-pyhd8ed1ab_0.conda#fd006afc4115740d8d52887ee813f262
https://conda.anaconda.org/conda-forge/noarch/cachy-0.3.0-pyhd8ed1ab_1.tar.bz2#5dfee17f24e2dfd18d7392b48c9351e2
https://conda.anaconda.org/conda-forge/noarch/certifi-2022.12.7-pyhd8ed1ab_0.conda#fb9addc3db06e56abe03e0e9f21a63e6
https://conda.anaconda.org/conda-forge/noarch/charset-normalizer-2.1.1-pyhd8ed1ab_0.tar.bz2#c1d5b294fbf9a795dec349a6f4d8be8e
https://conda.anaconda.org/conda-forge/noarch/click-8.1.3-unix_pyhd8ed1ab_2.tar.bz2#20e4087407c7cb04a40817114b333dbf
https://conda.anaconda.org/conda-forge/noarch/colorama-0.4.6-pyhd8ed1ab_0.tar.bz2#3faab06a954c2a04039983f2c4a50d99
https://conda.anaconda.org/conda-forge/noarch/crashtest-0.4.1-pyhd8ed1ab_0.tar.bz2#709a2295dd907bb34afb57d54320642f
https://conda.anaconda.org/conda-forge/noarch/dataclasses-0.8-pyhc8e2a94_3.tar.bz2#a362b2124b06aad102e2ee4581acee7d
https://conda.anaconda.org/conda-forge/noarch/dill-0.3.6-pyhd8ed1ab_1.tar.bz2#88c82ca702197fff8a5e87619707556b
https://conda.anaconda.org/conda-forge/noarch/distlib-0.3.6-pyhd8ed1ab_0.tar.bz2#b65b4d50dbd2d50fa0aeac367ec9eed7
https://conda.anaconda.org/conda-forge/noarch/filelock-3.9.0-pyhd8ed1ab_0.conda#1addc115923d646ca19ed90edc413506
https://conda.anaconda.org/conda-forge/osx-arm64/frozenlist-1.3.3-py311he2be06e_0.tar.bz2#44fe1e496177c6c896857ded897790b6
https://conda.anaconda.org/conda-forge/noarch/fsspec-2023.1.0-pyhd8ed1ab_0.conda#44f6828b8f7cc3433d68d1d1c0e9add2
https://conda.anaconda.org/conda-forge/noarch/idna-3.4-pyhd8ed1ab_0.tar.bz2#34272b248891bddccc64479f9a7fffed
https://conda.anaconda.org/conda-forge/osx-arm64/libarchive-3.6.2-h83f22c9_0.conda#8b59d0f34c4d4db0ee668a5900cc406d
https://conda.anaconda.org/conda-forge/osx-arm64/libcurl-7.88.1-h9049daf_0.conda#c86bbee944bb640609670ce722fba9a4
https://conda.anaconda.org/conda-forge/osx-arm64/libopenblas-0.3.21-openmp_hc731615_3.tar.bz2#2a980a5d8cc34ce70d339b983f9920de
https://conda.anaconda.org/conda-forge/osx-arm64/libthrift-0.18.0-h6635e49_0.conda#8ee1f9cd7e01633de42833d60787b6d3
https://conda.anaconda.org/conda-forge/noarch/lockfile-0.12.2-py_1.tar.bz2#c104d98e09c47519950cffb8dd5b4f10
https://conda.anaconda.org/conda-forge/osx-arm64/loguru-0.6.0-py311h267d04e_2.tar.bz2#0eb75cc71a8aebc43bba2bf932560760
https://conda.anaconda.org/conda-forge/osx-arm64/markupsafe-2.1.2-py311he2be06e_0.conda#06f340fef431792a48e772fc76c5c030
https://conda.anaconda.org/conda-forge/noarch/more-itertools-9.1.0-pyhd8ed1ab_0.conda#1698a717f83cfecf644a877c174c84bd
https://conda.anaconda.org/conda-forge/osx-arm64/msgpack-python-1.0.4-py311hd6ee22a_1.tar.bz2#a030b2da058e2dc54ef3ddb3e03179ff
https://conda.anaconda.org/conda-forge/osx-arm64/multidict-6.0.4-py311he2be06e_0.conda#09fe7f8c8e75d64b0440783605e02e44
https://conda.anaconda.org/conda-forge/noarch/mypy_extensions-1.0.0-pyha770c72_0.conda#4eccaeba205f0aed9ac3a9ea58568ca3
https://conda.anaconda.org/conda-forge/noarch/packaging-23.0-pyhd8ed1ab_0.conda#1ff2e3ca41f0ce16afec7190db28288b
https://conda.anaconda.org/conda-forge/noarch/pastel-0.2.1-pyhd8ed1ab_0.tar.bz2#a4eea5bff523f26442405bc5d1f52adb
https://conda.anaconda.org/conda-forge/noarch/pathspec-0.11.0-pyhd8ed1ab_0.conda#641ebf6fbbb8d5576c5280ba23ceaf76
https://conda.anaconda.org/conda-forge/noarch/pathtools-0.1.2-py_1.tar.bz2#7c9b5632c61951216374dbaa34659301
https://conda.anaconda.org/conda-forge/noarch/pkginfo-1.9.6-pyhd8ed1ab_0.conda#be1e9f1c65a1ed0f2ae9352fec99db64
https://conda.anaconda.org/conda-forge/noarch/pluggy-1.0.0-pyhd8ed1ab_5.tar.bz2#7d301a0d25f424d96175f810935f0da9
https://conda.anaconda.org/conda-forge/osx-arm64/psutil-5.9.4-py311he2be06e_0.tar.bz2#4eb07242cfa7aed4d041a40166753520
https://conda.anaconda.org/conda-forge/noarch/pyasn1-0.4.8-py_0.tar.bz2#06d04c9f8f72ac77911db942eda24fb9
https://conda.anaconda.org/conda-forge/osx-arm64/pycosat-0.6.4-py311he2be06e_1.tar.bz2#083d7a6b24eb7e5a7815a9a810cefa35
https://conda.anaconda.org/conda-forge/noarch/pycparser-2.21-pyhd8ed1ab_0.tar.bz2#076becd9e05608f8dc72757d5f3a91ff
https://conda.anaconda.org/conda-forge/noarch/pydeprecate-0.3.2-pyhd8ed1ab_0.tar.bz2#91226df80767b2e98a5aa1b4a98b7f9a
https://conda.anaconda.org/conda-forge/noarch/pyjwt-2.6.0-pyhd8ed1ab_0.tar.bz2#56d08bbebf5b3719ca2b1688fcfd98a4
https://conda.anaconda.org/conda-forge/noarch/pylev-1.4.0-pyhd8ed1ab_0.tar.bz2#edf8651c4379d9d1495ad6229622d150
https://conda.anaconda.org/conda-forge/noarch/pysocks-1.7.1-pyha2e5f31_6.tar.bz2#2a7de29fb590ca14b5243c4c812c8025
https://conda.anaconda.org/conda-forge/osx-arm64/python-xxhash-3.2.0-py311he2be06e_0.conda#e6bf40dce3e6f7e142a00a7cd08a6f2a
https://conda.anaconda.org/conda-forge/noarch/pytz-2022.7.1-pyhd8ed1ab_0.conda#f59d49a7b464901cf714b9e7984d01a2
https://conda.anaconda.org/conda-forge/osx-arm64/pyyaml-6.0-py311he2be06e_5.tar.bz2#bd3b5db42251cb399567fa21cea3faf6
https://conda.anaconda.org/conda-forge/osx-arm64/regex-2022.10.31-py311he2be06e_0.tar.bz2#47591a17cec5d0091196d66ba579f0b5
https://conda.anaconda.org/conda-forge/osx-arm64/ruamel.yaml.clib-0.2.7-py311he2be06e_1.conda#693e8b069d8b9dac3900d78ae86d79e4
https://conda.anaconda.org/conda-forge/osx-arm64/setproctitle-1.3.2-py311he2be06e_1.tar.bz2#9b2f4953f1efcd962602fcb48a0e6a51
https://conda.anaconda.org/conda-forge/noarch/setuptools-67.4.0-pyhd8ed1ab_0.conda#c6f4b87020c72e2700e3e94c1fc93b70
https://conda.anaconda.org/conda-forge/noarch/six-1.16.0-pyh6c4a22f_0.tar.bz2#e5f25f8dbc060e9a8d912e432202afc2
https://conda.anaconda.org/conda-forge/noarch/smmap-3.0.5-pyh44b312d_0.tar.bz2#3a8dc70789709aa315325d5df06fb7e4
https://conda.anaconda.org/conda-forge/osx-arm64/tensorboard-data-server-0.7.0-py311h507f6e9_0.conda#8617cbd3a98db0597f3273ba76a1423d
https://conda.anaconda.org/conda-forge/noarch/tensorboard-plugin-wit-1.8.1-pyhd8ed1ab_0.tar.bz2#0adae6ededf20046d74a3f9343269efd
https://conda.anaconda.org/conda-forge/osx-arm64/tokenizers-0.13.2-py311h572acbd_0.conda#d767448709beea0445a20db529ce19d1
https://conda.anaconda.org/conda-forge/noarch/tomli-2.0.1-pyhd8ed1ab_0.tar.bz2#5844808ffab9ebdb694585b50ba02a96
https://conda.anaconda.org/conda-forge/noarch/toolz-0.12.0-pyhd8ed1ab_0.tar.bz2#92facfec94bc02d6ccf42e7173831a36
https://conda.anaconda.org/conda-forge/noarch/typing-3.10.0.0-pyhd8ed1ab_0.tar.bz2#e6573ac68718f17b9d4f5c8eda3190f2
https://conda.anaconda.org/conda-forge/noarch/typing_extensions-4.4.0-pyha770c72_0.tar.bz2#2d93b130d148d7fc77e583677792fc6a
https://conda.anaconda.org/conda-forge/noarch/webencodings-0.5.1-py_1.tar.bz2#3563be4c5611a44210d9ba0c16113136
https://conda.anaconda.org/conda-forge/noarch/wheel-0.38.4-pyhd8ed1ab_0.tar.bz2#c829cfb8cb826acb9de0ac1a2df0a940
https://conda.anaconda.org/conda-forge/noarch/zipp-3.15.0-pyhd8ed1ab_0.conda#13018819ca8f5b7cc675a8faf1f5fedf
https://conda.anaconda.org/conda-forge/noarch/aiosignal-1.3.1-pyhd8ed1ab_0.tar.bz2#d1e1eb7e21a9e2c74279d87dafb68156
https://conda.anaconda.org/conda-forge/osx-arm64/aws-c-event-stream-0.2.18-ha663d55_6.conda#efd12c0b06a4a03c180c2df2af25611e
https://conda.anaconda.org/conda-forge/osx-arm64/aws-c-http-0.7.4-h49dec38_2.conda#93877737e00cf7e42fb9b7ad5693bdd6
https://conda.anaconda.org/conda-forge/osx-arm64/cffi-1.15.1-py311hae827db_3.conda#bb7a416f8871a6cf6ddec76450d6cf7b
https://conda.anaconda.org/conda-forge/noarch/click-default-group-1.2.2-pyhd8ed1ab_1.tar.bz2#72a46ffc25701c173932fd55cf0965d3
https://conda.anaconda.org/conda-forge/noarch/clikit-0.6.2-pyhd8ed1ab_2.conda#02abb7b66b02e8b9f5a9b05454400087
https://conda.anaconda.org/conda-forge/noarch/docker-pycreds-0.4.0-py_0.tar.bz2#c69f19038efee4eb534623610d0c2053
https://conda.anaconda.org/conda-forge/noarch/gitdb-4.0.10-pyhd8ed1ab_0.conda#3706d2f3d7cb5dae600c833345a76132
https://conda.anaconda.org/conda-forge/osx-arm64/grpcio-1.51.1-py311h207421f_1.conda#a373dfc715521dcb9d12ad6b87b75492
https://conda.anaconda.org/conda-forge/noarch/html5lib-1.1-pyh9f0ad1d_0.tar.bz2#b2355343d6315c892543200231d7154a
https://conda.anaconda.org/conda-forge/noarch/importlib-metadata-6.0.0-pyha770c72_0.conda#691644becbcdca9f73243450b1c63e62
https://conda.anaconda.org/conda-forge/noarch/isort-5.12.0-pyhd8ed1ab_1.conda#07ed3421bad60867234c7a9282ea39d4
https://conda.anaconda.org/conda-forge/noarch/jaraco.classes-3.2.3-pyhd8ed1ab_0.tar.bz2#31e4a1506968d017229bdb64695013a1
https://conda.anaconda.org/conda-forge/noarch/jinja2-3.1.2-pyhd8ed1ab_1.tar.bz2#c8490ed5c70966d232fdd389d0dbed37
https://conda.anaconda.org/conda-forge/noarch/joblib-1.2.0-pyhd8ed1ab_0.tar.bz2#7583652522d71ad78ba536bba06940eb
https://conda.anaconda.org/conda-forge/osx-arm64/libblas-3.9.0-16_osxarm64_openblas.tar.bz2#53d6d5097f0d62e24db8c1979a21102e
https://conda.anaconda.org/conda-forge/osx-arm64/libgoogle-cloud-2.7.0-hcf11473_1.conda#157bf1d393d6f55a418221ac9ccefee1
https://conda.anaconda.org/conda-forge/osx-arm64/libmamba-1.3.1-h7d1d596_1.conda#c48108f82c3757525525c9bb3758cb43
https://conda.anaconda.org/conda-forge/osx-arm64/multiprocess-0.70.14-py311he2be06e_3.tar.bz2#351f2bab1823ce23f4a8bb3945a6bc51
https://conda.anaconda.org/conda-forge/noarch/pip-23.0.1-pyhd8ed1ab_0.conda#8025ca83b8ba5430b640b83917c2a6f7
https://conda.anaconda.org/conda-forge/osx-arm64/protobuf-4.21.12-py311ha397e9f_0.conda#6156bed45f8f3a9eb921a9b4a1aa0088
https://conda.anaconda.org/conda-forge/noarch/pyasn1-modules-0.2.7-py_0.tar.bz2#ad1e886d09700b2304975335f714bd9c
https://conda.anaconda.org/conda-forge/noarch/python-dateutil-2.8.2-pyhd8ed1ab_0.tar.bz2#dd999d1cc9f79e67dbb855c8924c7984
https://conda.anaconda.org/conda-forge/noarch/pyu2f-0.1.5-pyhd8ed1ab_0.tar.bz2#caabbeaa83928d0c3e3949261daa18eb
https://conda.anaconda.org/conda-forge/noarch/rsa-4.9-pyhd8ed1ab_0.tar.bz2#03bf410858b2cefc267316408a77c436
https://conda.anaconda.org/conda-forge/osx-arm64/ruamel.yaml-0.17.21-py311he2be06e_2.tar.bz2#c9cc3dffd433ca4ab061b1ec82805330
https://conda.anaconda.org/conda-forge/noarch/tomlkit-0.11.6-pyha770c72_0.tar.bz2#471bf9e605820b59988e830382b8d654
https://conda.anaconda.org/conda-forge/noarch/tqdm-4.64.1-pyhd8ed1ab_0.tar.bz2#5526ff3f88f9db87bb0924b9ce575345
https://conda.anaconda.org/conda-forge/noarch/typing-extensions-4.4.0-hd8ed1ab_0.tar.bz2#be969210b61b897775a0de63cd9e9026
https://conda.anaconda.org/conda-forge/noarch/werkzeug-2.2.3-pyhd8ed1ab_0.conda#94dea682ba9d8e091e1f46872886fb1f
https://conda.anaconda.org/conda-forge/osx-arm64/yarl-1.8.2-py311he2be06e_0.conda#a911f21e960e5926726a3ea8f7d108fc
https://conda.anaconda.org/conda-forge/noarch/async-timeout-4.0.2-pyhd8ed1ab_0.tar.bz2#25e79f9a1133556671becbd65a170c78
https://conda.anaconda.org/conda-forge/osx-arm64/aws-c-auth-0.6.24-he8f13b4_5.conda#5d90dcfe8cdbf2063a4f9edd221d616b
https://conda.anaconda.org/conda-forge/osx-arm64/aws-c-mqtt-0.8.6-hdc0f556_6.conda#972c0faffe16fec6544b43466c3a1bf0
https://conda.anaconda.org/conda-forge/osx-arm64/brotlipy-0.7.0-py311he2be06e_1005.tar.bz2#31942140cc59c7985448a29fc159f850
https://conda.anaconda.org/conda-forge/osx-arm64/cryptography-39.0.1-py311h507f6e9_0.conda#c57dc317da7c0b2ed68cbd1a164f4787
https://conda.anaconda.org/conda-forge/noarch/gitpython-3.1.31-pyhd8ed1ab_0.conda#f6e6b482110246a81c3f03e81c68752d
https://conda.anaconda.org/conda-forge/noarch/importlib_metadata-6.0.0-hd8ed1ab_0.conda#a67d43e1527a37199dd8db913366f68e
https://conda.anaconda.org/conda-forge/osx-arm64/libcblas-3.9.0-16_osxarm64_openblas.tar.bz2#c7cfc18378f00d3faf7f8a9a2553be3c
https://conda.anaconda.org/conda-forge/osx-arm64/liblapack-3.9.0-16_osxarm64_openblas.tar.bz2#52d270c579bfca986d6cdd81eb5ed6e7
https://conda.anaconda.org/conda-forge/osx-arm64/libmambapy-1.3.1-py311hf90d2e5_1.conda#5c1d3a621918739d269861ee6bfb1e00
https://conda.anaconda.org/conda-forge/noarch/markdown-3.4.1-pyhd8ed1ab_0.tar.bz2#50d5bcf9693d8c1e7db6b1150b5c4ee5
https://conda.anaconda.org/conda-forge/noarch/platformdirs-3.0.0-pyhd8ed1ab_0.conda#c34694044915d7f291ef257029f2e2af
https://conda.anaconda.org/conda-forge/osx-arm64/pydantic-1.10.5-py311he2be06e_0.conda#d001b2e6e78420b06a56ff5aafc07afb
https://conda.anaconda.org/conda-forge/noarch/sacremoses-0.0.53-pyhd8ed1ab_0.tar.bz2#76c3c384fe0941f1b08193736e8e277a
https://conda.anaconda.org/conda-forge/osx-arm64/zstandard-0.19.0-py311hdcbfb07_1.conda#c77af22da7ff2a1a32c8147f9e22ddc7
https://conda.anaconda.org/conda-forge/osx-arm64/aiohttp-3.8.4-py311he2be06e_0.conda#99d48994d81550a72d187da851b01a9f
https://conda.anaconda.org/conda-forge/osx-arm64/aws-c-s3-0.2.4-hbb4c6b3_3.conda#74db75be95012444d52c4cb6d819c5df
https://conda.anaconda.org/conda-forge/osx-arm64/black-23.1.0-py311h267d04e_0.conda#cc8ec3ecadd65bcbfd6ffc7a4d7829f4
https://conda.anaconda.org/conda-forge/noarch/conda-package-streaming-0.7.0-pyhd8ed1ab_1.conda#1a2fa9e53cfbc2e4d9ab21990805a436
https://conda.anaconda.org/conda-forge/osx-arm64/keyring-23.13.1-py311h267d04e_0.conda#5e309e7f2ccc2db9808c071e9b8b0ed1
https://conda.anaconda.org/conda-forge/osx-arm64/numpy-1.24.2-py311h60f8152_0.conda#d974ec074ab60c2429e85a08063a3318
https://conda.anaconda.org/conda-forge/noarch/oauthlib-3.2.2-pyhd8ed1ab_0.tar.bz2#8f882b197fd9c4941a787926baea4868
https://conda.anaconda.org/conda-forge/noarch/pyopenssl-23.0.0-pyhd8ed1ab_0.conda#d41957700e83bbb925928764cb7f8878
https://conda.anaconda.org/conda-forge/noarch/virtualenv-20.20.0-pyhd8ed1ab_0.conda#a4c92707c28aafc95208c747db80fd3f
https://conda.anaconda.org/conda-forge/osx-arm64/aws-crt-cpp-0.19.7-h6f6c549_7.conda#a580af60db53150e87c773fd0916e653
https://conda.anaconda.org/conda-forge/noarch/conda-package-handling-2.0.2-pyh38be061_0.conda#44800e9bd13143292097c65e57323038
https://conda.anaconda.org/conda-forge/osx-arm64/pandas-1.5.3-py311h4eec4a9_0.conda#a25d99c409cc56e34de4161e649e7349
https://conda.anaconda.org/conda-forge/osx-arm64/pytorch-1.13.1-cpu_py311hb4bb8ad_1.conda#31483cdfb3463fa41ee25897631d54c0
https://conda.anaconda.org/conda-forge/noarch/urllib3-1.26.14-pyhd8ed1ab_0.conda#01f33ad2e0aaf6b5ba4add50dad5ad29
https://conda.anaconda.org/conda-forge/osx-arm64/aws-sdk-cpp-1.10.57-hbe10753_4.conda#53c96375009633ed58c45f2dff4bd776
https://conda.anaconda.org/conda-forge/noarch/requests-2.28.2-pyhd8ed1ab_0.conda#11d178fc55199482ee48d6812ea83983
https://conda.anaconda.org/conda-forge/noarch/sentry-sdk-1.16.0-pyhd8ed1ab_0.conda#294a367fe15ebe67b5ad899371c4fb93
https://conda.anaconda.org/conda-forge/noarch/torchmetrics-0.11.1-pyhd8ed1ab_0.conda#ec30dba3568e3ba505a350ef77ab8e71
https://conda.anaconda.org/conda-forge/noarch/cachecontrol-0.12.11-pyhd8ed1ab_1.conda#e8f0410e0aa03342304357c5cc3bb75d
https://conda.anaconda.org/conda-forge/osx-arm64/conda-23.1.0-py311h267d04e_0.conda#26802ae8bd120aaf1ff5b4689f68552e
https://conda.anaconda.org/conda-forge/noarch/ensureconda-1.4.3-pyhd8ed1ab_0.tar.bz2#c99ae3abf501990769047b4b40a98f17
https://conda.anaconda.org/conda-forge/noarch/google-auth-2.16.1-pyh1a96a4e_0.conda#77235e975f133a69c63068c4b42478f2
https://conda.anaconda.org/conda-forge/noarch/huggingface_hub-0.12.1-pyhd8ed1ab_0.conda#747011135c12142f3462fee77a8ee9db
https://conda.anaconda.org/conda-forge/osx-arm64/libarrow-11.0.0-h0b9b5d1_5_cpu.conda#59fe3f5a0af1a59d80c38f77eeffe874
https://conda.anaconda.org/conda-forge/noarch/requests-oauthlib-1.3.1-pyhd8ed1ab_0.tar.bz2#61b279f051eef9c89d58f4d813e75e04
https://conda.anaconda.org/conda-forge/noarch/responses-0.18.0-pyhd8ed1ab_0.tar.bz2#a10d30e613a2a1a78a89ceadf3832e7c
https://conda.anaconda.org/conda-forge/noarch/wandb-0.13.10-pyhd8ed1ab_0.conda#ee7c0d363e05f49f802e430c7782c567
https://conda.anaconda.org/conda-forge/osx-arm64/arrow-cpp-11.0.0-hce30654_5_cpu.conda#978b798aa78ddc65694a7ba9902f08ea
https://conda.anaconda.org/conda-forge/noarch/cachecontrol-with-filecache-0.12.11-pyhd8ed1ab_1.conda#9df660456c0076d27b802448f7ede78f
https://conda.anaconda.org/conda-forge/noarch/google-auth-oauthlib-0.4.6-pyhd8ed1ab_0.tar.bz2#430db61bdfa0b37903ef73d84bcea2c9
https://conda.anaconda.org/conda-forge/osx-arm64/mamba-1.3.1-py311hb045da1_1.conda#d6e0f88c41ba4a4713c7729d58adde3c
https://conda.anaconda.org/conda-forge/noarch/conda-lock-1.4.0-pyhd8ed1ab_2.conda#e9ecdfe3e7d4f76d67afd65b02a621a0
https://conda.anaconda.org/conda-forge/noarch/parquet-cpp-1.5.1-2.tar.bz2#79a5f78c42817594ae016a7896521a97
https://conda.anaconda.org/conda-forge/noarch/tensorboard-2.12.0-pyhd8ed1ab_0.conda#85ffba1f52f388eaa66628f9d19678ff
https://conda.anaconda.org/conda-forge/osx-arm64/pyarrow-11.0.0-py311h1e679ab_5_cpu.conda#b3f48f18ae5078578f9222042aa34000
https://conda.anaconda.org/conda-forge/noarch/pytorch-lightning-1.7.7-pyhd8ed1ab_0.tar.bz2#13cd25ba6a942cb7bd693493b16f2cef
https://conda.anaconda.org/conda-forge/noarch/datasets-2.10.0-pyhd8ed1ab_0.conda#7e6748e81b5e1cc10a1c3ca229a2e1a5
https://conda.anaconda.org/conda-forge/noarch/transformers-4.26.1-pyhd8ed1ab_0.conda#9ee93d77d1f590045d0d1da2b499d504
# pip warmup-scheduler @ https://files.pythonhosted.org/packages/00/39/f77fb5a7a572891c1f4df1d8e1373a1380cb6d861933886334553244d002/warmup_scheduler-0.3.tar.gz#sha256=63624cf5010772252c530ceb1a64e3fd60e3ee54264054da389f1b421089b714
