# Generated by conda-lock.
# platform: linux-64
# input_hash: d8b440c3a9469e4c46e31d7c793789d2c47e48d84ab0ce1afa7c8272e1f22fde
@EXPLICIT
https://conda.anaconda.org/conda-forge/linux-64/_libgcc_mutex-0.1-conda_forge.tar.bz2#d7c89558ba9fa0495403155b64376d81
https://conda.anaconda.org/conda-forge/linux-64/ca-certificates-2022.12.7-ha878542_0.conda#ff9f73d45c4a07d6f424495288a26080
https://conda.anaconda.org/conda-forge/linux-64/ld_impl_linux-64-2.40-h41732ed_0.conda#7aca3059a1729aa76c597603f10b0dd3
https://conda.anaconda.org/conda-forge/linux-64/libgfortran5-12.2.0-h337968e_19.tar.bz2#164b4b1acaedc47ee7e658ae6b308ca3
https://conda.anaconda.org/conda-forge/linux-64/libstdcxx-ng-12.2.0-h46fd767_19.tar.bz2#1030b1f38c129f2634eae026f704fe60
https://conda.anaconda.org/conda-forge/noarch/pybind11-abi-4-hd8ed1ab_3.tar.bz2#878f923dd6acc8aeb47a75da6c4098be
https://conda.anaconda.org/conda-forge/linux-64/python_abi-3.11-3_cp311.conda#c2e2630ddb68cf52eec74dc7dfab20b5
https://conda.anaconda.org/conda-forge/noarch/tzdata-2022g-h191b570_0.conda#51fc4fcfb19f5d95ffc8c339db5068e8
https://conda.anaconda.org/conda-forge/linux-64/libgfortran-ng-12.2.0-h69a702a_19.tar.bz2#cd7a806282c16e1f2d39a7e80d3a3e0d
https://conda.anaconda.org/conda-forge/linux-64/_openmp_mutex-4.5-2_kmp_llvm.tar.bz2#562b26ba2e19059551a811e72ab7f793
https://conda.anaconda.org/conda-forge/linux-64/libgcc-ng-12.2.0-h65d4601_19.tar.bz2#e4c94f80aef025c17ab0828cd85ef535
https://conda.anaconda.org/conda-forge/linux-64/aws-c-common-0.8.11-h0b41bf4_0.conda#24c6052857f571b63c14cdf159d0a889
https://conda.anaconda.org/conda-forge/linux-64/bzip2-1.0.8-h7f98852_4.tar.bz2#a1fd65c7ccbf10880423d82bca54eb54
https://conda.anaconda.org/conda-forge/linux-64/c-ares-1.18.1-h7f98852_0.tar.bz2#f26ef8098fab1f719c91eb760d63381a
https://conda.anaconda.org/conda-forge/linux-64/cudatoolkit-11.8.0-h37601d7_11.conda#9d166760c8cfa83e2fc989928312da3d
https://conda.anaconda.org/conda-forge/linux-64/expat-2.5.0-h27087fc_0.tar.bz2#c4fbad8d4bddeb3c085f18cbf97fbfad
https://conda.anaconda.org/conda-forge/linux-64/fmt-9.1.0-h924138e_0.tar.bz2#b57864c85261a0fbc7132d2cc17478c7
https://conda.anaconda.org/conda-forge/linux-64/gettext-0.21.1-h27087fc_0.tar.bz2#14947d8770185e5153fdd04d4673ed37
https://conda.anaconda.org/conda-forge/linux-64/gflags-2.2.2-he1b5a44_1004.tar.bz2#cddaf2c63ea4a5901cf09524c490ecdc
https://conda.anaconda.org/conda-forge/linux-64/icu-70.1-h27087fc_0.tar.bz2#87473a15119779e021c314249d4b4aed
https://conda.anaconda.org/conda-forge/linux-64/keyutils-1.6.1-h166bdaf_0.tar.bz2#30186d27e2c9fa62b45fb1476b7200e3
https://conda.anaconda.org/conda-forge/linux-64/libabseil-20220623.0-cxx17_h05df665_6.conda#39f6394ae835f0b16f01cbbd3bb1e8e2
https://conda.anaconda.org/conda-forge/linux-64/libbrotlicommon-1.0.9-h166bdaf_8.tar.bz2#9194c9bf9428035a05352d031462eae4
https://conda.anaconda.org/conda-forge/linux-64/libcrc32c-1.1.2-h9c3ff4c_0.tar.bz2#c965a5aa0d5c1c37ffc62dff36e28400
https://conda.anaconda.org/conda-forge/linux-64/libev-4.33-h516909a_1.tar.bz2#6f8720dff19e17ce5d48cfe7f3d2f0a3
https://conda.anaconda.org/conda-forge/linux-64/libffi-3.4.2-h7f98852_5.tar.bz2#d645c6d2ac96843a2bfaccd2d62b3ac3
https://conda.anaconda.org/conda-forge/linux-64/libiconv-1.17-h166bdaf_0.tar.bz2#b62b52da46c39ee2bc3c162ac7f1804d
https://conda.anaconda.org/conda-forge/linux-64/libnsl-2.0.0-h7f98852_0.tar.bz2#39b1328babf85c7c3a61636d9cd50206
https://conda.anaconda.org/conda-forge/linux-64/libopenblas-0.3.21-pthreads_h78a6416_3.tar.bz2#8c5963a49b6035c40646a763293fbb35
https://conda.anaconda.org/conda-forge/linux-64/libutf8proc-2.8.0-h166bdaf_0.tar.bz2#ede4266dc02e875fe1ea77b25dd43747
https://conda.anaconda.org/conda-forge/linux-64/libuuid-2.32.1-h7f98852_1000.tar.bz2#772d69f030955d9646d3d0eaf21d859d
https://conda.anaconda.org/conda-forge/linux-64/libzlib-1.2.13-h166bdaf_4.tar.bz2#f3f9de449d32ca9b9c66a22863c96f41
https://conda.anaconda.org/conda-forge/linux-64/lz4-c-1.9.4-hcb278e6_0.conda#318b08df404f9c9be5712aaa5a6f0bb0
https://conda.anaconda.org/conda-forge/linux-64/lzo-2.10-h516909a_1000.tar.bz2#bb14fcb13341b81d5eb386423b9d2bac
https://conda.anaconda.org/conda-forge/linux-64/ncurses-6.3-h27087fc_1.tar.bz2#4acfc691e64342b9dae57cf2adc63238
https://conda.anaconda.org/conda-forge/linux-64/ninja-1.11.1-h924138e_0.conda#73a4953a2d9c115bdc10ff30a52f675f
https://conda.anaconda.org/conda-forge/linux-64/openssl-3.0.8-h0b41bf4_0.conda#e043403cd18faf815bf7705ab6c1e092
https://conda.anaconda.org/conda-forge/linux-64/re2-2023.02.01-hcb278e6_0.conda#3fd632f788f8c2c12e67cb4d6d476fd6
https://conda.anaconda.org/conda-forge/linux-64/reproc-14.2.4-h0b41bf4_0.conda#0f51393e019df1f0047ef864cd9ddeec
https://conda.anaconda.org/conda-forge/linux-64/sleef-3.5.1-h9b69904_2.tar.bz2#6e016cf4c525d04a7bd038cee53ad3fd
https://conda.anaconda.org/conda-forge/linux-64/snappy-1.1.9-hbd366e4_2.tar.bz2#48018e187dacc6002d3ede9c824238ac
https://conda.anaconda.org/conda-forge/linux-64/xxhash-0.8.1-h0b41bf4_0.conda#e9c3bcf0e0c719431abec8ca447eee27
https://conda.anaconda.org/conda-forge/linux-64/xz-5.2.6-h166bdaf_0.tar.bz2#2161070d867d1b1204ea749c8eec4ef0
https://conda.anaconda.org/conda-forge/linux-64/yaml-0.2.5-h7f98852_2.tar.bz2#4cb3ad778ec2d5a7acbdf254eb1c42ae
https://conda.anaconda.org/conda-forge/linux-64/yaml-cpp-0.7.0-h27087fc_2.tar.bz2#0449d47d8457feaa3720d4779616dde2
https://conda.anaconda.org/conda-forge/linux-64/aws-c-cal-0.5.20-hc60faf5_6.conda#f5e2634bb8791b3fd40e061bf224531d
https://conda.anaconda.org/conda-forge/linux-64/aws-c-compression-0.2.16-h034cb4b_3.conda#4224277233f98f96d4776ffc7b2bc48c
https://conda.anaconda.org/conda-forge/linux-64/aws-c-sdkutils-0.1.7-h034cb4b_3.conda#bfd97c567c322da27384b78c3bdba382
https://conda.anaconda.org/conda-forge/linux-64/aws-checksums-0.1.14-h034cb4b_3.conda#b9d5c4bf96e9f2465eeacf98e4eaac90
https://conda.anaconda.org/conda-forge/linux-64/cudnn-8.4.1.50-hed8a83a_0.tar.bz2#47c8bc742d9127726750edd47ec9cbd9
https://conda.anaconda.org/conda-forge/linux-64/glog-0.6.0-h6f12383_0.tar.bz2#b31f3565cb84435407594e548a2fb7b2
https://conda.anaconda.org/conda-forge/linux-64/libblas-3.9.0-16_linux64_openblas.tar.bz2#d9b7a8639171f6c6fa0a983edabcfe2b
https://conda.anaconda.org/conda-forge/linux-64/libbrotlidec-1.0.9-h166bdaf_8.tar.bz2#4ae4d7795d33e02bd20f6b23d91caf82
https://conda.anaconda.org/conda-forge/linux-64/libbrotlienc-1.0.9-h166bdaf_8.tar.bz2#04bac51ba35ea023dc48af73c1c88c25
https://conda.anaconda.org/conda-forge/linux-64/libedit-3.1.20191231-he28a2e2_2.tar.bz2#4d331e44109e3f0e19b4cb8f9b82f3e1
https://conda.anaconda.org/conda-forge/linux-64/libevent-2.1.10-h28343ad_4.tar.bz2#4a049fc560e00e43151dc51368915fdd
https://conda.anaconda.org/conda-forge/linux-64/libnghttp2-1.52.0-h61bc06f_0.conda#613955a50485812985c059e7b269f42e
https://conda.anaconda.org/conda-forge/linux-64/libprotobuf-3.21.12-h3eb15da_0.conda#4b36c68184c6c85d88c6e595a32a1ede
https://conda.anaconda.org/conda-forge/linux-64/libsolv-0.7.23-h3eb15da_0.conda#122332e6deb4aea9eaf22021d2ecd256
https://conda.anaconda.org/conda-forge/linux-64/libsqlite-3.40.0-h753d276_0.tar.bz2#2e5f9a37d487e1019fd4d8113adb2f9f
https://conda.anaconda.org/conda-forge/linux-64/libssh2-1.10.0-hf14f497_3.tar.bz2#d85acad4b47dff4e3def14a769a97906
https://conda.anaconda.org/conda-forge/linux-64/libxml2-2.10.3-h7463322_0.tar.bz2#3b933ea47ef8f330c4c068af25fcd6a8
https://conda.anaconda.org/conda-forge/linux-64/llvm-openmp-15.0.7-h0cdce71_0.conda#589c9a3575a050b583241c3d688ad9aa
https://conda.anaconda.org/conda-forge/linux-64/nccl-2.14.3.1-h0800d71_0.tar.bz2#b5c3e448257fd55b4824bd45ee66ba42
https://conda.anaconda.org/conda-forge/linux-64/pcre2-10.40-hc3806b6_0.tar.bz2#69e2c796349cd9b273890bee0febfe1b
https://conda.anaconda.org/conda-forge/linux-64/readline-8.1.2-h0f457ee_0.tar.bz2#db2ebbe2943aae81ed051a6a9af8e0fa
https://conda.anaconda.org/conda-forge/linux-64/reproc-cpp-14.2.4-hcb278e6_0.conda#ede8e0f849f2fee2f78cb488b4ea3b33
https://conda.anaconda.org/conda-forge/linux-64/s2n-1.3.37-h3358134_0.conda#400df5497768b7dad48347a030bfa4ef
https://conda.anaconda.org/conda-forge/linux-64/tk-8.6.12-h27826a3_0.tar.bz2#5b8c42eb62e9fc961af70bdd6a26e168
https://conda.anaconda.org/conda-forge/linux-64/zlib-1.2.13-h166bdaf_4.tar.bz2#4b11e365c0275b808be78b30f904e295
https://conda.anaconda.org/conda-forge/linux-64/zstd-1.5.2-h3eb15da_6.conda#6b63daed8feeca47be78f323e793d555
https://conda.anaconda.org/conda-forge/linux-64/aws-c-io-0.13.17-h10df833_2.conda#ff1d1403c91ac8734420a5fb47c80297
https://conda.anaconda.org/conda-forge/linux-64/krb5-1.20.1-h81ceb04_0.conda#89a41adce7106749573d883b2f657d78
https://conda.anaconda.org/conda-forge/linux-64/libarchive-3.6.2-h3d51595_0.conda#9f915b4adeb9dcfd450b9ad238e2db4c
https://conda.anaconda.org/conda-forge/linux-64/libcblas-3.9.0-16_linux64_openblas.tar.bz2#20bae26d0a1db73f758fc3754cab4719
https://conda.anaconda.org/conda-forge/linux-64/libglib-2.74.1-h606061b_1.tar.bz2#ed5349aa96776e00b34eccecf4a948fe
https://conda.anaconda.org/conda-forge/linux-64/libgrpc-1.51.1-h4fad500_1.conda#d710bbe9046d05055a2c06ef02c23ec3
https://conda.anaconda.org/conda-forge/linux-64/libhwloc-2.9.0-hd6dc26d_0.conda#ab9d052373c9376c0ebcff4dfef3d296
https://conda.anaconda.org/conda-forge/linux-64/liblapack-3.9.0-16_linux64_openblas.tar.bz2#955d993f41f9354bf753d29864ea20ad
https://conda.anaconda.org/conda-forge/linux-64/libthrift-0.18.0-h5e4af38_0.conda#46afa134d938663fbc8e66bb8ede5abe
https://conda.anaconda.org/conda-forge/linux-64/orc-1.8.2-hfdbbad2_2.conda#3a7319406d88f6ad2242f29e835ac707
https://conda.anaconda.org/conda-forge/linux-64/python-3.11.0-he550d4f_1_cpython.conda#8d14fc2aa12db370a443753c8230be1e
https://conda.anaconda.org/conda-forge/noarch/absl-py-1.4.0-pyhd8ed1ab_0.conda#dd5eed01874c75bebef810a2faec673e
https://conda.anaconda.org/conda-forge/noarch/appdirs-1.4.4-pyh9f0ad1d_0.tar.bz2#5f095bc6454094e96f146491fd03633b
https://conda.anaconda.org/conda-forge/noarch/attrs-22.2.0-pyh71513ae_0.conda#8b76db7818a4e401ed4486c4c1635cd9
https://conda.anaconda.org/conda-forge/linux-64/aws-c-event-stream-0.2.18-h75388cd_6.conda#601a837f78cf5b3ced342c90b62941e0
https://conda.anaconda.org/conda-forge/linux-64/aws-c-http-0.7.4-hf084cc8_2.conda#47c590773eb6cb435f4f4803dde49da0
https://conda.anaconda.org/conda-forge/noarch/blinker-1.5-pyhd8ed1ab_0.tar.bz2#f473c4e32d8180733ba5594d122cb637
https://conda.anaconda.org/conda-forge/noarch/cachetools-5.3.0-pyhd8ed1ab_0.conda#fd006afc4115740d8d52887ee813f262
https://conda.anaconda.org/conda-forge/noarch/cachy-0.3.0-pyhd8ed1ab_1.tar.bz2#5dfee17f24e2dfd18d7392b48c9351e2
https://conda.anaconda.org/conda-forge/noarch/certifi-2022.12.7-pyhd8ed1ab_0.conda#fb9addc3db06e56abe03e0e9f21a63e6
https://conda.anaconda.org/conda-forge/noarch/charset-normalizer-2.1.1-pyhd8ed1ab_0.tar.bz2#c1d5b294fbf9a795dec349a6f4d8be8e
https://conda.anaconda.org/conda-forge/noarch/click-8.1.3-unix_pyhd8ed1ab_2.tar.bz2#20e4087407c7cb04a40817114b333dbf
https://conda.anaconda.org/conda-forge/noarch/colorama-0.4.6-pyhd8ed1ab_0.tar.bz2#3faab06a954c2a04039983f2c4a50d99
https://conda.anaconda.org/conda-forge/noarch/crashtest-0.4.1-pyhd8ed1ab_0.tar.bz2#709a2295dd907bb34afb57d54320642f
https://conda.anaconda.org/conda-forge/noarch/dataclasses-0.8-pyhc8e2a94_3.tar.bz2#a362b2124b06aad102e2ee4581acee7d
https://conda.anaconda.org/conda-forge/linux-64/dbus-1.13.6-h5008d03_3.tar.bz2#ecfff944ba3960ecb334b9a2663d708d
https://conda.anaconda.org/conda-forge/noarch/dill-0.3.6-pyhd8ed1ab_1.tar.bz2#88c82ca702197fff8a5e87619707556b
https://conda.anaconda.org/conda-forge/noarch/distlib-0.3.6-pyhd8ed1ab_0.tar.bz2#b65b4d50dbd2d50fa0aeac367ec9eed7
https://conda.anaconda.org/conda-forge/noarch/filelock-3.9.0-pyhd8ed1ab_0.conda#1addc115923d646ca19ed90edc413506
https://conda.anaconda.org/conda-forge/linux-64/frozenlist-1.3.3-py311hd4cff14_0.tar.bz2#b81ebef162551d6cf909263695fd6d6b
https://conda.anaconda.org/conda-forge/noarch/fsspec-2023.1.0-pyhd8ed1ab_0.conda#44f6828b8f7cc3433d68d1d1c0e9add2
https://conda.anaconda.org/conda-forge/noarch/idna-3.4-pyhd8ed1ab_0.tar.bz2#34272b248891bddccc64479f9a7fffed
https://conda.anaconda.org/conda-forge/noarch/jeepney-0.8.0-pyhd8ed1ab_0.tar.bz2#9800ad1699b42612478755a2d26c722d
https://conda.anaconda.org/conda-forge/linux-64/libcurl-7.88.1-hdc1c0ab_0.conda#81eaeb3b35163c8e90e57532bc93754d
https://conda.anaconda.org/conda-forge/noarch/lockfile-0.12.2-py_1.tar.bz2#c104d98e09c47519950cffb8dd5b4f10
https://conda.anaconda.org/conda-forge/linux-64/loguru-0.6.0-py311h38be061_2.tar.bz2#8495a2a957bbeacad2c25f277f407f24
https://conda.anaconda.org/conda-forge/linux-64/magma-2.6.2-hc72dce7_0.tar.bz2#42fe5b74abb0386ed4722f4b634efcb5
https://conda.anaconda.org/conda-forge/linux-64/markupsafe-2.1.2-py311h2582759_0.conda#adb20bd57069614552adac60a020c36d
https://conda.anaconda.org/conda-forge/noarch/more-itertools-9.1.0-pyhd8ed1ab_0.conda#1698a717f83cfecf644a877c174c84bd
https://conda.anaconda.org/conda-forge/linux-64/msgpack-python-1.0.4-py311h4dd048b_1.tar.bz2#bead0c840170e53af42618434617ea45
https://conda.anaconda.org/conda-forge/linux-64/multidict-6.0.4-py311h2582759_0.conda#8f581c14b50f2df47a2c6bd8d230a579
https://conda.anaconda.org/conda-forge/noarch/mypy_extensions-1.0.0-pyha770c72_0.conda#4eccaeba205f0aed9ac3a9ea58568ca3
https://conda.anaconda.org/conda-forge/linux-64/numpy-1.24.2-py311h8e6699e_0.conda#90db8cc0dfa20853329bfc6642f887aa
https://conda.anaconda.org/conda-forge/noarch/packaging-23.0-pyhd8ed1ab_0.conda#1ff2e3ca41f0ce16afec7190db28288b
https://conda.anaconda.org/conda-forge/noarch/pastel-0.2.1-pyhd8ed1ab_0.tar.bz2#a4eea5bff523f26442405bc5d1f52adb
https://conda.anaconda.org/conda-forge/noarch/pathspec-0.11.0-pyhd8ed1ab_0.conda#641ebf6fbbb8d5576c5280ba23ceaf76
https://conda.anaconda.org/conda-forge/noarch/pathtools-0.1.2-py_1.tar.bz2#7c9b5632c61951216374dbaa34659301
https://conda.anaconda.org/conda-forge/noarch/pkginfo-1.9.6-pyhd8ed1ab_0.conda#be1e9f1c65a1ed0f2ae9352fec99db64
https://conda.anaconda.org/conda-forge/noarch/pluggy-1.0.0-pyhd8ed1ab_5.tar.bz2#7d301a0d25f424d96175f810935f0da9
https://conda.anaconda.org/conda-forge/linux-64/psutil-5.9.4-py311hd4cff14_0.tar.bz2#6fbda857a56adb4140bed339fbe0b801
https://conda.anaconda.org/conda-forge/noarch/pyasn1-0.4.8-py_0.tar.bz2#06d04c9f8f72ac77911db942eda24fb9
https://conda.anaconda.org/conda-forge/linux-64/pycosat-0.6.4-py311hd4cff14_1.tar.bz2#17399f8b68b4592f098ab18d4fdb0ac4
https://conda.anaconda.org/conda-forge/noarch/pycparser-2.21-pyhd8ed1ab_0.tar.bz2#076becd9e05608f8dc72757d5f3a91ff
https://conda.anaconda.org/conda-forge/noarch/pydeprecate-0.3.2-pyhd8ed1ab_0.tar.bz2#91226df80767b2e98a5aa1b4a98b7f9a
https://conda.anaconda.org/conda-forge/noarch/pyjwt-2.6.0-pyhd8ed1ab_0.tar.bz2#56d08bbebf5b3719ca2b1688fcfd98a4
https://conda.anaconda.org/conda-forge/noarch/pylev-1.4.0-pyhd8ed1ab_0.tar.bz2#edf8651c4379d9d1495ad6229622d150
https://conda.anaconda.org/conda-forge/noarch/pysocks-1.7.1-pyha2e5f31_6.tar.bz2#2a7de29fb590ca14b5243c4c812c8025
https://conda.anaconda.org/conda-forge/linux-64/python-xxhash-3.2.0-py311h2582759_0.conda#dfcc3e6e30d6ec2b2bb416fcd8ff4dc1
https://conda.anaconda.org/conda-forge/noarch/pytz-2022.7.1-pyhd8ed1ab_0.conda#f59d49a7b464901cf714b9e7984d01a2
https://conda.anaconda.org/conda-forge/linux-64/pyyaml-6.0-py311hd4cff14_5.tar.bz2#da8769492e423103c59f469f4f17f8d9
https://conda.anaconda.org/conda-forge/linux-64/regex-2022.10.31-py311hd4cff14_0.tar.bz2#3b56fbf4c06aacae3a8001d065a60f9f
https://conda.anaconda.org/conda-forge/linux-64/ruamel.yaml.clib-0.2.7-py311h2582759_1.conda#5e997292429a22ad50c11af0a2cb0f08
https://conda.anaconda.org/conda-forge/linux-64/setproctitle-1.3.2-py311hd4cff14_1.tar.bz2#42844caae102821e24bfc266eb75bcad
https://conda.anaconda.org/conda-forge/noarch/setuptools-67.4.0-pyhd8ed1ab_0.conda#c6f4b87020c72e2700e3e94c1fc93b70
https://conda.anaconda.org/conda-forge/noarch/six-1.16.0-pyh6c4a22f_0.tar.bz2#e5f25f8dbc060e9a8d912e432202afc2
https://conda.anaconda.org/conda-forge/noarch/smmap-3.0.5-pyh44b312d_0.tar.bz2#3a8dc70789709aa315325d5df06fb7e4
https://conda.anaconda.org/conda-forge/linux-64/tbb-2021.8.0-hf52228f_0.conda#b4188d0c54ead87b3c6bc9cb07281f40
https://conda.anaconda.org/conda-forge/linux-64/tensorboard-data-server-0.7.0-py311h9b4c7bb_0.conda#81e9a01b2a0a2d68825d427a1dd181c1
https://conda.anaconda.org/conda-forge/noarch/tensorboard-plugin-wit-1.8.1-pyhd8ed1ab_0.tar.bz2#0adae6ededf20046d74a3f9343269efd
https://conda.anaconda.org/conda-forge/linux-64/tokenizers-0.13.2-py311h1b04a43_0.conda#d44001a2251873da2f10066ee5694e76
https://conda.anaconda.org/conda-forge/noarch/tomli-2.0.1-pyhd8ed1ab_0.tar.bz2#5844808ffab9ebdb694585b50ba02a96
https://conda.anaconda.org/conda-forge/noarch/toolz-0.12.0-pyhd8ed1ab_0.tar.bz2#92facfec94bc02d6ccf42e7173831a36
https://conda.anaconda.org/conda-forge/noarch/typing-3.10.0.0-pyhd8ed1ab_0.tar.bz2#e6573ac68718f17b9d4f5c8eda3190f2
https://conda.anaconda.org/conda-forge/noarch/typing_extensions-4.4.0-pyha770c72_0.tar.bz2#2d93b130d148d7fc77e583677792fc6a
https://conda.anaconda.org/conda-forge/noarch/webencodings-0.5.1-py_1.tar.bz2#3563be4c5611a44210d9ba0c16113136
https://conda.anaconda.org/conda-forge/noarch/wheel-0.38.4-pyhd8ed1ab_0.tar.bz2#c829cfb8cb826acb9de0ac1a2df0a940
https://conda.anaconda.org/conda-forge/noarch/zipp-3.15.0-pyhd8ed1ab_0.conda#13018819ca8f5b7cc675a8faf1f5fedf
https://conda.anaconda.org/conda-forge/noarch/aiosignal-1.3.1-pyhd8ed1ab_0.tar.bz2#d1e1eb7e21a9e2c74279d87dafb68156
https://conda.anaconda.org/conda-forge/linux-64/aws-c-auth-0.6.24-h84a1944_5.conda#cdd1a7906b98d82fba61ff2cddeeb732
https://conda.anaconda.org/conda-forge/linux-64/aws-c-mqtt-0.8.6-hc41645a_6.conda#59484a3d1ff0b78d52267b9d36bea862
https://conda.anaconda.org/conda-forge/linux-64/cffi-1.15.1-py311h409f033_3.conda#9025d0786dbbe4bc91fd8e85502decce
https://conda.anaconda.org/conda-forge/noarch/click-default-group-1.2.2-pyhd8ed1ab_1.tar.bz2#72a46ffc25701c173932fd55cf0965d3
https://conda.anaconda.org/conda-forge/noarch/clikit-0.6.2-pyhd8ed1ab_2.conda#02abb7b66b02e8b9f5a9b05454400087
https://conda.anaconda.org/conda-forge/noarch/docker-pycreds-0.4.0-py_0.tar.bz2#c69f19038efee4eb534623610d0c2053
https://conda.anaconda.org/conda-forge/noarch/gitdb-4.0.10-pyhd8ed1ab_0.conda#3706d2f3d7cb5dae600c833345a76132
https://conda.anaconda.org/conda-forge/linux-64/grpcio-1.51.1-py311hbaf6091_1.conda#90c3636c9aac152ee314b8408ab2494c
https://conda.anaconda.org/conda-forge/noarch/html5lib-1.1-pyh9f0ad1d_0.tar.bz2#b2355343d6315c892543200231d7154a
https://conda.anaconda.org/conda-forge/noarch/importlib-metadata-6.0.0-pyha770c72_0.conda#691644becbcdca9f73243450b1c63e62
https://conda.anaconda.org/conda-forge/noarch/isort-5.12.0-pyhd8ed1ab_1.conda#07ed3421bad60867234c7a9282ea39d4
https://conda.anaconda.org/conda-forge/noarch/jaraco.classes-3.2.3-pyhd8ed1ab_0.tar.bz2#31e4a1506968d017229bdb64695013a1
https://conda.anaconda.org/conda-forge/noarch/jinja2-3.1.2-pyhd8ed1ab_1.tar.bz2#c8490ed5c70966d232fdd389d0dbed37
https://conda.anaconda.org/conda-forge/noarch/joblib-1.2.0-pyhd8ed1ab_0.tar.bz2#7583652522d71ad78ba536bba06940eb
https://conda.anaconda.org/conda-forge/linux-64/libgoogle-cloud-2.7.0-h21dfe5b_1.conda#7c2fcc58387a8c36bdadc1a59d969962
https://conda.anaconda.org/conda-forge/linux-64/libmamba-1.3.1-hcea66bb_1.conda#d7ead2e024ba2219d196d4be7539a246
https://conda.anaconda.org/conda-forge/linux-64/mkl-2022.2.1-h84fe81f_16997.conda#a7ce56d5757f5b57e7daabe703ade5bb
https://conda.anaconda.org/conda-forge/linux-64/multiprocess-0.70.14-py311hd4cff14_3.tar.bz2#d34def475e3fc214251ceb7cdcf486ec
https://conda.anaconda.org/conda-forge/noarch/pip-23.0.1-pyhd8ed1ab_0.conda#8025ca83b8ba5430b640b83917c2a6f7
https://conda.anaconda.org/conda-forge/linux-64/protobuf-4.21.12-py311hcafe171_0.conda#e50c8a6b26b30cc435a04391d654f572
https://conda.anaconda.org/conda-forge/noarch/pyasn1-modules-0.2.7-py_0.tar.bz2#ad1e886d09700b2304975335f714bd9c
https://conda.anaconda.org/conda-forge/noarch/python-dateutil-2.8.2-pyhd8ed1ab_0.tar.bz2#dd999d1cc9f79e67dbb855c8924c7984
https://conda.anaconda.org/conda-forge/noarch/pyu2f-0.1.5-pyhd8ed1ab_0.tar.bz2#caabbeaa83928d0c3e3949261daa18eb
https://conda.anaconda.org/conda-forge/noarch/rsa-4.9-pyhd8ed1ab_0.tar.bz2#03bf410858b2cefc267316408a77c436
https://conda.anaconda.org/conda-forge/linux-64/ruamel.yaml-0.17.21-py311hd4cff14_2.tar.bz2#1e3fa73ad16d9c64e8e3421861a49ec0
https://conda.anaconda.org/conda-forge/noarch/tomlkit-0.11.6-pyha770c72_0.tar.bz2#471bf9e605820b59988e830382b8d654
https://conda.anaconda.org/conda-forge/noarch/tqdm-4.64.1-pyhd8ed1ab_0.tar.bz2#5526ff3f88f9db87bb0924b9ce575345
https://conda.anaconda.org/conda-forge/noarch/typing-extensions-4.4.0-hd8ed1ab_0.tar.bz2#be969210b61b897775a0de63cd9e9026
https://conda.anaconda.org/conda-forge/noarch/werkzeug-2.2.3-pyhd8ed1ab_0.conda#94dea682ba9d8e091e1f46872886fb1f
https://conda.anaconda.org/conda-forge/linux-64/yarl-1.8.2-py311hd4cff14_0.conda#42c1455c6ccdb660f81e868675dae664
https://conda.anaconda.org/conda-forge/noarch/async-timeout-4.0.2-pyhd8ed1ab_0.tar.bz2#25e79f9a1133556671becbd65a170c78
https://conda.anaconda.org/conda-forge/linux-64/aws-c-s3-0.2.4-h1b8f470_3.conda#8b44f062a52e1480b35855147fdbec5d
https://conda.anaconda.org/conda-forge/linux-64/brotlipy-0.7.0-py311hd4cff14_1005.tar.bz2#9bdac7084ecfc08338bae1b976535724
https://conda.anaconda.org/conda-forge/linux-64/cryptography-39.0.1-py311h9b4c7bb_0.conda#ff2353701b1fb3055422ca0e927348d5
https://conda.anaconda.org/conda-forge/noarch/gitpython-3.1.31-pyhd8ed1ab_0.conda#f6e6b482110246a81c3f03e81c68752d
https://conda.anaconda.org/conda-forge/noarch/importlib_metadata-6.0.0-hd8ed1ab_0.conda#a67d43e1527a37199dd8db913366f68e
https://conda.anaconda.org/conda-forge/linux-64/libmambapy-1.3.1-py311h1f88262_1.conda#40c2aa2952bdf0d7b5f6f040c66b88bf
https://conda.anaconda.org/conda-forge/noarch/markdown-3.4.1-pyhd8ed1ab_0.tar.bz2#50d5bcf9693d8c1e7db6b1150b5c4ee5
https://conda.anaconda.org/conda-forge/linux-64/pandas-1.5.3-py311h2872171_0.conda#a129a2aa7f5c2f45808399d60c3080f2
https://conda.anaconda.org/conda-forge/noarch/platformdirs-3.0.0-pyhd8ed1ab_0.conda#c34694044915d7f291ef257029f2e2af
https://conda.anaconda.org/conda-forge/linux-64/pydantic-1.10.5-py311h2582759_0.conda#51845a9a81728ce0bbbdc39ade152b6b
https://conda.anaconda.org/conda-forge/linux-64/pytorch-1.13.1-cuda112py311h13fee9e_200.conda#1599083a4be8290db3ca994232ed9c0f
https://conda.anaconda.org/conda-forge/noarch/sacremoses-0.0.53-pyhd8ed1ab_0.tar.bz2#76c3c384fe0941f1b08193736e8e277a
https://conda.anaconda.org/conda-forge/linux-64/zstandard-0.19.0-py311hbe0fcd7_1.conda#1f48d127dd18240505cba632b67f7931
https://conda.anaconda.org/conda-forge/linux-64/aiohttp-3.8.4-py311h2582759_0.conda#0760bb979717fc0db601e34ede5fa4bc
https://conda.anaconda.org/conda-forge/linux-64/aws-crt-cpp-0.19.7-h0073717_7.conda#096f76d88df401433153e902b094da80
https://conda.anaconda.org/conda-forge/linux-64/black-23.1.0-py311h38be061_0.conda#c737160bd5ce6abee26abc6a9e8da79c
https://conda.anaconda.org/conda-forge/noarch/conda-package-streaming-0.7.0-pyhd8ed1ab_1.conda#1a2fa9e53cfbc2e4d9ab21990805a436
https://conda.anaconda.org/conda-forge/noarch/oauthlib-3.2.2-pyhd8ed1ab_0.tar.bz2#8f882b197fd9c4941a787926baea4868
https://conda.anaconda.org/conda-forge/noarch/pyopenssl-23.0.0-pyhd8ed1ab_0.conda#d41957700e83bbb925928764cb7f8878
https://conda.anaconda.org/conda-forge/linux-64/secretstorage-3.3.3-py311h38be061_1.tar.bz2#ec745aaae03cc47120c1f11ac7b7bcf5
https://conda.anaconda.org/conda-forge/noarch/torchmetrics-0.11.1-pyhd8ed1ab_0.conda#ec30dba3568e3ba505a350ef77ab8e71
https://conda.anaconda.org/conda-forge/noarch/virtualenv-20.20.0-pyhd8ed1ab_0.conda#a4c92707c28aafc95208c747db80fd3f
https://conda.anaconda.org/conda-forge/linux-64/aws-sdk-cpp-1.10.57-h4707e7a_4.conda#23f9ea2117a397cab8b08c25f46b678d
https://conda.anaconda.org/conda-forge/noarch/conda-package-handling-2.0.2-pyh38be061_0.conda#44800e9bd13143292097c65e57323038
https://conda.anaconda.org/conda-forge/linux-64/keyring-23.13.1-py311h38be061_0.conda#0dc0127b1daefefa5e2caa49dde5c230
https://conda.anaconda.org/conda-forge/noarch/urllib3-1.26.14-pyhd8ed1ab_0.conda#01f33ad2e0aaf6b5ba4add50dad5ad29
https://conda.anaconda.org/conda-forge/linux-64/libarrow-11.0.0-h2ebd325_5_cpu.conda#09f0cdfea2411c37e159c15a56fa0ee6
https://conda.anaconda.org/conda-forge/noarch/requests-2.28.2-pyhd8ed1ab_0.conda#11d178fc55199482ee48d6812ea83983
https://conda.anaconda.org/conda-forge/noarch/sentry-sdk-1.16.0-pyhd8ed1ab_0.conda#294a367fe15ebe67b5ad899371c4fb93
https://conda.anaconda.org/conda-forge/linux-64/arrow-cpp-11.0.0-ha770c72_5_cpu.conda#4b413a85018df6a3b30c42d422ade6b9
https://conda.anaconda.org/conda-forge/noarch/cachecontrol-0.12.11-pyhd8ed1ab_1.conda#e8f0410e0aa03342304357c5cc3bb75d
https://conda.anaconda.org/conda-forge/linux-64/conda-23.1.0-py311h38be061_0.conda#1702e6905322a0084ce25c60565c4578
https://conda.anaconda.org/conda-forge/noarch/ensureconda-1.4.3-pyhd8ed1ab_0.tar.bz2#c99ae3abf501990769047b4b40a98f17
https://conda.anaconda.org/conda-forge/noarch/google-auth-2.16.1-pyh1a96a4e_0.conda#77235e975f133a69c63068c4b42478f2
https://conda.anaconda.org/conda-forge/noarch/huggingface_hub-0.12.1-pyhd8ed1ab_0.conda#747011135c12142f3462fee77a8ee9db
https://conda.anaconda.org/conda-forge/noarch/requests-oauthlib-1.3.1-pyhd8ed1ab_0.tar.bz2#61b279f051eef9c89d58f4d813e75e04
https://conda.anaconda.org/conda-forge/noarch/responses-0.18.0-pyhd8ed1ab_0.tar.bz2#a10d30e613a2a1a78a89ceadf3832e7c
https://conda.anaconda.org/conda-forge/noarch/wandb-0.13.10-pyhd8ed1ab_0.conda#ee7c0d363e05f49f802e430c7782c567
https://conda.anaconda.org/conda-forge/noarch/cachecontrol-with-filecache-0.12.11-pyhd8ed1ab_1.conda#9df660456c0076d27b802448f7ede78f
https://conda.anaconda.org/conda-forge/noarch/google-auth-oauthlib-0.4.6-pyhd8ed1ab_0.tar.bz2#430db61bdfa0b37903ef73d84bcea2c9
https://conda.anaconda.org/conda-forge/linux-64/mamba-1.3.1-py311h3072747_1.conda#b28bc18f1d29e82e5b9123e0d72184bc
https://conda.anaconda.org/conda-forge/noarch/parquet-cpp-1.5.1-2.tar.bz2#79a5f78c42817594ae016a7896521a97
https://conda.anaconda.org/conda-forge/noarch/conda-lock-1.4.0-pyhd8ed1ab_2.conda#e9ecdfe3e7d4f76d67afd65b02a621a0
https://conda.anaconda.org/conda-forge/linux-64/pyarrow-11.0.0-py311hbdf6286_5_cpu.conda#611c8441c2e136170ce67bca06ffcac4
https://conda.anaconda.org/conda-forge/noarch/tensorboard-2.12.0-pyhd8ed1ab_0.conda#85ffba1f52f388eaa66628f9d19678ff
https://conda.anaconda.org/conda-forge/noarch/datasets-2.10.0-pyhd8ed1ab_0.conda#7e6748e81b5e1cc10a1c3ca229a2e1a5
https://conda.anaconda.org/conda-forge/noarch/pytorch-lightning-1.7.7-pyhd8ed1ab_0.tar.bz2#13cd25ba6a942cb7bd693493b16f2cef
https://conda.anaconda.org/conda-forge/noarch/transformers-4.26.1-pyhd8ed1ab_0.conda#9ee93d77d1f590045d0d1da2b499d504
# pip warmup-scheduler @ https://files.pythonhosted.org/packages/00/39/f77fb5a7a572891c1f4df1d8e1373a1380cb6d861933886334553244d002/warmup_scheduler-0.3.tar.gz#sha256=63624cf5010772252c530ceb1a64e3fd60e3ee54264054da389f1b421089b714
