# Generated by conda-lock.
# platform: osx-arm64
# input_hash: 604acbcf9d4b9f22c384eebbbea0962e59e53fe8aba8000d7a914d122a9e41c8
@EXPLICIT
https://conda.anaconda.org/conda-forge/osx-arm64/aws-c-common-0.6.2-h3422bc3_0.tar.bz2#e6c0dfc1c6e34241720983abb66ec35e
https://conda.anaconda.org/conda-forge/osx-arm64/bzip2-1.0.8-h3422bc3_4.tar.bz2#fc76ace7b94fb1f694988ab1b14dd248
https://conda.anaconda.org/conda-forge/osx-arm64/c-ares-1.18.1-h3422bc3_0.tar.bz2#5dd04dad345af4f1e8f3f0d5afc03b67
https://conda.anaconda.org/conda-forge/osx-arm64/ca-certificates-2022.9.24-h4653dfc_0.tar.bz2#5911a50099ce7b46f7f32e90dd4adffa
https://conda.anaconda.org/conda-forge/osx-arm64/libbrotlicommon-1.0.9-h1a8c8d9_8.tar.bz2#84eb0c3c995a865079080d092e4a3c06
https://conda.anaconda.org/conda-forge/osx-arm64/libcxx-14.0.6-h2692d47_0.tar.bz2#716c4b72ff3808ade65748fd9b49cc44
https://conda.anaconda.org/conda-forge/osx-arm64/libev-4.33-h642e427_1.tar.bz2#566dbf70fe79eacdb3c3d3d195a27f55
https://conda.anaconda.org/conda-forge/osx-arm64/libffi-3.4.2-h3422bc3_5.tar.bz2#086914b672be056eb70fd4285b6783b6
https://conda.anaconda.org/conda-forge/osx-arm64/libiconv-1.17-he4db4b2_0.tar.bz2#686f9c755574aa221f29fbcf36a67265
https://conda.anaconda.org/conda-forge/osx-arm64/libutf8proc-2.8.0-h1a8c8d9_0.tar.bz2#f8c9c41a122ab3abdf8943b13f4957ee
https://conda.anaconda.org/conda-forge/osx-arm64/libzlib-1.2.13-h03a7124_4.tar.bz2#780852dc54c4c07e64b276a97f89c162
https://conda.anaconda.org/conda-forge/osx-arm64/llvm-openmp-15.0.4-h7cfbb63_0.tar.bz2#e6d34798b9214bb21e8e93ba41881f93
https://conda.anaconda.org/conda-forge/osx-arm64/lzo-2.10-h642e427_1000.tar.bz2#ddab5f96f5573a9bd5e24f9994fd6ec9
https://conda.anaconda.org/conda-forge/osx-arm64/ncurses-6.3-h07bb92c_1.tar.bz2#db86e5a978380a13f5559f97afdfe99d
https://conda.anaconda.org/conda-forge/noarch/pybind11-abi-4-hd8ed1ab_3.tar.bz2#878f923dd6acc8aeb47a75da6c4098be
https://conda.anaconda.org/conda-forge/osx-arm64/reproc-14.2.3-h3422bc3_0.tar.bz2#3500a7ae8f24c46f6f430aea2437f4ab
https://conda.anaconda.org/conda-forge/noarch/tzdata-2022f-h191b570_0.tar.bz2#e366350e2343a798e29833286abe2560
https://conda.anaconda.org/conda-forge/osx-arm64/xxhash-0.8.0-h27ca646_3.tar.bz2#1381bac6ff5a74fdfaf817ce0a1986d2
https://conda.anaconda.org/conda-forge/osx-arm64/xz-5.2.6-h57fd34a_0.tar.bz2#39c6b54e94014701dd157f4f576ed211
https://conda.anaconda.org/conda-forge/osx-arm64/yaml-0.2.5-h3422bc3_2.tar.bz2#4bb3f014845110883a3c5ee811fd84b4
https://conda.anaconda.org/conda-forge/osx-arm64/aws-checksums-0.1.11-h487e1a8_7.tar.bz2#edf91bd9464b05ca9d29be2a730b9468
https://conda.anaconda.org/conda-forge/osx-arm64/fmt-9.1.0-hffc8910_0.tar.bz2#78c11e6b1e971d49e9610d856a845d2f
https://conda.anaconda.org/conda-forge/osx-arm64/gflags-2.2.2-hc88da5d_1004.tar.bz2#aab9ddfad863e9ef81229a1f8852211b
https://conda.anaconda.org/conda-forge/osx-arm64/icu-70.1-h6b3803e_0.tar.bz2#5fbe318a6be2e8d0f9b0b0c730a62748
https://conda.anaconda.org/conda-forge/osx-arm64/libabseil-20220623.0-cxx17_h28b99d4_5.tar.bz2#fdf3f2da5a26e19526a896436248a338
https://conda.anaconda.org/conda-forge/osx-arm64/libbrotlidec-1.0.9-h1a8c8d9_8.tar.bz2#640ea7b788cdd0420409bd8479f023f9
https://conda.anaconda.org/conda-forge/osx-arm64/libbrotlienc-1.0.9-h1a8c8d9_8.tar.bz2#572907b78be867937c258421bc0807a8
https://conda.anaconda.org/conda-forge/osx-arm64/libcrc32c-1.1.2-hbdafb3b_0.tar.bz2#32bd82a6a625ea6ce090a81c3d34edeb
https://conda.anaconda.org/conda-forge/osx-arm64/libedit-3.1.20191231-hc8eb9b7_2.tar.bz2#30e4362988a2623e9eb34337b83e01f9
https://conda.anaconda.org/conda-forge/osx-arm64/libgfortran5-11.3.0-hdaf2cc0_26.tar.bz2#6575414b7a31618f9fb65b7c56f6db75
https://conda.anaconda.org/conda-forge/osx-arm64/libprotobuf-3.21.9-hb5ab8b9_0.tar.bz2#ef1f96169027807c9004bf7bbd6fda57
https://conda.anaconda.org/conda-forge/osx-arm64/libsolv-0.7.22-h1280f1d_0.tar.bz2#1b124e4ecd5205405291d5dbcbf3b416
https://conda.anaconda.org/conda-forge/osx-arm64/libsqlite-3.39.4-h76d750c_0.tar.bz2#bc447b47695c18c7e018fe47f24c16a0
https://conda.anaconda.org/conda-forge/osx-arm64/lz4-c-1.9.3-hbdafb3b_1.tar.bz2#074b9beb2e563515c0dd46229b18d521
https://conda.anaconda.org/conda-forge/osx-arm64/openssl-1.1.1s-h03a7124_0.tar.bz2#6e61cf09c5be7b79063069792ba99386
https://conda.anaconda.org/conda-forge/osx-arm64/re2-2022.06.01-h9a09cb3_0.tar.bz2#179b7c650d011f9330fccd7c00d2b7d1
https://conda.anaconda.org/conda-forge/osx-arm64/readline-8.1.2-h46ed386_0.tar.bz2#dc790f296d94409efb3f22af84ee968d
https://conda.anaconda.org/conda-forge/osx-arm64/reproc-cpp-14.2.3-hbdafb3b_0.tar.bz2#7c08e56db2633102031e6dacdb45957d
https://conda.anaconda.org/conda-forge/osx-arm64/snappy-1.1.9-h17c5cce_2.tar.bz2#a0735d35df2c7146f49705c286502cef
https://conda.anaconda.org/conda-forge/osx-arm64/tk-8.6.12-he1e0b03_0.tar.bz2#2cb3d18eac154109107f093860bd545f
https://conda.anaconda.org/conda-forge/osx-arm64/yaml-cpp-0.7.0-hb7217d7_2.tar.bz2#1ba3d7af8b182ae33d49e4bb567076d3
https://conda.anaconda.org/conda-forge/osx-arm64/zlib-1.2.13-h03a7124_4.tar.bz2#34161cff4e29cc45e536abf2f13fd6b4
https://conda.anaconda.org/conda-forge/osx-arm64/zstd-1.5.2-h8128057_4.tar.bz2#dc4c74dcc759058dae2324144f336de0
https://conda.anaconda.org/conda-forge/osx-arm64/aws-c-cal-0.5.11-h4530763_0.tar.bz2#ce11646fafb17267c81d929ca42cdb5c
https://conda.anaconda.org/conda-forge/osx-arm64/glog-0.6.0-h6da1cb0_0.tar.bz2#5a570729c7709399cf8511aeeda6f989
https://conda.anaconda.org/conda-forge/osx-arm64/krb5-1.19.3-hf9b2bbe_0.tar.bz2#e6987ad4d068dfe9037280e239b3d5a9
https://conda.anaconda.org/conda-forge/osx-arm64/libevent-2.1.10-hbae9a57_4.tar.bz2#a1f2aca3c5999a24527d6f8a3a8e9320
https://conda.anaconda.org/conda-forge/osx-arm64/libgfortran-5.0.0-11_3_0_hd922786_26.tar.bz2#637cb10c3ffec46e0dd307177da1ab6b
https://conda.anaconda.org/conda-forge/osx-arm64/libgrpc-1.49.1-h503f348_1.tar.bz2#ccc11bfd907c859d0787169ae730a498
https://conda.anaconda.org/conda-forge/osx-arm64/libnghttp2-1.47.0-h232270b_1.tar.bz2#9d9fea2828fca831e59b049b7296b805
https://conda.anaconda.org/conda-forge/osx-arm64/libssh2-1.10.0-hb80f160_3.tar.bz2#60f87fd8eb881a4c8094824dd112140c
https://conda.anaconda.org/conda-forge/osx-arm64/libxml2-2.10.3-h87b0503_0.tar.bz2#35980b9d069648c553d9322bc89ecfbf
https://conda.anaconda.org/conda-forge/osx-arm64/orc-1.8.0-hef0d403_0.tar.bz2#e7e8c1556895bfec6b90612fb1a64c18
https://conda.anaconda.org/conda-forge/osx-arm64/python-3.10.6-hbce4517_0_cpython.tar.bz2#9bf37e75d2eaf4e0f2c8a4f63ac95ead
https://conda.anaconda.org/conda-forge/noarch/absl-py-1.3.0-pyhd8ed1ab_0.tar.bz2#968dbf9abb2db447630b5613a9a76e9e
https://conda.anaconda.org/conda-forge/noarch/appdirs-1.4.4-pyh9f0ad1d_0.tar.bz2#5f095bc6454094e96f146491fd03633b
https://conda.anaconda.org/conda-forge/noarch/attrs-22.1.0-pyh71513ae_1.tar.bz2#6d3ccbc56256204925bfa8378722792f
https://conda.anaconda.org/conda-forge/osx-arm64/aws-c-io-0.10.5-hea86ef8_0.tar.bz2#03d1eeb5706292ae6570456b98f38dcb
https://conda.anaconda.org/conda-forge/noarch/blinker-1.5-pyhd8ed1ab_0.tar.bz2#f473c4e32d8180733ba5594d122cb637
https://conda.anaconda.org/conda-forge/noarch/cachetools-5.2.0-pyhd8ed1ab_0.tar.bz2#c6653a1ed0c4a48ace64ab68a0bf9b27
https://conda.anaconda.org/conda-forge/noarch/cachy-0.3.0-pyhd8ed1ab_1.tar.bz2#5dfee17f24e2dfd18d7392b48c9351e2
https://conda.anaconda.org/conda-forge/noarch/certifi-2022.9.24-pyhd8ed1ab_0.tar.bz2#f66309b099374af91369e67e84af397d
https://conda.anaconda.org/conda-forge/noarch/charset-normalizer-2.1.1-pyhd8ed1ab_0.tar.bz2#c1d5b294fbf9a795dec349a6f4d8be8e
https://conda.anaconda.org/conda-forge/noarch/click-8.1.3-unix_pyhd8ed1ab_2.tar.bz2#20e4087407c7cb04a40817114b333dbf
https://conda.anaconda.org/conda-forge/noarch/colorama-0.4.6-pyhd8ed1ab_0.tar.bz2#3faab06a954c2a04039983f2c4a50d99
https://conda.anaconda.org/conda-forge/noarch/crashtest-0.3.1-pyhd8ed1ab_0.tar.bz2#b8477552274c1cfdb533e954c76523f1
https://conda.anaconda.org/conda-forge/noarch/dataclasses-0.8-pyhc8e2a94_3.tar.bz2#a362b2124b06aad102e2ee4581acee7d
https://conda.anaconda.org/conda-forge/noarch/dill-0.3.5.1-pyhd8ed1ab_0.tar.bz2#d713e993cf5e84bfe522ca1520b095b3
https://conda.anaconda.org/conda-forge/noarch/distlib-0.3.6-pyhd8ed1ab_0.tar.bz2#b65b4d50dbd2d50fa0aeac367ec9eed7
https://conda.anaconda.org/conda-forge/noarch/filelock-3.8.0-pyhd8ed1ab_0.tar.bz2#10f0218dbd493ab2e5dc6759ddea4526
https://conda.anaconda.org/conda-forge/noarch/fsspec-2022.11.0-pyhd8ed1ab_0.tar.bz2#eb919f2119a6db5d0192f9e9c3711572
https://conda.anaconda.org/conda-forge/noarch/idna-3.4-pyhd8ed1ab_0.tar.bz2#34272b248891bddccc64479f9a7fffed
https://conda.anaconda.org/conda-forge/osx-arm64/libarchive-3.5.2-h69ec738_3.tar.bz2#e3357079df0073fda1f020a49ae33c8c
https://conda.anaconda.org/conda-forge/osx-arm64/libcurl-7.86.0-hd538317_1.tar.bz2#64af094274984c756c18dbbe59327a45
https://conda.anaconda.org/conda-forge/osx-arm64/libopenblas-0.3.21-openmp_hc731615_3.tar.bz2#2a980a5d8cc34ce70d339b983f9920de
https://conda.anaconda.org/conda-forge/osx-arm64/libthrift-0.16.0-h1a74c4f_2.tar.bz2#8949545ae9641f7483a88abc3635b07a
https://conda.anaconda.org/conda-forge/noarch/more-itertools-9.0.0-pyhd8ed1ab_0.tar.bz2#9b6ad26944f19f599800b068e0582227
https://conda.anaconda.org/conda-forge/noarch/pastel-0.2.1-pyhd8ed1ab_0.tar.bz2#a4eea5bff523f26442405bc5d1f52adb
https://conda.anaconda.org/conda-forge/noarch/pathspec-0.10.2-pyhd8ed1ab_0.tar.bz2#4e88b9285fca81694005eda5d85b35b8
https://conda.anaconda.org/conda-forge/noarch/pathtools-0.1.2-py_1.tar.bz2#7c9b5632c61951216374dbaa34659301
https://conda.anaconda.org/conda-forge/noarch/pkginfo-1.8.3-pyhd8ed1ab_0.tar.bz2#0f2d0da112ff6fd76cc3ce038d72d2c9
https://conda.anaconda.org/conda-forge/noarch/platformdirs-2.5.2-pyhd8ed1ab_1.tar.bz2#2fb3f88922e7aec26ba652fcdfe13950
https://conda.anaconda.org/conda-forge/noarch/pyasn1-0.4.8-py_0.tar.bz2#06d04c9f8f72ac77911db942eda24fb9
https://conda.anaconda.org/conda-forge/noarch/pycparser-2.21-pyhd8ed1ab_0.tar.bz2#076becd9e05608f8dc72757d5f3a91ff
https://conda.anaconda.org/conda-forge/noarch/pydeprecate-0.3.2-pyhd8ed1ab_0.tar.bz2#91226df80767b2e98a5aa1b4a98b7f9a
https://conda.anaconda.org/conda-forge/noarch/pyjwt-2.6.0-pyhd8ed1ab_0.tar.bz2#56d08bbebf5b3719ca2b1688fcfd98a4
https://conda.anaconda.org/conda-forge/noarch/pylev-1.4.0-pyhd8ed1ab_0.tar.bz2#edf8651c4379d9d1495ad6229622d150
https://conda.anaconda.org/conda-forge/noarch/pyparsing-3.0.9-pyhd8ed1ab_0.tar.bz2#e8fbc1b54b25f4b08281467bc13b70cc
https://conda.anaconda.org/conda-forge/noarch/pysocks-1.7.1-pyha2e5f31_6.tar.bz2#2a7de29fb590ca14b5243c4c812c8025
https://conda.anaconda.org/conda-forge/osx-arm64/python_abi-3.10-2_cp310.tar.bz2#b14f70f943f726b5738da894a979356c
https://conda.anaconda.org/conda-forge/noarch/pytz-2022.6-pyhd8ed1ab_0.tar.bz2#b1f26ad83328e486910ef7f6e81dc061
https://conda.anaconda.org/conda-forge/noarch/setuptools-65.5.1-pyhd8ed1ab_0.tar.bz2#cfb8dc4d9d285ca5fb1177b9dd450e33
https://conda.anaconda.org/conda-forge/noarch/shortuuid-1.0.10-pyha770c72_0.tar.bz2#560875c38b65806e4d50186a596060de
https://conda.anaconda.org/conda-forge/noarch/six-1.16.0-pyh6c4a22f_0.tar.bz2#e5f25f8dbc060e9a8d912e432202afc2
https://conda.anaconda.org/conda-forge/noarch/smmap-3.0.5-pyh44b312d_0.tar.bz2#3a8dc70789709aa315325d5df06fb7e4
https://conda.anaconda.org/conda-forge/noarch/tensorboard-plugin-wit-1.8.1-pyhd8ed1ab_0.tar.bz2#0adae6ededf20046d74a3f9343269efd
https://conda.anaconda.org/conda-forge/noarch/tomli-2.0.1-pyhd8ed1ab_0.tar.bz2#5844808ffab9ebdb694585b50ba02a96
https://conda.anaconda.org/conda-forge/noarch/toolz-0.12.0-pyhd8ed1ab_0.tar.bz2#92facfec94bc02d6ccf42e7173831a36
https://conda.anaconda.org/conda-forge/noarch/typing-3.10.0.0-pyhd8ed1ab_0.tar.bz2#e6573ac68718f17b9d4f5c8eda3190f2
https://conda.anaconda.org/conda-forge/noarch/typing_extensions-4.4.0-pyha770c72_0.tar.bz2#2d93b130d148d7fc77e583677792fc6a
https://conda.anaconda.org/conda-forge/noarch/webencodings-0.5.1-py_1.tar.bz2#3563be4c5611a44210d9ba0c16113136
https://conda.anaconda.org/conda-forge/noarch/wheel-0.38.4-pyhd8ed1ab_0.tar.bz2#c829cfb8cb826acb9de0ac1a2df0a940
https://conda.anaconda.org/conda-forge/noarch/zipp-3.10.0-pyhd8ed1ab_0.tar.bz2#cd4eb48ebde7de61f92252979aab515c
https://conda.anaconda.org/conda-forge/osx-arm64/aws-c-event-stream-0.2.7-h9972306_13.tar.bz2#1aa327d20aec700b23809ce8c1da34cd
https://conda.anaconda.org/conda-forge/osx-arm64/cffi-1.15.1-py310h2399d43_2.tar.bz2#94a224ec0b08c6e141cba2ec36b7bf48
https://conda.anaconda.org/conda-forge/noarch/click-default-group-1.2.2-pyhd8ed1ab_1.tar.bz2#72a46ffc25701c173932fd55cf0965d3
https://conda.anaconda.org/conda-forge/noarch/clikit-0.6.2-pyh9f0ad1d_0.tar.bz2#159273f717a11e53b2656f8b6521a5e2
https://conda.anaconda.org/conda-forge/noarch/docker-pycreds-0.4.0-py_0.tar.bz2#c69f19038efee4eb534623610d0c2053
https://conda.anaconda.org/conda-forge/osx-arm64/frozenlist-1.3.3-py310h8e9501a_0.tar.bz2#6ba62caccbd2e41946c02c95c4225ac2
https://conda.anaconda.org/conda-forge/noarch/gitdb-4.0.9-pyhd8ed1ab_0.tar.bz2#40fc6b14a45dee3a3fd9f302d026108e
https://conda.anaconda.org/conda-forge/osx-arm64/grpcio-1.49.1-py310ha7689be_1.tar.bz2#615038c9453080cfb64095dfb78f1cbc
https://conda.anaconda.org/conda-forge/noarch/html5lib-1.1-pyh9f0ad1d_0.tar.bz2#b2355343d6315c892543200231d7154a
https://conda.anaconda.org/conda-forge/noarch/importlib-metadata-5.0.0-pyha770c72_1.tar.bz2#ec069c4db6a0ad84107bac5da62819d2
https://conda.anaconda.org/conda-forge/noarch/jaraco.classes-3.2.3-pyhd8ed1ab_0.tar.bz2#31e4a1506968d017229bdb64695013a1
https://conda.anaconda.org/conda-forge/noarch/joblib-1.2.0-pyhd8ed1ab_0.tar.bz2#7583652522d71ad78ba536bba06940eb
https://conda.anaconda.org/conda-forge/osx-arm64/libblas-3.9.0-16_osxarm64_openblas.tar.bz2#53d6d5097f0d62e24db8c1979a21102e
https://conda.anaconda.org/conda-forge/osx-arm64/libgoogle-cloud-2.3.0-hb5048ff_1.tar.bz2#a441494413ebd64ee7f43009391ef6a5
https://conda.anaconda.org/conda-forge/osx-arm64/libmamba-1.0.0-h85d17d7_2.tar.bz2#b4379ac256628d9ad5ef6279bfc1b484
https://conda.anaconda.org/conda-forge/osx-arm64/loguru-0.6.0-py310hbe9552e_2.tar.bz2#c83346d0286b782f9f0a3903624ad768
https://conda.anaconda.org/conda-forge/osx-arm64/markupsafe-2.1.1-py310h8e9501a_2.tar.bz2#0394823ce04bd22b81f360927b1df754
https://conda.anaconda.org/conda-forge/osx-arm64/msgpack-python-1.0.4-py310h2887b22_1.tar.bz2#cf6a39f19acf98d3b94f527627a2bd73
https://conda.anaconda.org/conda-forge/osx-arm64/multidict-6.0.2-py310h8e9501a_2.tar.bz2#5ad495ab3bcb3d8ff4abe2c936f141c2
https://conda.anaconda.org/conda-forge/osx-arm64/multiprocess-0.70.14-py310h8e9501a_2.tar.bz2#fcf6a2716f0c5c0d0f5644874de098ff
https://conda.anaconda.org/conda-forge/osx-arm64/mypy_extensions-0.4.3-py310hbe9552e_6.tar.bz2#6f56501f1bc5acf0348a588a560208fc
https://conda.anaconda.org/conda-forge/noarch/packaging-21.3-pyhd8ed1ab_0.tar.bz2#71f1ab2de48613876becddd496371c85
https://conda.anaconda.org/conda-forge/noarch/pip-22.3.1-pyhd8ed1ab_0.tar.bz2#da66f2851b9836d3a7c5190082a45f7d
https://conda.anaconda.org/conda-forge/osx-arm64/promise-2.3-py310hbe9552e_7.tar.bz2#507743f29c88011ef0a32fea85b4f576
https://conda.anaconda.org/conda-forge/osx-arm64/protobuf-4.21.9-py310h0f1eb42_0.tar.bz2#9fffc9531df5265ba98bd2f95befaf39
https://conda.anaconda.org/conda-forge/osx-arm64/psutil-5.9.4-py310h8e9501a_0.tar.bz2#52d937114e3f4bee66c78f04eaabeb77
https://conda.anaconda.org/conda-forge/noarch/pyasn1-modules-0.2.7-py_0.tar.bz2#ad1e886d09700b2304975335f714bd9c
https://conda.anaconda.org/conda-forge/osx-arm64/pycosat-0.6.4-py310h8e9501a_1.tar.bz2#a4fc977e05bd8a0be63bd96f8625df8f
https://conda.anaconda.org/conda-forge/noarch/python-dateutil-2.8.2-pyhd8ed1ab_0.tar.bz2#dd999d1cc9f79e67dbb855c8924c7984
https://conda.anaconda.org/conda-forge/osx-arm64/python-xxhash-3.0.0-py310h8e9501a_2.tar.bz2#3942f0d10fbad2c90fd5b21074d0d977
https://conda.anaconda.org/pytorch/osx-arm64/pytorch-1.13.0-py3.10_0.tar.bz2#c2346ec26f9d50635e011644c90da1e6
https://conda.anaconda.org/conda-forge/noarch/pyu2f-0.1.5-pyhd8ed1ab_0.tar.bz2#caabbeaa83928d0c3e3949261daa18eb
https://conda.anaconda.org/conda-forge/osx-arm64/pyyaml-6.0-py310h8e9501a_5.tar.bz2#51d03e61fad9a0703bece80e471e95d3
https://conda.anaconda.org/conda-forge/osx-arm64/regex-2022.10.31-py310h8e9501a_0.tar.bz2#84148e2e17915c6a071984bf3c408014
https://conda.anaconda.org/conda-forge/noarch/rsa-4.9-pyhd8ed1ab_0.tar.bz2#03bf410858b2cefc267316408a77c436
https://conda.anaconda.org/conda-forge/osx-arm64/ruamel.yaml.clib-0.2.7-py310h8e9501a_0.tar.bz2#9fb7305bb332b11d65ddfc0d1ca9040c
https://conda.anaconda.org/conda-forge/osx-arm64/ruamel_yaml-0.15.80-py310h8e9501a_1008.tar.bz2#9c7208545c0d37d806b016a28d07f1c5
https://conda.anaconda.org/conda-forge/osx-arm64/setproctitle-1.3.2-py310h8e9501a_1.tar.bz2#ecc8cb00be68070e379685b1f1e805a8
https://conda.anaconda.org/conda-forge/osx-arm64/tensorboard-data-server-0.6.0-py310h4fe9c50_3.tar.bz2#a10fad4312819e590244cfb88ff7ac91
https://conda.anaconda.org/conda-forge/osx-arm64/tokenizers-0.13.1-py310he8402e3_2.tar.bz2#069e98d7db7192a86a7f5fa01740159d
https://conda.anaconda.org/conda-forge/noarch/tomlkit-0.11.6-pyha770c72_0.tar.bz2#471bf9e605820b59988e830382b8d654
https://conda.anaconda.org/conda-forge/noarch/tqdm-4.64.1-pyhd8ed1ab_0.tar.bz2#5526ff3f88f9db87bb0924b9ce575345
https://conda.anaconda.org/conda-forge/noarch/typing-extensions-4.4.0-hd8ed1ab_0.tar.bz2#be969210b61b897775a0de63cd9e9026
https://conda.anaconda.org/conda-forge/osx-arm64/virtualenv-20.16.7-py310hbe9552e_0.tar.bz2#696006127a00910ac703941133d726c6
https://conda.anaconda.org/conda-forge/noarch/aiosignal-1.3.1-pyhd8ed1ab_0.tar.bz2#d1e1eb7e21a9e2c74279d87dafb68156
https://conda.anaconda.org/conda-forge/noarch/async-timeout-4.0.2-pyhd8ed1ab_0.tar.bz2#25e79f9a1133556671becbd65a170c78
https://conda.anaconda.org/conda-forge/osx-arm64/aws-sdk-cpp-1.8.186-h392f50b_4.tar.bz2#d27eeebe0e48c6c4cbd21a09f575f496
https://conda.anaconda.org/conda-forge/osx-arm64/black-22.10.0-py310hbe9552e_2.tar.bz2#dca7e58c2ee4bf1609aedb9ee513df80
https://conda.anaconda.org/conda-forge/osx-arm64/brotlipy-0.7.0-py310h8e9501a_1005.tar.bz2#0dfdc1c2e2fa6d9a1cee4798a9e9454d
https://conda.anaconda.org/conda-forge/osx-arm64/conda-package-handling-1.9.0-py310h8e9501a_1.tar.bz2#5f3543f10a3f1daf9106f787269c75ee
https://conda.anaconda.org/conda-forge/osx-arm64/cryptography-38.0.3-py310h4fe9c50_0.tar.bz2#3963d2ac396c37d458b87cad47a6c5c7
https://conda.anaconda.org/conda-forge/noarch/gitpython-3.1.29-pyhd8ed1ab_0.tar.bz2#8a65d15b1f37e21b683fc2080ba35593
https://conda.anaconda.org/conda-forge/noarch/importlib_metadata-5.0.0-hd8ed1ab_1.tar.bz2#ee3205c546fdeeaa45ae8d1e2325e13c
https://conda.anaconda.org/conda-forge/noarch/jinja2-3.1.2-pyhd8ed1ab_1.tar.bz2#c8490ed5c70966d232fdd389d0dbed37
https://conda.anaconda.org/conda-forge/osx-arm64/libcblas-3.9.0-16_osxarm64_openblas.tar.bz2#c7cfc18378f00d3faf7f8a9a2553be3c
https://conda.anaconda.org/conda-forge/osx-arm64/liblapack-3.9.0-16_osxarm64_openblas.tar.bz2#52d270c579bfca986d6cdd81eb5ed6e7
https://conda.anaconda.org/conda-forge/osx-arm64/libmambapy-1.0.0-py310h4aac58f_2.tar.bz2#59cae42131cf70f24419774425ea0068
https://conda.anaconda.org/conda-forge/noarch/markdown-3.4.1-pyhd8ed1ab_0.tar.bz2#50d5bcf9693d8c1e7db6b1150b5c4ee5
https://conda.anaconda.org/conda-forge/osx-arm64/pydantic-1.10.2-py310h8e9501a_1.tar.bz2#54d2d5b61428d5dcbb586c7444f47517
https://conda.anaconda.org/conda-forge/osx-arm64/ruamel.yaml-0.17.21-py310h8e9501a_2.tar.bz2#31f4d25f8b3833b289ff78fe74b3b6f2
https://conda.anaconda.org/conda-forge/noarch/sacremoses-0.0.53-pyhd8ed1ab_0.tar.bz2#76c3c384fe0941f1b08193736e8e277a
https://conda.anaconda.org/conda-forge/noarch/torchmetrics-0.10.2-pyhd8ed1ab_0.tar.bz2#445565e155feb1552e301701fe4185b0
https://conda.anaconda.org/conda-forge/noarch/werkzeug-2.2.2-pyhd8ed1ab_0.tar.bz2#8e69568592e552919201f730b01a58c2
https://conda.anaconda.org/conda-forge/osx-arm64/yarl-1.8.1-py310h8e9501a_0.tar.bz2#52246e6547b09ab6f2ed1ed0b95e1c47
https://conda.anaconda.org/conda-forge/osx-arm64/aiohttp-3.8.3-py310h8e9501a_1.tar.bz2#9c8b148d7353e1a45d94520307ce901a
https://conda.anaconda.org/conda-forge/osx-arm64/keyring-23.11.0-py310hbe9552e_0.tar.bz2#e095008de9f62f5bf192b813b2effee2
https://conda.anaconda.org/conda-forge/osx-arm64/numpy-1.23.4-py310h5d7c261_1.tar.bz2#3677600530b966e79276b00f253f08fc
https://conda.anaconda.org/conda-forge/noarch/oauthlib-3.2.2-pyhd8ed1ab_0.tar.bz2#8f882b197fd9c4941a787926baea4868
https://conda.anaconda.org/conda-forge/noarch/pyopenssl-22.1.0-pyhd8ed1ab_0.tar.bz2#fbfa0a180d48c800f922a10a114a8632
https://conda.anaconda.org/conda-forge/osx-arm64/arrow-cpp-9.0.0-py310heae1359_10_cpu.tar.bz2#5956d255ca68e3e138ea5362dfb65ef4
https://conda.anaconda.org/conda-forge/osx-arm64/pandas-1.5.1-py310h2b830bf_1.tar.bz2#d2749e5a8bb42ebcac096e4f1a425f88
https://conda.anaconda.org/conda-forge/noarch/urllib3-1.26.11-pyhd8ed1ab_0.tar.bz2#0738978569b10669bdef41c671252dd1
https://conda.anaconda.org/conda-forge/noarch/parquet-cpp-1.5.1-2.tar.bz2#79a5f78c42817594ae016a7896521a97
https://conda.anaconda.org/conda-forge/noarch/requests-2.28.1-pyhd8ed1ab_1.tar.bz2#089382ee0e2dc2eae33a04cc3c2bddb0
https://conda.anaconda.org/conda-forge/noarch/sentry-sdk-1.11.0-pyhd8ed1ab_0.tar.bz2#001507dede5988bd0c895aa7203c074d
https://conda.anaconda.org/conda-forge/noarch/cachecontrol-0.12.12-pyhd8ed1ab_1.tar.bz2#e4b40ac0d53e81ebf8892e3b3ca9c1cf
https://conda.anaconda.org/conda-forge/osx-arm64/conda-22.9.0-py310hbe9552e_2.tar.bz2#567fa4c8da712acd9145f0fb6a3bca81
https://conda.anaconda.org/conda-forge/noarch/ensureconda-1.4.3-pyhd8ed1ab_0.tar.bz2#c99ae3abf501990769047b4b40a98f17
https://conda.anaconda.org/conda-forge/noarch/google-auth-2.14.1-pyh1a96a4e_0.tar.bz2#464ba849a342fd8dc6e5a520c8b0a5af
https://conda.anaconda.org/conda-forge/noarch/huggingface_hub-0.10.1-pyhd8ed1ab_0.tar.bz2#d0331bb9ab766c8fa6e71da3be21efcc
https://conda.anaconda.org/conda-forge/osx-arm64/pyarrow-9.0.0-py310h6f68759_10_cpu.tar.bz2#156d48bebac05915e19fe9605054e97b
https://conda.anaconda.org/conda-forge/noarch/requests-oauthlib-1.3.1-pyhd8ed1ab_0.tar.bz2#61b279f051eef9c89d58f4d813e75e04
https://conda.anaconda.org/conda-forge/noarch/responses-0.18.0-pyhd8ed1ab_0.tar.bz2#a10d30e613a2a1a78a89ceadf3832e7c
https://conda.anaconda.org/conda-forge/noarch/wandb-0.13.5-pyhd8ed1ab_0.tar.bz2#010246e69d0a355cfaae73a1edb305c8
https://conda.anaconda.org/conda-forge/noarch/conda-lock-1.2.1-pyhd8ed1ab_1.tar.bz2#7b1dde4760c5c554523fead6c2771af2
https://conda.anaconda.org/conda-forge/noarch/datasets-2.6.1-pyhd8ed1ab_0.tar.bz2#57a239a06a056271f0e5dbe49aec3065
https://conda.anaconda.org/conda-forge/noarch/google-auth-oauthlib-0.4.6-pyhd8ed1ab_0.tar.bz2#430db61bdfa0b37903ef73d84bcea2c9
https://conda.anaconda.org/conda-forge/osx-arm64/mamba-1.0.0-py310h25b57eb_2.tar.bz2#f6bb5ab3fcb377ae4ee8ee9104c4add6
https://conda.anaconda.org/conda-forge/noarch/tensorboard-2.11.0-pyhd8ed1ab_0.tar.bz2#97c809d57e1c6f660ef181c6e39af547
https://conda.anaconda.org/conda-forge/noarch/transformers-4.24.0-pyhd8ed1ab_0.tar.bz2#875ee29e2e777897f0e5f94bbecad24d
https://conda.anaconda.org/conda-forge/noarch/pytorch-lightning-1.7.7-pyhd8ed1ab_0.tar.bz2#13cd25ba6a942cb7bd693493b16f2cef
# pip warmup-scheduler @ https://files.pythonhosted.org/packages/00/39/f77fb5a7a572891c1f4df1d8e1373a1380cb6d861933886334553244d002/warmup_scheduler-0.3.tar.gz#sha256=63624cf5010772252c530ceb1a64e3fd60e3ee54264054da389f1b421089b714
