# Generated by conda-lock.
# platform: linux-64
# input_hash: dec02fb727819619a7dd0be7dadaea651c66612def2f912c05b4c3a48b6ba15b
@EXPLICIT
https://conda.anaconda.org/conda-forge/linux-64/_libgcc_mutex-0.1-conda_forge.tar.bz2#d7c89558ba9fa0495403155b64376d81
https://conda.anaconda.org/conda-forge/linux-64/ca-certificates-2022.9.24-ha878542_0.tar.bz2#41e4e87062433e283696cf384f952ef6
https://conda.anaconda.org/nvidia/linux-64/cuda-cccl-11.7.91-0.tar.bz2#888a09675a8dbc5038e844b9cca428d2
https://conda.anaconda.org/nvidia/linux-64/cuda-cudart-11.7.99-0.tar.bz2#79859ac9109109826d77e5e2bbbe18b5
https://conda.anaconda.org/nvidia/linux-64/cuda-cuobjdump-11.7.91-0.tar.bz2#4a89dd35d20a02cf600705c625436559
https://conda.anaconda.org/nvidia/linux-64/cuda-cupti-11.7.101-0.tar.bz2#099e29408a247a0a50bc976dc5e716b0
https://conda.anaconda.org/nvidia/linux-64/cuda-cuxxfilt-11.7.91-0.tar.bz2#e29142e6b2afa1674bcf0138c6fafc8f
https://conda.anaconda.org/nvidia/linux-64/cuda-demo-suite-11.8.86-0.tar.bz2#07bdbd4de564326cc7c7677df92d5657
https://conda.anaconda.org/nvidia/linux-64/cuda-documentation-11.8.86-0.tar.bz2#f3d58829354915696a6cde600382684d
https://conda.anaconda.org/nvidia/linux-64/cuda-driver-dev-11.7.99-0.tar.bz2#937489506948ba750153f704d68ec825
https://conda.anaconda.org/nvidia/linux-64/cuda-gdb-11.8.86-0.tar.bz2#0190089d9f2d7f16d2daadbbba38b678
https://conda.anaconda.org/nvidia/linux-64/cuda-memcheck-11.8.86-0.tar.bz2#0d658b7c0e0799af3a981eff1c33771c
https://conda.anaconda.org/nvidia/linux-64/cuda-nsight-11.8.86-0.tar.bz2#f6395abb8428ada738738fd558eba798
https://conda.anaconda.org/nvidia/linux-64/cuda-nvcc-11.7.99-0.tar.bz2#219c03c3c3315401a32793007bd04fd8
https://conda.anaconda.org/nvidia/linux-64/cuda-nvdisasm-11.8.86-0.tar.bz2#47de8e90d674c06001a82c1e1502532a
https://conda.anaconda.org/nvidia/linux-64/cuda-nvml-dev-11.7.91-0.tar.bz2#02a0fff71f02071a85d582fc8cf8f9de
https://conda.anaconda.org/nvidia/linux-64/cuda-nvprof-11.8.87-0.tar.bz2#a58bfa5a7332b1b71ed88d555a2b934a
https://conda.anaconda.org/nvidia/linux-64/cuda-nvprune-11.7.91-0.tar.bz2#3c571bc0663a824a2fbd737effef3432
https://conda.anaconda.org/nvidia/linux-64/cuda-nvrtc-11.7.99-0.tar.bz2#f56ebbd9aa130d0fae45079d8bf76617
https://conda.anaconda.org/nvidia/linux-64/cuda-nvtx-11.7.91-0.tar.bz2#87381e82875d3b341e2d48a5c4d26e2b
https://conda.anaconda.org/nvidia/linux-64/cuda-sanitizer-api-11.8.86-0.tar.bz2#f0f85d83cfb619d64e4fb3d00bd6b52a
https://conda.anaconda.org/conda-forge/linux-64/ld_impl_linux-64-2.39-hc81fddc_0.tar.bz2#c2719e2faa7bd7076d3a4b52271e5622
https://conda.anaconda.org/nvidia/linux-64/libcublas-11.11.3.6-0.tar.bz2#7700a48c99151d2b77e7838aa0852da9
https://conda.anaconda.org/nvidia/linux-64/libcufft-10.9.0.58-0.tar.bz2#dbb21687334ce5f8e6a233cb18ee406b
https://conda.anaconda.org/nvidia/linux-64/libcufile-1.4.0.31-0.tar.bz2#eacba45944720ae98bea25f468a11ca7
https://conda.anaconda.org/nvidia/linux-64/libcurand-10.3.0.86-0.tar.bz2#e0358f66f787e409b29becd898d5983f
https://conda.anaconda.org/nvidia/linux-64/libcusolver-11.4.1.48-0.tar.bz2#a497123295be4e0bd221da5bf215f8b8
https://conda.anaconda.org/nvidia/linux-64/libcusparse-11.7.5.86-0.tar.bz2#853c37fabd07b5b91d3007afc82c3ed4
https://conda.anaconda.org/conda-forge/linux-64/libgfortran5-12.2.0-h337968e_19.tar.bz2#164b4b1acaedc47ee7e658ae6b308ca3
https://conda.anaconda.org/nvidia/linux-64/libnpp-11.8.0.86-0.tar.bz2#03822c4b5dae5988ba9dcb7eae837345
https://conda.anaconda.org/nvidia/linux-64/libnvjpeg-11.9.0.86-0.tar.bz2#e42d6f0f20feb0cba0165d5cae33362f
https://conda.anaconda.org/conda-forge/linux-64/libstdcxx-ng-12.2.0-h46fd767_19.tar.bz2#1030b1f38c129f2634eae026f704fe60
https://conda.anaconda.org/conda-forge/linux-64/mkl-include-2022.1.0-h84fe81f_915.tar.bz2#2dcd1acca05c11410d4494d7fc7dfa2a
https://conda.anaconda.org/nvidia/linux-64/nsight-compute-2022.3.0.22-0.tar.bz2#a438d9120c100bcac9eb166cebdd3023
https://conda.anaconda.org/conda-forge/noarch/pybind11-abi-4-hd8ed1ab_3.tar.bz2#878f923dd6acc8aeb47a75da6c4098be
https://conda.anaconda.org/pytorch/noarch/pytorch-mutex-1.0-cuda.tar.bz2#a948316e36fb5b11223b3fcfa93f8358
https://conda.anaconda.org/conda-forge/noarch/tzdata-2022f-h191b570_0.tar.bz2#e366350e2343a798e29833286abe2560
https://conda.anaconda.org/nvidia/linux-64/cuda-command-line-tools-11.7.1-0.tar.bz2#d38f402eb5fd87824dac55ce484a9e9e
https://conda.anaconda.org/nvidia/linux-64/cuda-compiler-11.7.1-0.tar.bz2#53b53a91dc5e2f190e0fc62f98cb7730
https://conda.anaconda.org/nvidia/linux-64/cuda-cudart-dev-11.7.99-0.tar.bz2#54468fd55ddbf39b7bb8408dfb08203f
https://conda.anaconda.org/nvidia/linux-64/cuda-libraries-11.7.1-0.tar.bz2#6fc99cc9d2e7d6d2da1c10c5e140ab8c
https://conda.anaconda.org/nvidia/linux-64/cuda-nsight-compute-11.8.0-0.tar.bz2#2321698a7ca3b20cc8a5fdcdcd9f8aae
https://conda.anaconda.org/nvidia/linux-64/cuda-nvrtc-dev-11.7.99-0.tar.bz2#ca8719682e3e81ad83b9aef3b1135327
https://conda.anaconda.org/nvidia/linux-64/cuda-nvvp-11.8.87-0.tar.bz2#e9df05575a736ab3c8f89853bdac736a
https://conda.anaconda.org/nvidia/linux-64/gds-tools-1.4.0.31-0.tar.bz2#94165b72994808d935d15cc3667100c9
https://conda.anaconda.org/nvidia/linux-64/libcublas-dev-11.11.3.6-0.tar.bz2#d2097d064d1437dbbcce39c3e8018a4e
https://conda.anaconda.org/nvidia/linux-64/libcufft-dev-10.9.0.58-0.tar.bz2#bd0ef1722efed6b4d689043a1bbd72fc
https://conda.anaconda.org/nvidia/linux-64/libcufile-dev-1.4.0.31-0.tar.bz2#a8dfd661b50be828ea8e58d6fdd01363
https://conda.anaconda.org/nvidia/linux-64/libcurand-dev-10.3.0.86-0.tar.bz2#5639b483c7c51ce2acb578444c0e10ce
https://conda.anaconda.org/nvidia/linux-64/libcusolver-dev-11.4.1.48-0.tar.bz2#eef8b2209666925de40dc52dc2bd0036
https://conda.anaconda.org/nvidia/linux-64/libcusparse-dev-11.7.5.86-0.tar.bz2#e0c8805b9b08087d1cce37bcc270a3e4
https://conda.anaconda.org/conda-forge/linux-64/libgfortran-ng-12.2.0-h69a702a_19.tar.bz2#cd7a806282c16e1f2d39a7e80d3a3e0d
https://conda.anaconda.org/nvidia/linux-64/libnpp-dev-11.8.0.86-0.tar.bz2#dde377399a27bb87e124db9c8b898e32
https://conda.anaconda.org/nvidia/linux-64/libnvjpeg-dev-11.9.0.86-0.tar.bz2#3fa3184a0180608546e54934be2e4a26
https://conda.anaconda.org/nvidia/linux-64/cuda-libraries-dev-11.7.1-0.tar.bz2#5319bb28ec6209b0460d0972cfefe592
https://conda.anaconda.org/nvidia/linux-64/cuda-runtime-11.7.1-0.tar.bz2#e88cf61af312d2621a0224d431be511b
https://conda.anaconda.org/nvidia/linux-64/cuda-visual-tools-11.7.1-0.tar.bz2#21755834c6fac8ee53c3b0aca2165373
https://conda.anaconda.org/nvidia/linux-64/cuda-tools-11.7.1-0.tar.bz2#bfd542b843d3ca415e5862879d283cf8
https://conda.anaconda.org/nvidia/linux-64/cuda-toolkit-11.7.1-0.tar.bz2#ba2ae968759a87b3cfd894b63c7c2201
https://conda.anaconda.org/nvidia/linux-64/cuda-11.7.1-0.tar.bz2#5e5463be30b8c06f2929767e33b2b715
https://conda.anaconda.org/pytorch/noarch/pytorch-cuda-11.7-h67b0de4_0.tar.bz2#ba87bf7c4126c2e9754c339643b8a58c
https://conda.anaconda.org/conda-forge/linux-64/_openmp_mutex-4.5-2_kmp_llvm.tar.bz2#562b26ba2e19059551a811e72ab7f793
https://conda.anaconda.org/conda-forge/linux-64/libgcc-ng-12.2.0-h65d4601_19.tar.bz2#e4c94f80aef025c17ab0828cd85ef535
https://conda.anaconda.org/conda-forge/linux-64/aws-c-common-0.6.2-h7f98852_0.tar.bz2#ce69a062b3080485b760378841240634
https://conda.anaconda.org/conda-forge/linux-64/bzip2-1.0.8-h7f98852_4.tar.bz2#a1fd65c7ccbf10880423d82bca54eb54
https://conda.anaconda.org/conda-forge/linux-64/c-ares-1.18.1-h7f98852_0.tar.bz2#f26ef8098fab1f719c91eb760d63381a
https://conda.anaconda.org/conda-forge/linux-64/expat-2.5.0-h27087fc_0.tar.bz2#c4fbad8d4bddeb3c085f18cbf97fbfad
https://conda.anaconda.org/conda-forge/linux-64/fmt-9.1.0-h924138e_0.tar.bz2#b57864c85261a0fbc7132d2cc17478c7
https://conda.anaconda.org/conda-forge/linux-64/gettext-0.21.1-h27087fc_0.tar.bz2#14947d8770185e5153fdd04d4673ed37
https://conda.anaconda.org/conda-forge/linux-64/gflags-2.2.2-he1b5a44_1004.tar.bz2#cddaf2c63ea4a5901cf09524c490ecdc
https://conda.anaconda.org/conda-forge/linux-64/icu-70.1-h27087fc_0.tar.bz2#87473a15119779e021c314249d4b4aed
https://conda.anaconda.org/conda-forge/linux-64/keyutils-1.6.1-h166bdaf_0.tar.bz2#30186d27e2c9fa62b45fb1476b7200e3
https://conda.anaconda.org/conda-forge/linux-64/libabseil-20220623.0-cxx17_h48a1fff_5.tar.bz2#ee147bfa0b7b0111d730cea710bd6642
https://conda.anaconda.org/conda-forge/linux-64/libbrotlicommon-1.0.9-h166bdaf_8.tar.bz2#9194c9bf9428035a05352d031462eae4
https://conda.anaconda.org/conda-forge/linux-64/libcrc32c-1.1.2-h9c3ff4c_0.tar.bz2#c965a5aa0d5c1c37ffc62dff36e28400
https://conda.anaconda.org/conda-forge/linux-64/libev-4.33-h516909a_1.tar.bz2#6f8720dff19e17ce5d48cfe7f3d2f0a3
https://conda.anaconda.org/conda-forge/linux-64/libffi-3.4.2-h7f98852_5.tar.bz2#d645c6d2ac96843a2bfaccd2d62b3ac3
https://conda.anaconda.org/conda-forge/linux-64/libiconv-1.17-h166bdaf_0.tar.bz2#b62b52da46c39ee2bc3c162ac7f1804d
https://conda.anaconda.org/conda-forge/linux-64/libnsl-2.0.0-h7f98852_0.tar.bz2#39b1328babf85c7c3a61636d9cd50206
https://conda.anaconda.org/conda-forge/linux-64/libutf8proc-2.8.0-h166bdaf_0.tar.bz2#ede4266dc02e875fe1ea77b25dd43747
https://conda.anaconda.org/conda-forge/linux-64/libuuid-2.32.1-h7f98852_1000.tar.bz2#772d69f030955d9646d3d0eaf21d859d
https://conda.anaconda.org/conda-forge/linux-64/libzlib-1.2.13-h166bdaf_4.tar.bz2#f3f9de449d32ca9b9c66a22863c96f41
https://conda.anaconda.org/conda-forge/linux-64/lz4-c-1.9.3-h9c3ff4c_1.tar.bz2#fbe97e8fa6f275d7c76a09e795adc3e6
https://conda.anaconda.org/conda-forge/linux-64/lzo-2.10-h516909a_1000.tar.bz2#bb14fcb13341b81d5eb386423b9d2bac
https://conda.anaconda.org/conda-forge/linux-64/ncurses-6.3-h27087fc_1.tar.bz2#4acfc691e64342b9dae57cf2adc63238
https://conda.anaconda.org/conda-forge/linux-64/openssl-1.1.1s-h166bdaf_0.tar.bz2#e17553617ce05787d97715177be014d1
https://conda.anaconda.org/conda-forge/linux-64/re2-2022.06.01-h27087fc_0.tar.bz2#23a0de2e0f5ee6d12adfef82771ed49c
https://conda.anaconda.org/conda-forge/linux-64/reproc-14.2.3-h7f98852_0.tar.bz2#1e16d4142b016b6a5ebdeb3d6d33aaf4
https://conda.anaconda.org/conda-forge/linux-64/snappy-1.1.9-hbd366e4_2.tar.bz2#48018e187dacc6002d3ede9c824238ac
https://conda.anaconda.org/conda-forge/linux-64/tbb-2021.6.0-h924138e_1.tar.bz2#9f37c25c6fd4edb1d090eac27fed7d49
https://conda.anaconda.org/conda-forge/linux-64/xxhash-0.8.0-h7f98852_3.tar.bz2#52402c791f35e414e704b7a113f99605
https://conda.anaconda.org/conda-forge/linux-64/xz-5.2.6-h166bdaf_0.tar.bz2#2161070d867d1b1204ea749c8eec4ef0
https://conda.anaconda.org/conda-forge/linux-64/yaml-0.2.5-h7f98852_2.tar.bz2#4cb3ad778ec2d5a7acbdf254eb1c42ae
https://conda.anaconda.org/conda-forge/linux-64/yaml-cpp-0.7.0-h27087fc_2.tar.bz2#0449d47d8457feaa3720d4779616dde2
https://conda.anaconda.org/conda-forge/linux-64/aws-c-cal-0.5.11-h95a6274_0.tar.bz2#d4e7b241fb22dd3d7be1171f813d5da3
https://conda.anaconda.org/conda-forge/linux-64/aws-checksums-0.1.11-ha31a3da_7.tar.bz2#2fdb96aaab883abc0766ff76c0a34483
https://conda.anaconda.org/conda-forge/linux-64/glog-0.6.0-h6f12383_0.tar.bz2#b31f3565cb84435407594e548a2fb7b2
https://conda.anaconda.org/conda-forge/linux-64/libbrotlidec-1.0.9-h166bdaf_8.tar.bz2#4ae4d7795d33e02bd20f6b23d91caf82
https://conda.anaconda.org/conda-forge/linux-64/libbrotlienc-1.0.9-h166bdaf_8.tar.bz2#04bac51ba35ea023dc48af73c1c88c25
https://conda.anaconda.org/conda-forge/linux-64/libedit-3.1.20191231-he28a2e2_2.tar.bz2#4d331e44109e3f0e19b4cb8f9b82f3e1
https://conda.anaconda.org/conda-forge/linux-64/libevent-2.1.10-h9b69904_4.tar.bz2#390026683aef81db27ff1b8570ca1336
https://conda.anaconda.org/conda-forge/linux-64/libnghttp2-1.47.0-hdcd2b5c_1.tar.bz2#6fe9e31c2b8d0b022626ccac13e6ca3c
https://conda.anaconda.org/conda-forge/linux-64/libprotobuf-3.21.9-h6239696_0.tar.bz2#86f5bd19f0e2823a08279f11a031afb7
https://conda.anaconda.org/conda-forge/linux-64/libsolv-0.7.22-h6239696_0.tar.bz2#461963bb499e58bae159a898600f8792
https://conda.anaconda.org/conda-forge/linux-64/libsqlite-3.39.4-h753d276_0.tar.bz2#978924c298fc2215f129e8171bbea688
https://conda.anaconda.org/conda-forge/linux-64/libssh2-1.10.0-haa6b8db_3.tar.bz2#89acee135f0809a18a1f4537390aa2dd
https://conda.anaconda.org/conda-forge/linux-64/libxml2-2.10.3-h7463322_0.tar.bz2#3b933ea47ef8f330c4c068af25fcd6a8
https://conda.anaconda.org/conda-forge/linux-64/llvm-openmp-15.0.4-he0ac6c6_0.tar.bz2#9adb9d2c79aafd1176b2cafaa5b03b0b
https://conda.anaconda.org/conda-forge/linux-64/pcre2-10.40-hc3806b6_0.tar.bz2#69e2c796349cd9b273890bee0febfe1b
https://conda.anaconda.org/conda-forge/linux-64/readline-8.1.2-h0f457ee_0.tar.bz2#db2ebbe2943aae81ed051a6a9af8e0fa
https://conda.anaconda.org/conda-forge/linux-64/reproc-cpp-14.2.3-h9c3ff4c_0.tar.bz2#1fc15d3b393b62192d3eeade92b61610
https://conda.anaconda.org/conda-forge/linux-64/s2n-1.0.10-h9b69904_0.tar.bz2#9708c3ac26c20b4c4549cbe8fef937eb
https://conda.anaconda.org/conda-forge/linux-64/tk-8.6.12-h27826a3_0.tar.bz2#5b8c42eb62e9fc961af70bdd6a26e168
https://conda.anaconda.org/conda-forge/linux-64/zlib-1.2.13-h166bdaf_4.tar.bz2#4b11e365c0275b808be78b30f904e295
https://conda.anaconda.org/conda-forge/linux-64/zstd-1.5.2-h6239696_4.tar.bz2#adcf0be7897e73e312bd24353b613f74
https://conda.anaconda.org/conda-forge/linux-64/aws-c-io-0.10.5-hfb6a706_0.tar.bz2#47d6b88b0c42a8c9877f3993b49f052d
https://conda.anaconda.org/conda-forge/linux-64/krb5-1.19.3-h3790be6_0.tar.bz2#7d862b05445123144bec92cb1acc8ef8
https://conda.anaconda.org/conda-forge/linux-64/libarchive-3.5.2-hb890918_3.tar.bz2#5b28408cfb6d2026ae7f2e7cb963f71a
https://conda.anaconda.org/conda-forge/linux-64/libglib-2.74.1-h606061b_1.tar.bz2#ed5349aa96776e00b34eccecf4a948fe
https://conda.anaconda.org/conda-forge/linux-64/libgrpc-1.49.1-h05bd8bd_1.tar.bz2#bfba4edad98313fa8b209b575f9b5d53
https://conda.anaconda.org/conda-forge/linux-64/libthrift-0.16.0-h491838f_2.tar.bz2#9134d477d02ad9264c6ee359fa36702c
https://conda.anaconda.org/conda-forge/linux-64/mkl-2022.1.0-h84fe81f_915.tar.bz2#b9c8f925797a93dbff45e1626b025a6b
https://conda.anaconda.org/conda-forge/linux-64/orc-1.8.0-h09e0d61_0.tar.bz2#5264738eca92101d4a9ab744321ff111
https://conda.anaconda.org/conda-forge/linux-64/python-3.10.6-h582c2e5_0_cpython.tar.bz2#6f009f92084e84884d1dff862b85eb00
https://conda.anaconda.org/conda-forge/noarch/absl-py-1.3.0-pyhd8ed1ab_0.tar.bz2#968dbf9abb2db447630b5613a9a76e9e
https://conda.anaconda.org/conda-forge/noarch/appdirs-1.4.4-pyh9f0ad1d_0.tar.bz2#5f095bc6454094e96f146491fd03633b
https://conda.anaconda.org/conda-forge/noarch/attrs-22.1.0-pyh71513ae_1.tar.bz2#6d3ccbc56256204925bfa8378722792f
https://conda.anaconda.org/conda-forge/linux-64/aws-c-event-stream-0.2.7-h3541f99_13.tar.bz2#39768ba0fe69c241d54703a7f5e3119f
https://conda.anaconda.org/conda-forge/noarch/blinker-1.5-pyhd8ed1ab_0.tar.bz2#f473c4e32d8180733ba5594d122cb637
https://conda.anaconda.org/conda-forge/noarch/cachetools-5.2.0-pyhd8ed1ab_0.tar.bz2#c6653a1ed0c4a48ace64ab68a0bf9b27
https://conda.anaconda.org/conda-forge/noarch/cachy-0.3.0-pyhd8ed1ab_1.tar.bz2#5dfee17f24e2dfd18d7392b48c9351e2
https://conda.anaconda.org/conda-forge/noarch/certifi-2022.9.24-pyhd8ed1ab_0.tar.bz2#f66309b099374af91369e67e84af397d
https://conda.anaconda.org/conda-forge/noarch/charset-normalizer-2.1.1-pyhd8ed1ab_0.tar.bz2#c1d5b294fbf9a795dec349a6f4d8be8e
https://conda.anaconda.org/conda-forge/noarch/click-8.1.3-unix_pyhd8ed1ab_2.tar.bz2#20e4087407c7cb04a40817114b333dbf
https://conda.anaconda.org/conda-forge/noarch/colorama-0.4.6-pyhd8ed1ab_0.tar.bz2#3faab06a954c2a04039983f2c4a50d99
https://conda.anaconda.org/conda-forge/noarch/crashtest-0.3.1-pyhd8ed1ab_0.tar.bz2#b8477552274c1cfdb533e954c76523f1
https://conda.anaconda.org/conda-forge/noarch/dataclasses-0.8-pyhc8e2a94_3.tar.bz2#a362b2124b06aad102e2ee4581acee7d
https://conda.anaconda.org/conda-forge/linux-64/dbus-1.13.6-h5008d03_3.tar.bz2#ecfff944ba3960ecb334b9a2663d708d
https://conda.anaconda.org/conda-forge/noarch/dill-0.3.5.1-pyhd8ed1ab_0.tar.bz2#d713e993cf5e84bfe522ca1520b095b3
https://conda.anaconda.org/conda-forge/noarch/distlib-0.3.6-pyhd8ed1ab_0.tar.bz2#b65b4d50dbd2d50fa0aeac367ec9eed7
https://conda.anaconda.org/conda-forge/noarch/filelock-3.8.0-pyhd8ed1ab_0.tar.bz2#10f0218dbd493ab2e5dc6759ddea4526
https://conda.anaconda.org/conda-forge/noarch/fsspec-2022.11.0-pyhd8ed1ab_0.tar.bz2#eb919f2119a6db5d0192f9e9c3711572
https://conda.anaconda.org/conda-forge/noarch/idna-3.4-pyhd8ed1ab_0.tar.bz2#34272b248891bddccc64479f9a7fffed
https://conda.anaconda.org/conda-forge/noarch/jeepney-0.8.0-pyhd8ed1ab_0.tar.bz2#9800ad1699b42612478755a2d26c722d
https://conda.anaconda.org/conda-forge/linux-64/libblas-3.9.0-16_linux64_mkl.tar.bz2#85f61af03fd291dae33150ffe89dc09a
https://conda.anaconda.org/conda-forge/linux-64/libcurl-7.86.0-h7bff187_1.tar.bz2#5e5f33d81f31598d87f9b849f73c30e3
https://conda.anaconda.org/conda-forge/linux-64/mkl-devel-2022.1.0-ha770c72_916.tar.bz2#69ba49e445f87aea2cba343a71a35ca2
https://conda.anaconda.org/conda-forge/noarch/more-itertools-9.0.0-pyhd8ed1ab_0.tar.bz2#9b6ad26944f19f599800b068e0582227
https://conda.anaconda.org/conda-forge/noarch/pastel-0.2.1-pyhd8ed1ab_0.tar.bz2#a4eea5bff523f26442405bc5d1f52adb
https://conda.anaconda.org/conda-forge/noarch/pathspec-0.10.2-pyhd8ed1ab_0.tar.bz2#4e88b9285fca81694005eda5d85b35b8
https://conda.anaconda.org/conda-forge/noarch/pathtools-0.1.2-py_1.tar.bz2#7c9b5632c61951216374dbaa34659301
https://conda.anaconda.org/conda-forge/noarch/pkginfo-1.8.3-pyhd8ed1ab_0.tar.bz2#0f2d0da112ff6fd76cc3ce038d72d2c9
https://conda.anaconda.org/conda-forge/noarch/platformdirs-2.5.2-pyhd8ed1ab_1.tar.bz2#2fb3f88922e7aec26ba652fcdfe13950
https://conda.anaconda.org/conda-forge/noarch/pyasn1-0.4.8-py_0.tar.bz2#06d04c9f8f72ac77911db942eda24fb9
https://conda.anaconda.org/conda-forge/noarch/pycparser-2.21-pyhd8ed1ab_0.tar.bz2#076becd9e05608f8dc72757d5f3a91ff
https://conda.anaconda.org/conda-forge/noarch/pydeprecate-0.3.2-pyhd8ed1ab_0.tar.bz2#91226df80767b2e98a5aa1b4a98b7f9a
https://conda.anaconda.org/conda-forge/noarch/pyjwt-2.6.0-pyhd8ed1ab_0.tar.bz2#56d08bbebf5b3719ca2b1688fcfd98a4
https://conda.anaconda.org/conda-forge/noarch/pylev-1.4.0-pyhd8ed1ab_0.tar.bz2#edf8651c4379d9d1495ad6229622d150
https://conda.anaconda.org/conda-forge/noarch/pyparsing-3.0.9-pyhd8ed1ab_0.tar.bz2#e8fbc1b54b25f4b08281467bc13b70cc
https://conda.anaconda.org/conda-forge/noarch/pysocks-1.7.1-pyha2e5f31_6.tar.bz2#2a7de29fb590ca14b5243c4c812c8025
https://conda.anaconda.org/conda-forge/linux-64/python_abi-3.10-2_cp310.tar.bz2#9e7160cd0d865e98f6803f1fe15c8b61
https://conda.anaconda.org/conda-forge/noarch/pytz-2022.6-pyhd8ed1ab_0.tar.bz2#b1f26ad83328e486910ef7f6e81dc061
https://conda.anaconda.org/conda-forge/noarch/setuptools-65.5.1-pyhd8ed1ab_0.tar.bz2#cfb8dc4d9d285ca5fb1177b9dd450e33
https://conda.anaconda.org/conda-forge/noarch/shortuuid-1.0.10-pyha770c72_0.tar.bz2#560875c38b65806e4d50186a596060de
https://conda.anaconda.org/conda-forge/noarch/six-1.16.0-pyh6c4a22f_0.tar.bz2#e5f25f8dbc060e9a8d912e432202afc2
https://conda.anaconda.org/conda-forge/noarch/smmap-3.0.5-pyh44b312d_0.tar.bz2#3a8dc70789709aa315325d5df06fb7e4
https://conda.anaconda.org/conda-forge/noarch/tensorboard-plugin-wit-1.8.1-pyhd8ed1ab_0.tar.bz2#0adae6ededf20046d74a3f9343269efd
https://conda.anaconda.org/conda-forge/noarch/tomli-2.0.1-pyhd8ed1ab_0.tar.bz2#5844808ffab9ebdb694585b50ba02a96
https://conda.anaconda.org/conda-forge/noarch/toolz-0.12.0-pyhd8ed1ab_0.tar.bz2#92facfec94bc02d6ccf42e7173831a36
https://conda.anaconda.org/conda-forge/noarch/typing-3.10.0.0-pyhd8ed1ab_0.tar.bz2#e6573ac68718f17b9d4f5c8eda3190f2
https://conda.anaconda.org/conda-forge/noarch/typing_extensions-4.4.0-pyha770c72_0.tar.bz2#2d93b130d148d7fc77e583677792fc6a
https://conda.anaconda.org/conda-forge/noarch/webencodings-0.5.1-py_1.tar.bz2#3563be4c5611a44210d9ba0c16113136
https://conda.anaconda.org/conda-forge/noarch/wheel-0.38.4-pyhd8ed1ab_0.tar.bz2#c829cfb8cb826acb9de0ac1a2df0a940
https://conda.anaconda.org/conda-forge/noarch/zipp-3.10.0-pyhd8ed1ab_0.tar.bz2#cd4eb48ebde7de61f92252979aab515c
https://conda.anaconda.org/conda-forge/linux-64/aws-sdk-cpp-1.8.186-hecaee15_4.tar.bz2#e29dc8e8611b70cdfcc3139dba6e9001
https://conda.anaconda.org/conda-forge/linux-64/cffi-1.15.1-py310h255011f_2.tar.bz2#6bb8063dd08f9724c18744b0e040cfe2
https://conda.anaconda.org/conda-forge/noarch/click-default-group-1.2.2-pyhd8ed1ab_1.tar.bz2#72a46ffc25701c173932fd55cf0965d3
https://conda.anaconda.org/conda-forge/noarch/clikit-0.6.2-pyh9f0ad1d_0.tar.bz2#159273f717a11e53b2656f8b6521a5e2
https://conda.anaconda.org/conda-forge/noarch/docker-pycreds-0.4.0-py_0.tar.bz2#c69f19038efee4eb534623610d0c2053
https://conda.anaconda.org/conda-forge/linux-64/frozenlist-1.3.3-py310h5764c6d_0.tar.bz2#25e1626333f9a0646579a162e7b174ee
https://conda.anaconda.org/conda-forge/noarch/gitdb-4.0.9-pyhd8ed1ab_0.tar.bz2#40fc6b14a45dee3a3fd9f302d026108e
https://conda.anaconda.org/conda-forge/linux-64/grpcio-1.49.1-py310h5b20944_1.tar.bz2#987036d852325398f8801eb6c51ccd81
https://conda.anaconda.org/conda-forge/noarch/html5lib-1.1-pyh9f0ad1d_0.tar.bz2#b2355343d6315c892543200231d7154a
https://conda.anaconda.org/conda-forge/noarch/importlib-metadata-5.0.0-pyha770c72_1.tar.bz2#ec069c4db6a0ad84107bac5da62819d2
https://conda.anaconda.org/conda-forge/noarch/jaraco.classes-3.2.3-pyhd8ed1ab_0.tar.bz2#31e4a1506968d017229bdb64695013a1
https://conda.anaconda.org/conda-forge/noarch/joblib-1.2.0-pyhd8ed1ab_0.tar.bz2#7583652522d71ad78ba536bba06940eb
https://conda.anaconda.org/conda-forge/linux-64/libcblas-3.9.0-16_linux64_mkl.tar.bz2#361bf757b95488de76c4f123805742d3
https://conda.anaconda.org/conda-forge/linux-64/libgoogle-cloud-2.3.0-hcb5eced_1.tar.bz2#64de9e9d502aef39cd6b83505ecbaff5
https://conda.anaconda.org/conda-forge/linux-64/liblapack-3.9.0-16_linux64_mkl.tar.bz2#a2f166748917d6d6e4707841ca1f519e
https://conda.anaconda.org/conda-forge/linux-64/libmamba-1.0.0-hb5f4133_2.tar.bz2#9d0f75e785dd724924a97f172ea297e2
https://conda.anaconda.org/conda-forge/linux-64/loguru-0.6.0-py310hff52083_2.tar.bz2#63995a6d7323a83eb1c9cbde5a8435e6
https://conda.anaconda.org/conda-forge/linux-64/markupsafe-2.1.1-py310h5764c6d_2.tar.bz2#2d7028ea2a77f909931e1a173d952261
https://conda.anaconda.org/conda-forge/linux-64/msgpack-python-1.0.4-py310hbf28c38_1.tar.bz2#1fa34c9e9be72b7e4c3c9b95017463a3
https://conda.anaconda.org/conda-forge/linux-64/multidict-6.0.2-py310h5764c6d_2.tar.bz2#b678e92157e6060ce1d911f162b77392
https://conda.anaconda.org/conda-forge/linux-64/multiprocess-0.70.14-py310h5764c6d_2.tar.bz2#89a3039cf813a657aa7997aedcb99f94
https://conda.anaconda.org/conda-forge/linux-64/mypy_extensions-0.4.3-py310hff52083_6.tar.bz2#58a812a2f042e6f8c027736c6464d2dd
https://conda.anaconda.org/conda-forge/noarch/packaging-21.3-pyhd8ed1ab_0.tar.bz2#71f1ab2de48613876becddd496371c85
https://conda.anaconda.org/conda-forge/noarch/pip-22.3.1-pyhd8ed1ab_0.tar.bz2#da66f2851b9836d3a7c5190082a45f7d
https://conda.anaconda.org/conda-forge/linux-64/promise-2.3-py310hff52083_7.tar.bz2#6752081708ecdc15fbe74adf4ec1522e
https://conda.anaconda.org/conda-forge/linux-64/protobuf-4.21.9-py310hd8f1fbe_0.tar.bz2#88d3381cf1062637b8ea664d033dcbea
https://conda.anaconda.org/conda-forge/linux-64/psutil-5.9.4-py310h5764c6d_0.tar.bz2#c3c55664e9becc48e6a652e2b641961f
https://conda.anaconda.org/conda-forge/noarch/pyasn1-modules-0.2.7-py_0.tar.bz2#ad1e886d09700b2304975335f714bd9c
https://conda.anaconda.org/conda-forge/linux-64/pycosat-0.6.4-py310h5764c6d_1.tar.bz2#0e565d732f6660374b45d76761c09b06
https://conda.anaconda.org/conda-forge/noarch/python-dateutil-2.8.2-pyhd8ed1ab_0.tar.bz2#dd999d1cc9f79e67dbb855c8924c7984
https://conda.anaconda.org/conda-forge/linux-64/python-xxhash-3.0.0-py310h5764c6d_2.tar.bz2#cce72b32ccc346ed166fc85071854a86
https://conda.anaconda.org/conda-forge/noarch/pyu2f-0.1.5-pyhd8ed1ab_0.tar.bz2#caabbeaa83928d0c3e3949261daa18eb
https://conda.anaconda.org/conda-forge/linux-64/pyyaml-6.0-py310h5764c6d_5.tar.bz2#9e68d2ff6d98737c855b65f48dd3c597
https://conda.anaconda.org/conda-forge/linux-64/regex-2022.10.31-py310h5764c6d_0.tar.bz2#8fad03b61d0e8a70f03115677cb55e61
https://conda.anaconda.org/conda-forge/noarch/rsa-4.9-pyhd8ed1ab_0.tar.bz2#03bf410858b2cefc267316408a77c436
https://conda.anaconda.org/conda-forge/linux-64/ruamel.yaml.clib-0.2.7-py310h5764c6d_0.tar.bz2#2dabb2fa2603a52d072ea6a50c539205
https://conda.anaconda.org/conda-forge/linux-64/ruamel_yaml-0.15.80-py310h5764c6d_1008.tar.bz2#f588192bd22fb64650ccb5781cd83fb0
https://conda.anaconda.org/conda-forge/linux-64/setproctitle-1.3.2-py310h5764c6d_1.tar.bz2#6e620355f64b5efdd1e5d0b79cbb6479
https://conda.anaconda.org/conda-forge/linux-64/tensorboard-data-server-0.6.0-py310h597c629_3.tar.bz2#b36f127ef354d0385f2795997625cd5f
https://conda.anaconda.org/conda-forge/linux-64/tokenizers-0.13.1-py310h3143118_2.tar.bz2#e96bda338febbf7b8b97e8c98a95f590
https://conda.anaconda.org/conda-forge/noarch/tomlkit-0.11.6-pyha770c72_0.tar.bz2#471bf9e605820b59988e830382b8d654
https://conda.anaconda.org/conda-forge/noarch/tqdm-4.64.1-pyhd8ed1ab_0.tar.bz2#5526ff3f88f9db87bb0924b9ce575345
https://conda.anaconda.org/conda-forge/noarch/typing-extensions-4.4.0-hd8ed1ab_0.tar.bz2#be969210b61b897775a0de63cd9e9026
https://conda.anaconda.org/conda-forge/linux-64/virtualenv-20.16.7-py310hff52083_0.tar.bz2#02600c102a32274e20fc0604ef35af3c
https://conda.anaconda.org/conda-forge/noarch/aiosignal-1.3.1-pyhd8ed1ab_0.tar.bz2#d1e1eb7e21a9e2c74279d87dafb68156
https://conda.anaconda.org/conda-forge/noarch/async-timeout-4.0.2-pyhd8ed1ab_0.tar.bz2#25e79f9a1133556671becbd65a170c78
https://conda.anaconda.org/conda-forge/linux-64/black-22.10.0-py310hff52083_2.tar.bz2#c43da26863510fafc154e41cc696617d
https://conda.anaconda.org/conda-forge/linux-64/brotlipy-0.7.0-py310h5764c6d_1005.tar.bz2#87669c3468dff637bbd0363bc0f895cf
https://conda.anaconda.org/conda-forge/linux-64/conda-package-handling-1.9.0-py310h5764c6d_1.tar.bz2#1b23ed7479259e9bb83bc4cf4b964e88
https://conda.anaconda.org/conda-forge/linux-64/cryptography-38.0.3-py310h597c629_0.tar.bz2#aa5aad596f9d5ef091364c4dad789094
https://conda.anaconda.org/conda-forge/noarch/gitpython-3.1.29-pyhd8ed1ab_0.tar.bz2#8a65d15b1f37e21b683fc2080ba35593
https://conda.anaconda.org/conda-forge/noarch/importlib_metadata-5.0.0-hd8ed1ab_1.tar.bz2#ee3205c546fdeeaa45ae8d1e2325e13c
https://conda.anaconda.org/conda-forge/noarch/jinja2-3.1.2-pyhd8ed1ab_1.tar.bz2#c8490ed5c70966d232fdd389d0dbed37
https://conda.anaconda.org/conda-forge/linux-64/liblapacke-3.9.0-16_linux64_mkl.tar.bz2#44ccc4d4dca6a8d57fa17442bc64b5a1
https://conda.anaconda.org/conda-forge/linux-64/libmambapy-1.0.0-py310h8078c61_2.tar.bz2#d97c61d301a75ca11c2ba1ff5dc89038
https://conda.anaconda.org/conda-forge/noarch/markdown-3.4.1-pyhd8ed1ab_0.tar.bz2#50d5bcf9693d8c1e7db6b1150b5c4ee5
https://conda.anaconda.org/conda-forge/linux-64/numpy-1.23.4-py310h53a5b5f_1.tar.bz2#0b7d4c8253f7191030adf34e2768c412
https://conda.anaconda.org/conda-forge/linux-64/pydantic-1.10.2-py310h5764c6d_1.tar.bz2#d666328dd06e3be9c1e541c5f499f895
https://conda.anaconda.org/conda-forge/linux-64/ruamel.yaml-0.17.21-py310h5764c6d_2.tar.bz2#93643151fba5c31c676effdd7661f075
https://conda.anaconda.org/conda-forge/noarch/sacremoses-0.0.53-pyhd8ed1ab_0.tar.bz2#76c3c384fe0941f1b08193736e8e277a
https://conda.anaconda.org/conda-forge/noarch/werkzeug-2.2.2-pyhd8ed1ab_0.tar.bz2#8e69568592e552919201f730b01a58c2
https://conda.anaconda.org/conda-forge/linux-64/yarl-1.8.1-py310h5764c6d_0.tar.bz2#95e2d4e81faee90a8c06744c8368c2ec
https://conda.anaconda.org/conda-forge/linux-64/aiohttp-3.8.3-py310h5764c6d_1.tar.bz2#7212b99b48dcdb1d384078d772227130
https://conda.anaconda.org/conda-forge/linux-64/arrow-cpp-9.0.0-py310h9d6e05a_10_cpu.tar.bz2#04a8071b69eb602d7f768ef3ea8ebff8
https://conda.anaconda.org/conda-forge/linux-64/blas-devel-3.9.0-16_linux64_mkl.tar.bz2#3f92c1c9e1c0e183462c5071aa02cae1
https://conda.anaconda.org/conda-forge/noarch/oauthlib-3.2.2-pyhd8ed1ab_0.tar.bz2#8f882b197fd9c4941a787926baea4868
https://conda.anaconda.org/conda-forge/linux-64/pandas-1.5.1-py310h769672d_1.tar.bz2#4dd589c55d445e52ef0a7102158254df
https://conda.anaconda.org/conda-forge/noarch/pyopenssl-22.1.0-pyhd8ed1ab_0.tar.bz2#fbfa0a180d48c800f922a10a114a8632
https://conda.anaconda.org/conda-forge/linux-64/secretstorage-3.3.3-py310hff52083_1.tar.bz2#e135d0e3bbb226e8d53d31b4e4f6d93c
https://conda.anaconda.org/conda-forge/linux-64/blas-2.116-mkl.tar.bz2#c196a26abf6b4f132c88828ab7c2231c
https://conda.anaconda.org/conda-forge/linux-64/keyring-23.11.0-py310hff52083_0.tar.bz2#1cc09aec47df38e68442c113f675c8e2
https://conda.anaconda.org/conda-forge/noarch/parquet-cpp-1.5.1-2.tar.bz2#79a5f78c42817594ae016a7896521a97
https://conda.anaconda.org/conda-forge/noarch/urllib3-1.26.11-pyhd8ed1ab_0.tar.bz2#0738978569b10669bdef41c671252dd1
https://conda.anaconda.org/conda-forge/linux-64/pyarrow-9.0.0-py310h225c066_10_cpu.tar.bz2#b1d18ba0f7d476def386f678aeb0aafc
https://conda.anaconda.org/pytorch/linux-64/pytorch-1.13.0-py3.10_cuda11.7_cudnn8.5.0_0.tar.bz2#84ad9f45a99964c6ac464de100612fd9
https://conda.anaconda.org/conda-forge/noarch/requests-2.28.1-pyhd8ed1ab_1.tar.bz2#089382ee0e2dc2eae33a04cc3c2bddb0
https://conda.anaconda.org/conda-forge/noarch/sentry-sdk-1.11.0-pyhd8ed1ab_0.tar.bz2#001507dede5988bd0c895aa7203c074d
https://conda.anaconda.org/conda-forge/noarch/cachecontrol-0.12.12-pyhd8ed1ab_1.tar.bz2#e4b40ac0d53e81ebf8892e3b3ca9c1cf
https://conda.anaconda.org/conda-forge/linux-64/conda-22.9.0-py310hff52083_2.tar.bz2#8d78ef95742dcd284e6a5ee99bb0659b
https://conda.anaconda.org/conda-forge/noarch/ensureconda-1.4.3-pyhd8ed1ab_0.tar.bz2#c99ae3abf501990769047b4b40a98f17
https://conda.anaconda.org/conda-forge/noarch/google-auth-2.14.1-pyh1a96a4e_0.tar.bz2#464ba849a342fd8dc6e5a520c8b0a5af
https://conda.anaconda.org/conda-forge/noarch/huggingface_hub-0.10.1-pyhd8ed1ab_0.tar.bz2#d0331bb9ab766c8fa6e71da3be21efcc
https://conda.anaconda.org/conda-forge/noarch/requests-oauthlib-1.3.1-pyhd8ed1ab_0.tar.bz2#61b279f051eef9c89d58f4d813e75e04
https://conda.anaconda.org/conda-forge/noarch/responses-0.18.0-pyhd8ed1ab_0.tar.bz2#a10d30e613a2a1a78a89ceadf3832e7c
https://conda.anaconda.org/conda-forge/noarch/torchmetrics-0.10.2-pyhd8ed1ab_0.tar.bz2#445565e155feb1552e301701fe4185b0
https://conda.anaconda.org/conda-forge/noarch/wandb-0.13.5-pyhd8ed1ab_0.tar.bz2#010246e69d0a355cfaae73a1edb305c8
https://conda.anaconda.org/conda-forge/noarch/conda-lock-1.2.1-pyhd8ed1ab_1.tar.bz2#7b1dde4760c5c554523fead6c2771af2
https://conda.anaconda.org/conda-forge/noarch/datasets-2.6.1-pyhd8ed1ab_0.tar.bz2#57a239a06a056271f0e5dbe49aec3065
https://conda.anaconda.org/conda-forge/noarch/google-auth-oauthlib-0.4.6-pyhd8ed1ab_0.tar.bz2#430db61bdfa0b37903ef73d84bcea2c9
https://conda.anaconda.org/conda-forge/linux-64/mamba-1.0.0-py310hf87f941_2.tar.bz2#9e01241d884d6b346be635f8e30b3f19
https://conda.anaconda.org/conda-forge/noarch/tensorboard-2.11.0-pyhd8ed1ab_0.tar.bz2#97c809d57e1c6f660ef181c6e39af547
https://conda.anaconda.org/conda-forge/noarch/transformers-4.24.0-pyhd8ed1ab_0.tar.bz2#875ee29e2e777897f0e5f94bbecad24d
https://conda.anaconda.org/conda-forge/noarch/pytorch-lightning-1.7.7-pyhd8ed1ab_0.tar.bz2#13cd25ba6a942cb7bd693493b16f2cef
# pip warmup-scheduler @ https://files.pythonhosted.org/packages/00/39/f77fb5a7a572891c1f4df1d8e1373a1380cb6d861933886334553244d002/warmup_scheduler-0.3.tar.gz#sha256=63624cf5010772252c530ceb1a64e3fd60e3ee54264054da389f1b421089b714
